<?xml version="1.0" encoding="utf-8"?>
<Project ToolsVersion="4.0" xmlns="http://schemas.microsoft.com/developer/msbuild/2003">
  <ItemGroup>
    <Filter Include="Source Files">
      <UniqueIdentifier>{4FC737F1-C7A5-4376-A066-2A32D752A2FF}</UniqueIdentifier>
      <Extensions>cpp;c;cc;cxx;c++;cppm;ixx;def;odl;idl;hpj;bat;asm;asmx</Extensions>
    </Filter>
    <Filter Include="Header Files">
      <UniqueIdentifier>{93995380-89BD-4b04-88EB-625FBE52EBFB}</UniqueIdentifier>
      <Extensions>h;hh;hpp;hxx;h++;hm;inl;inc;ipp;xsd</Extensions>
    </Filter>
    <Filter Include="Resource Files">
      <UniqueIdentifier>{67DA6AB6-F800-4c08-8B7A-83BB121AAD01}</UniqueIdentifier>
      <Extensions>rc;ico;cur;bmp;dlg;rc2;rct;bin;rgs;gif;jpg;jpeg;jpe;resx;tiff;tif;png;wav;mfcribbon-ms</Extensions>
    </Filter>
  </ItemGroup>
  <ItemGroup>
    <ClCompile Include="Modules-Cpp20-PCH.cpp">
      <Filter>Source Files</Filter>
    </ClCompile>
    <ClCompile Include="pch.cpp">
      <Filter>Source Files</Filter>
    </ClCompile>
    <ClCompile Include="Module001.cpp">
      <Filter>Source Files</Filter>
    </ClCompile>
    <ClCompile Include="Module001.ixx">
      <Filter>Source Files</Filter>
    </ClCompile>
    <ClCompile Include="Module002.cpp">
      <Filter>Source Files</Filter>
    </ClCompile>
    <ClCompile Include="Module002.ixx">
      <Filter>Source Files</Filter>
    </ClCompile>
    <ClCompile Include="Module003.cpp">
      <Filter>Source Files</Filter>
    </ClCompile>
    <ClCompile Include="Module003.ixx">
      <Filter>Source Files</Filter>
    </ClCompile>
    <ClCompile Include="Module004.cpp">
      <Filter>Source Files</Filter>
    </ClCompile>
    <ClCompile Include="Module004.ixx">
      <Filter>Source Files</Filter>
    </ClCompile>
    <ClCompile Include="Module005.cpp">
      <Filter>Source Files</Filter>
    </ClCompile>
    <ClCompile Include="Module005.ixx">
      <Filter>Source Files</Filter>
    </ClCompile>
    <ClCompile Include="Module006.cpp">
      <Filter>Source Files</Filter>
    </ClCompile>
    <ClCompile Include="Module006.ixx">
      <Filter>Source Files</Filter>
    </ClCompile>
    <ClCompile Include="Module007.cpp">
      <Filter>Source Files</Filter>
    </ClCompile>
    <ClCompile Include="Module007.ixx">
      <Filter>Source Files</Filter>
    </ClCompile>
    <ClCompile Include="Module008.cpp">
      <Filter>Source Files</Filter>
    </ClCompile>
    <ClCompile Include="Module008.ixx">
      <Filter>Source Files</Filter>
    </ClCompile>
    <ClCompile Include="Module009.cpp">
      <Filter>Source Files</Filter>
    </ClCompile>
    <ClCompile Include="Module009.ixx">
      <Filter>Source Files</Filter>
    </ClCompile>
    <ClCompile Include="Module010.cpp">
      <Filter>Source Files</Filter>
    </ClCompile>
    <ClCompile Include="Module010.ixx">
      <Filter>Source Files</Filter>
    </ClCompile>
    <ClCompile Include="Module011.cpp">
      <Filter>Source Files</Filter>
    </ClCompile>
    <ClCompile Include="Module011.ixx">
      <Filter>Source Files</Filter>
    </ClCompile>
    <ClCompile Include="Module012.cpp">
      <Filter>Source Files</Filter>
    </ClCompile>
    <ClCompile Include="Module012.ixx">
      <Filter>Source Files</Filter>
    </ClCompile>
    <ClCompile Include="Module013.cpp">
      <Filter>Source Files</Filter>
    </ClCompile>
    <ClCompile Include="Module013.ixx">
      <Filter>Source Files</Filter>
    </ClCompile>
    <ClCompile Include="Module014.cpp">
      <Filter>Source Files</Filter>
    </ClCompile>
    <ClCompile Include="Module014.ixx">
      <Filter>Source Files</Filter>
    </ClCompile>
    <ClCompile Include="Module015.cpp">
      <Filter>Source Files</Filter>
    </ClCompile>
    <ClCompile Include="Module015.ixx">
      <Filter>Source Files</Filter>
    </ClCompile>
    <ClCompile Include="Module016.cpp">
      <Filter>Source Files</Filter>
    </ClCompile>
    <ClCompile Include="Module016.ixx">
      <Filter>Source Files</Filter>
    </ClCompile>
    <ClCompile Include="Module017.cpp">
      <Filter>Source Files</Filter>
    </ClCompile>
    <ClCompile Include="Module017.ixx">
      <Filter>Source Files</Filter>
    </ClCompile>
    <ClCompile Include="Module018.cpp">
      <Filter>Source Files</Filter>
    </ClCompile>
    <ClCompile Include="Module018.ixx">
      <Filter>Source Files</Filter>
    </ClCompile>
    <ClCompile Include="Module019.cpp">
      <Filter>Source Files</Filter>
    </ClCompile>
    <ClCompile Include="Module019.ixx">
      <Filter>Source Files</Filter>
    </ClCompile>
    <ClCompile Include="Module020.cpp">
      <Filter>Source Files</Filter>
    </ClCompile>
    <ClCompile Include="Module020.ixx">
      <Filter>Source Files</Filter>
    </ClCompile>
    <ClCompile Include="Module021.cpp">
      <Filter>Source Files</Filter>
    </ClCompile>
    <ClCompile Include="Module021.ixx">
      <Filter>Source Files</Filter>
    </ClCompile>
    <ClCompile Include="Module022.cpp">
      <Filter>Source Files</Filter>
    </ClCompile>
    <ClCompile Include="Module022.ixx">
      <Filter>Source Files</Filter>
    </ClCompile>
    <ClCompile Include="Module023.cpp">
      <Filter>Source Files</Filter>
    </ClCompile>
    <ClCompile Include="Module023.ixx">
      <Filter>Source Files</Filter>
    </ClCompile>
    <ClCompile Include="Module024.cpp">
      <Filter>Source Files</Filter>
    </ClCompile>
    <ClCompile Include="Module024.ixx">
      <Filter>Source Files</Filter>
    </ClCompile>
    <ClCompile Include="Module025.cpp">
      <Filter>Source Files</Filter>
    </ClCompile>
    <ClCompile Include="Module025.ixx">
      <Filter>Source Files</Filter>
    </ClCompile>
    <ClCompile Include="Module026.cpp">
      <Filter>Source Files</Filter>
    </ClCompile>
    <ClCompile Include="Module026.ixx">
      <Filter>Source Files</Filter>
    </ClCompile>
    <ClCompile Include="Module027.cpp">
      <Filter>Source Files</Filter>
    </ClCompile>
    <ClCompile Include="Module027.ixx">
      <Filter>Source Files</Filter>
    </ClCompile>
    <ClCompile Include="Module028.cpp">
      <Filter>Source Files</Filter>
    </ClCompile>
    <ClCompile Include="Module028.ixx">
      <Filter>Source Files</Filter>
    </ClCompile>
    <ClCompile Include="Module029.cpp">
      <Filter>Source Files</Filter>
    </ClCompile>
    <ClCompile Include="Module029.ixx">
      <Filter>Source Files</Filter>
    </ClCompile>
    <ClCompile Include="Module030.cpp">
      <Filter>Source Files</Filter>
    </ClCompile>
    <ClCompile Include="Module030.ixx">
      <Filter>Source Files</Filter>
    </ClCompile>
    <ClCompile Include="Module031.cpp">
      <Filter>Source Files</Filter>
    </ClCompile>
    <ClCompile Include="Module031.ixx">
      <Filter>Source Files</Filter>
    </ClCompile>
    <ClCompile Include="Module032.cpp">
      <Filter>Source Files</Filter>
    </ClCompile>
    <ClCompile Include="Module032.ixx">
      <Filter>Source Files</Filter>
    </ClCompile>
    <ClCompile Include="Module033.cpp">
      <Filter>Source Files</Filter>
    </ClCompile>
    <ClCompile Include="Module033.ixx">
      <Filter>Source Files</Filter>
    </ClCompile>
    <ClCompile Include="Module034.cpp">
      <Filter>Source Files</Filter>
    </ClCompile>
    <ClCompile Include="Module034.ixx">
      <Filter>Source Files</Filter>
    </ClCompile>
    <ClCompile Include="Module035.cpp">
      <Filter>Source Files</Filter>
    </ClCompile>
    <ClCompile Include="Module035.ixx">
      <Filter>Source Files</Filter>
    </ClCompile>
    <ClCompile Include="Module036.cpp">
      <Filter>Source Files</Filter>
    </ClCompile>
    <ClCompile Include="Module036.ixx">
      <Filter>Source Files</Filter>
    </ClCompile>
    <ClCompile Include="Module037.cpp">
      <Filter>Source Files</Filter>
    </ClCompile>
    <ClCompile Include="Module037.ixx">
      <Filter>Source Files</Filter>
    </ClCompile>
    <ClCompile Include="Module038.cpp">
      <Filter>Source Files</Filter>
    </ClCompile>
    <ClCompile Include="Module038.ixx">
      <Filter>Source Files</Filter>
    </ClCompile>
    <ClCompile Include="Module039.cpp">
      <Filter>Source Files</Filter>
    </ClCompile>
    <ClCompile Include="Module039.ixx">
      <Filter>Source Files</Filter>
    </ClCompile>
    <ClCompile Include="Module040.cpp">
      <Filter>Source Files</Filter>
    </ClCompile>
    <ClCompile Include="Module040.ixx">
      <Filter>Source Files</Filter>
    </ClCompile>
    <ClCompile Include="Module041.cpp">
      <Filter>Source Files</Filter>
    </ClCompile>
    <ClCompile Include="Module041.ixx">
      <Filter>Source Files</Filter>
    </ClCompile>
    <ClCompile Include="Module042.cpp">
      <Filter>Source Files</Filter>
    </ClCompile>
    <ClCompile Include="Module042.ixx">
      <Filter>Source Files</Filter>
    </ClCompile>
    <ClCompile Include="Module043.cpp">
      <Filter>Source Files</Filter>
    </ClCompile>
    <ClCompile Include="Module043.ixx">
      <Filter>Source Files</Filter>
    </ClCompile>
    <ClCompile Include="Module044.cpp">
      <Filter>Source Files</Filter>
    </ClCompile>
    <ClCompile Include="Module044.ixx">
      <Filter>Source Files</Filter>
    </ClCompile>
    <ClCompile Include="Module045.cpp">
      <Filter>Source Files</Filter>
    </ClCompile>
    <ClCompile Include="Module045.ixx">
      <Filter>Source Files</Filter>
    </ClCompile>
    <ClCompile Include="Module046.cpp">
      <Filter>Source Files</Filter>
    </ClCompile>
    <ClCompile Include="Module046.ixx">
      <Filter>Source Files</Filter>
    </ClCompile>
    <ClCompile Include="Module047.cpp">
      <Filter>Source Files</Filter>
    </ClCompile>
    <ClCompile Include="Module047.ixx">
      <Filter>Source Files</Filter>
    </ClCompile>
    <ClCompile Include="Module048.cpp">
      <Filter>Source Files</Filter>
    </ClCompile>
    <ClCompile Include="Module048.ixx">
      <Filter>Source Files</Filter>
    </ClCompile>
    <ClCompile Include="Module049.cpp">
      <Filter>Source Files</Filter>
    </ClCompile>
    <ClCompile Include="Module049.ixx">
      <Filter>Source Files</Filter>
    </ClCompile>
    <ClCompile Include="Module050.cpp">
      <Filter>Source Files</Filter>
    </ClCompile>
    <ClCompile Include="Module050.ixx">
      <Filter>Source Files</Filter>
    </ClCompile>
    <ClCompile Include="Module051.cpp">
      <Filter>Source Files</Filter>
    </ClCompile>
    <ClCompile Include="Module051.ixx">
      <Filter>Source Files</Filter>
    </ClCompile>
    <ClCompile Include="Module052.cpp">
      <Filter>Source Files</Filter>
    </ClCompile>
    <ClCompile Include="Module052.ixx">
      <Filter>Source Files</Filter>
    </ClCompile>
    <ClCompile Include="Module053.cpp">
      <Filter>Source Files</Filter>
    </ClCompile>
    <ClCompile Include="Module053.ixx">
      <Filter>Source Files</Filter>
    </ClCompile>
    <ClCompile Include="Module054.cpp">
      <Filter>Source Files</Filter>
    </ClCompile>
    <ClCompile Include="Module054.ixx">
      <Filter>Source Files</Filter>
    </ClCompile>
    <ClCompile Include="Module055.cpp">
      <Filter>Source Files</Filter>
    </ClCompile>
    <ClCompile Include="Module055.ixx">
      <Filter>Source Files</Filter>
    </ClCompile>
    <ClCompile Include="Module056.cpp">
      <Filter>Source Files</Filter>
    </ClCompile>
    <ClCompile Include="Module056.ixx">
      <Filter>Source Files</Filter>
    </ClCompile>
    <ClCompile Include="Module057.cpp">
      <Filter>Source Files</Filter>
    </ClCompile>
    <ClCompile Include="Module057.ixx">
      <Filter>Source Files</Filter>
    </ClCompile>
    <ClCompile Include="Module058.cpp">
      <Filter>Source Files</Filter>
    </ClCompile>
    <ClCompile Include="Module058.ixx">
      <Filter>Source Files</Filter>
    </ClCompile>
    <ClCompile Include="Module059.cpp">
      <Filter>Source Files</Filter>
    </ClCompile>
    <ClCompile Include="Module059.ixx">
      <Filter>Source Files</Filter>
    </ClCompile>
    <ClCompile Include="Module060.cpp">
      <Filter>Source Files</Filter>
    </ClCompile>
    <ClCompile Include="Module060.ixx">
      <Filter>Source Files</Filter>
    </ClCompile>
    <ClCompile Include="Module061.cpp">
      <Filter>Source Files</Filter>
    </ClCompile>
    <ClCompile Include="Module061.ixx">
      <Filter>Source Files</Filter>
    </ClCompile>
    <ClCompile Include="Module062.cpp">
      <Filter>Source Files</Filter>
    </ClCompile>
    <ClCompile Include="Module062.ixx">
      <Filter>Source Files</Filter>
    </ClCompile>
    <ClCompile Include="Module063.cpp">
      <Filter>Source Files</Filter>
    </ClCompile>
    <ClCompile Include="Module063.ixx">
      <Filter>Source Files</Filter>
    </ClCompile>
    <ClCompile Include="Module064.cpp">
      <Filter>Source Files</Filter>
    </ClCompile>
    <ClCompile Include="Module064.ixx">
      <Filter>Source Files</Filter>
    </ClCompile>
    <ClCompile Include="Module065.cpp">
      <Filter>Source Files</Filter>
    </ClCompile>
    <ClCompile Include="Module065.ixx">
      <Filter>Source Files</Filter>
    </ClCompile>
    <ClCompile Include="Module066.cpp">
      <Filter>Source Files</Filter>
    </ClCompile>
    <ClCompile Include="Module066.ixx">
      <Filter>Source Files</Filter>
    </ClCompile>
    <ClCompile Include="Module067.cpp">
      <Filter>Source Files</Filter>
    </ClCompile>
    <ClCompile Include="Module067.ixx">
      <Filter>Source Files</Filter>
    </ClCompile>
    <ClCompile Include="Module068.cpp">
      <Filter>Source Files</Filter>
    </ClCompile>
    <ClCompile Include="Module068.ixx">
      <Filter>Source Files</Filter>
    </ClCompile>
    <ClCompile Include="Module069.cpp">
      <Filter>Source Files</Filter>
    </ClCompile>
    <ClCompile Include="Module069.ixx">
      <Filter>Source Files</Filter>
    </ClCompile>
    <ClCompile Include="Module070.cpp">
      <Filter>Source Files</Filter>
    </ClCompile>
    <ClCompile Include="Module070.ixx">
      <Filter>Source Files</Filter>
    </ClCompile>
    <ClCompile Include="Module071.cpp">
      <Filter>Source Files</Filter>
    </ClCompile>
    <ClCompile Include="Module071.ixx">
      <Filter>Source Files</Filter>
    </ClCompile>
    <ClCompile Include="Module072.cpp">
      <Filter>Source Files</Filter>
    </ClCompile>
    <ClCompile Include="Module072.ixx">
      <Filter>Source Files</Filter>
    </ClCompile>
    <ClCompile Include="Module073.cpp">
      <Filter>Source Files</Filter>
    </ClCompile>
    <ClCompile Include="Module073.ixx">
      <Filter>Source Files</Filter>
    </ClCompile>
    <ClCompile Include="Module074.cpp">
      <Filter>Source Files</Filter>
    </ClCompile>
    <ClCompile Include="Module074.ixx">
      <Filter>Source Files</Filter>
    </ClCompile>
    <ClCompile Include="Module075.cpp">
      <Filter>Source Files</Filter>
    </ClCompile>
    <ClCompile Include="Module075.ixx">
      <Filter>Source Files</Filter>
    </ClCompile>
    <ClCompile Include="Module076.cpp">
      <Filter>Source Files</Filter>
    </ClCompile>
    <ClCompile Include="Module076.ixx">
      <Filter>Source Files</Filter>
    </ClCompile>
    <ClCompile Include="Module077.cpp">
      <Filter>Source Files</Filter>
    </ClCompile>
    <ClCompile Include="Module077.ixx">
      <Filter>Source Files</Filter>
    </ClCompile>
    <ClCompile Include="Module078.cpp">
      <Filter>Source Files</Filter>
    </ClCompile>
    <ClCompile Include="Module078.ixx">
      <Filter>Source Files</Filter>
    </ClCompile>
    <ClCompile Include="Module079.cpp">
      <Filter>Source Files</Filter>
    </ClCompile>
    <ClCompile Include="Module079.ixx">
      <Filter>Source Files</Filter>
    </ClCompile>
    <ClCompile Include="Module080.cpp">
      <Filter>Source Files</Filter>
    </ClCompile>
    <ClCompile Include="Module080.ixx">
      <Filter>Source Files</Filter>
    </ClCompile>
    <ClCompile Include="Module081.cpp">
      <Filter>Source Files</Filter>
    </ClCompile>
    <ClCompile Include="Module081.ixx">
      <Filter>Source Files</Filter>
    </ClCompile>
    <ClCompile Include="Module082.cpp">
      <Filter>Source Files</Filter>
    </ClCompile>
    <ClCompile Include="Module082.ixx">
      <Filter>Source Files</Filter>
    </ClCompile>
    <ClCompile Include="Module083.cpp">
      <Filter>Source Files</Filter>
    </ClCompile>
    <ClCompile Include="Module083.ixx">
      <Filter>Source Files</Filter>
    </ClCompile>
    <ClCompile Include="Module084.cpp">
      <Filter>Source Files</Filter>
    </ClCompile>
    <ClCompile Include="Module084.ixx">
      <Filter>Source Files</Filter>
    </ClCompile>
    <ClCompile Include="Module085.cpp">
      <Filter>Source Files</Filter>
    </ClCompile>
    <ClCompile Include="Module085.ixx">
      <Filter>Source Files</Filter>
    </ClCompile>
    <ClCompile Include="Module086.cpp">
      <Filter>Source Files</Filter>
    </ClCompile>
    <ClCompile Include="Module086.ixx">
      <Filter>Source Files</Filter>
    </ClCompile>
    <ClCompile Include="Module087.cpp">
      <Filter>Source Files</Filter>
    </ClCompile>
    <ClCompile Include="Module087.ixx">
      <Filter>Source Files</Filter>
    </ClCompile>
    <ClCompile Include="Module088.cpp">
      <Filter>Source Files</Filter>
    </ClCompile>
    <ClCompile Include="Module088.ixx">
      <Filter>Source Files</Filter>
    </ClCompile>
    <ClCompile Include="Module089.cpp">
      <Filter>Source Files</Filter>
    </ClCompile>
    <ClCompile Include="Module089.ixx">
      <Filter>Source Files</Filter>
    </ClCompile>
    <ClCompile Include="Module090.cpp">
      <Filter>Source Files</Filter>
    </ClCompile>
    <ClCompile Include="Module090.ixx">
      <Filter>Source Files</Filter>
    </ClCompile>
    <ClCompile Include="Module091.cpp">
      <Filter>Source Files</Filter>
    </ClCompile>
    <ClCompile Include="Module091.ixx">
      <Filter>Source Files</Filter>
    </ClCompile>
    <ClCompile Include="Module092.cpp">
      <Filter>Source Files</Filter>
    </ClCompile>
    <ClCompile Include="Module092.ixx">
      <Filter>Source Files</Filter>
    </ClCompile>
    <ClCompile Include="Module093.cpp">
      <Filter>Source Files</Filter>
    </ClCompile>
    <ClCompile Include="Module093.ixx">
      <Filter>Source Files</Filter>
    </ClCompile>
    <ClCompile Include="Module094.cpp">
      <Filter>Source Files</Filter>
    </ClCompile>
    <ClCompile Include="Module094.ixx">
      <Filter>Source Files</Filter>
    </ClCompile>
    <ClCompile Include="Module095.cpp">
      <Filter>Source Files</Filter>
    </ClCompile>
    <ClCompile Include="Module095.ixx">
      <Filter>Source Files</Filter>
    </ClCompile>
    <ClCompile Include="Module096.cpp">
      <Filter>Source Files</Filter>
    </ClCompile>
    <ClCompile Include="Module096.ixx">
      <Filter>Source Files</Filter>
    </ClCompile>
    <ClCompile Include="Module097.cpp">
      <Filter>Source Files</Filter>
    </ClCompile>
    <ClCompile Include="Module097.ixx">
      <Filter>Source Files</Filter>
    </ClCompile>
    <ClCompile Include="Module098.cpp">
      <Filter>Source Files</Filter>
    </ClCompile>
    <ClCompile Include="Module098.ixx">
      <Filter>Source Files</Filter>
    </ClCompile>
    <ClCompile Include="Module099.cpp">
      <Filter>Source Files</Filter>
    </ClCompile>
    <ClCompile Include="Module099.ixx">
      <Filter>Source Files</Filter>
    </ClCompile>
    <ClCompile Include="Module100.cpp">
      <Filter>Source Files</Filter>
    </ClCompile>
    <ClCompile Include="Module100.ixx">
      <Filter>Source Files</Filter>
    </ClCompile>
    <ClCompile Include="Module101.cpp">
      <Filter>Source Files</Filter>
    </ClCompile>
    <ClCompile Include="Module101.ixx">
      <Filter>Source Files</Filter>
    </ClCompile>
    <ClCompile Include="Module102.cpp">
      <Filter>Source Files</Filter>
    </ClCompile>
    <ClCompile Include="Module102.ixx">
      <Filter>Source Files</Filter>
    </ClCompile>
    <ClCompile Include="Module103.cpp">
      <Filter>Source Files</Filter>
    </ClCompile>
    <ClCompile Include="Module103.ixx">
      <Filter>Source Files</Filter>
    </ClCompile>
    <ClCompile Include="Module104.cpp">
      <Filter>Source Files</Filter>
    </ClCompile>
    <ClCompile Include="Module104.ixx">
      <Filter>Source Files</Filter>
    </ClCompile>
    <ClCompile Include="Module105.cpp">
      <Filter>Source Files</Filter>
    </ClCompile>
    <ClCompile Include="Module105.ixx">
      <Filter>Source Files</Filter>
    </ClCompile>
    <ClCompile Include="Module106.cpp">
      <Filter>Source Files</Filter>
    </ClCompile>
    <ClCompile Include="Module106.ixx">
      <Filter>Source Files</Filter>
    </ClCompile>
    <ClCompile Include="Module107.cpp">
      <Filter>Source Files</Filter>
    </ClCompile>
    <ClCompile Include="Module107.ixx">
      <Filter>Source Files</Filter>
    </ClCompile>
    <ClCompile Include="Module108.cpp">
      <Filter>Source Files</Filter>
    </ClCompile>
    <ClCompile Include="Module108.ixx">
      <Filter>Source Files</Filter>
    </ClCompile>
    <ClCompile Include="Module109.cpp">
      <Filter>Source Files</Filter>
    </ClCompile>
    <ClCompile Include="Module109.ixx">
      <Filter>Source Files</Filter>
    </ClCompile>
    <ClCompile Include="Module110.cpp">
      <Filter>Source Files</Filter>
    </ClCompile>
    <ClCompile Include="Module110.ixx">
      <Filter>Source Files</Filter>
    </ClCompile>
    <ClCompile Include="Module111.cpp">
      <Filter>Source Files</Filter>
    </ClCompile>
    <ClCompile Include="Module111.ixx">
      <Filter>Source Files</Filter>
    </ClCompile>
    <ClCompile Include="Module112.cpp">
      <Filter>Source Files</Filter>
    </ClCompile>
    <ClCompile Include="Module112.ixx">
      <Filter>Source Files</Filter>
    </ClCompile>
    <ClCompile Include="Module113.cpp">
      <Filter>Source Files</Filter>
    </ClCompile>
    <ClCompile Include="Module113.ixx">
      <Filter>Source Files</Filter>
    </ClCompile>
    <ClCompile Include="Module114.cpp">
      <Filter>Source Files</Filter>
    </ClCompile>
    <ClCompile Include="Module114.ixx">
      <Filter>Source Files</Filter>
    </ClCompile>
    <ClCompile Include="Module115.cpp">
      <Filter>Source Files</Filter>
    </ClCompile>
    <ClCompile Include="Module115.ixx">
      <Filter>Source Files</Filter>
    </ClCompile>
    <ClCompile Include="Module116.cpp">
      <Filter>Source Files</Filter>
    </ClCompile>
    <ClCompile Include="Module116.ixx">
      <Filter>Source Files</Filter>
    </ClCompile>
    <ClCompile Include="Module117.cpp">
      <Filter>Source Files</Filter>
    </ClCompile>
    <ClCompile Include="Module117.ixx">
      <Filter>Source Files</Filter>
    </ClCompile>
    <ClCompile Include="Module118.cpp">
      <Filter>Source Files</Filter>
    </ClCompile>
    <ClCompile Include="Module118.ixx">
      <Filter>Source Files</Filter>
    </ClCompile>
    <ClCompile Include="Module119.cpp">
      <Filter>Source Files</Filter>
    </ClCompile>
    <ClCompile Include="Module119.ixx">
      <Filter>Source Files</Filter>
    </ClCompile>
    <ClCompile Include="Module120.cpp">
      <Filter>Source Files</Filter>
    </ClCompile>
    <ClCompile Include="Module120.ixx">
      <Filter>Source Files</Filter>
    </ClCompile>
    <ClCompile Include="Module121.cpp">
      <Filter>Source Files</Filter>
    </ClCompile>
    <ClCompile Include="Module121.ixx">
      <Filter>Source Files</Filter>
    </ClCompile>
    <ClCompile Include="Module122.cpp">
      <Filter>Source Files</Filter>
    </ClCompile>
    <ClCompile Include="Module122.ixx">
      <Filter>Source Files</Filter>
    </ClCompile>
    <ClCompile Include="Module123.cpp">
      <Filter>Source Files</Filter>
    </ClCompile>
    <ClCompile Include="Module123.ixx">
      <Filter>Source Files</Filter>
    </ClCompile>
    <ClCompile Include="Module124.cpp">
      <Filter>Source Files</Filter>
    </ClCompile>
    <ClCompile Include="Module124.ixx">
      <Filter>Source Files</Filter>
    </ClCompile>
    <ClCompile Include="Module125.cpp">
      <Filter>Source Files</Filter>
    </ClCompile>
    <ClCompile Include="Module125.ixx">
      <Filter>Source Files</Filter>
    </ClCompile>
    <ClCompile Include="Module126.cpp">
      <Filter>Source Files</Filter>
    </ClCompile>
    <ClCompile Include="Module126.ixx">
      <Filter>Source Files</Filter>
    </ClCompile>
    <ClCompile Include="Module127.cpp">
      <Filter>Source Files</Filter>
    </ClCompile>
    <ClCompile Include="Module127.ixx">
      <Filter>Source Files</Filter>
    </ClCompile>
    <ClCompile Include="Module128.cpp">
      <Filter>Source Files</Filter>
    </ClCompile>
    <ClCompile Include="Module128.ixx">
      <Filter>Source Files</Filter>
    </ClCompile>
    <ClCompile Include="Module129.cpp">
      <Filter>Source Files</Filter>
    </ClCompile>
    <ClCompile Include="Module129.ixx">
      <Filter>Source Files</Filter>
    </ClCompile>
    <ClCompile Include="Module130.cpp">
      <Filter>Source Files</Filter>
    </ClCompile>
    <ClCompile Include="Module130.ixx">
      <Filter>Source Files</Filter>
    </ClCompile>
    <ClCompile Include="Module131.cpp">
      <Filter>Source Files</Filter>
    </ClCompile>
    <ClCompile Include="Module131.ixx">
      <Filter>Source Files</Filter>
    </ClCompile>
    <ClCompile Include="Module132.cpp">
      <Filter>Source Files</Filter>
    </ClCompile>
    <ClCompile Include="Module132.ixx">
      <Filter>Source Files</Filter>
    </ClCompile>
    <ClCompile Include="Module133.cpp">
      <Filter>Source Files</Filter>
    </ClCompile>
    <ClCompile Include="Module133.ixx">
      <Filter>Source Files</Filter>
    </ClCompile>
    <ClCompile Include="Module134.cpp">
      <Filter>Source Files</Filter>
    </ClCompile>
    <ClCompile Include="Module134.ixx">
      <Filter>Source Files</Filter>
    </ClCompile>
    <ClCompile Include="Module135.cpp">
      <Filter>Source Files</Filter>
    </ClCompile>
    <ClCompile Include="Module135.ixx">
      <Filter>Source Files</Filter>
    </ClCompile>
    <ClCompile Include="Module136.cpp">
      <Filter>Source Files</Filter>
    </ClCompile>
    <ClCompile Include="Module136.ixx">
      <Filter>Source Files</Filter>
    </ClCompile>
    <ClCompile Include="Module137.cpp">
      <Filter>Source Files</Filter>
    </ClCompile>
    <ClCompile Include="Module137.ixx">
      <Filter>Source Files</Filter>
    </ClCompile>
    <ClCompile Include="Module138.cpp">
      <Filter>Source Files</Filter>
    </ClCompile>
    <ClCompile Include="Module138.ixx">
      <Filter>Source Files</Filter>
    </ClCompile>
    <ClCompile Include="Module139.cpp">
      <Filter>Source Files</Filter>
    </ClCompile>
    <ClCompile Include="Module139.ixx">
      <Filter>Source Files</Filter>
    </ClCompile>
    <ClCompile Include="Module140.cpp">
      <Filter>Source Files</Filter>
    </ClCompile>
    <ClCompile Include="Module140.ixx">
      <Filter>Source Files</Filter>
    </ClCompile>
    <ClCompile Include="Module141.cpp">
      <Filter>Source Files</Filter>
    </ClCompile>
    <ClCompile Include="Module141.ixx">
      <Filter>Source Files</Filter>
    </ClCompile>
    <ClCompile Include="Module142.cpp">
      <Filter>Source Files</Filter>
    </ClCompile>
    <ClCompile Include="Module142.ixx">
      <Filter>Source Files</Filter>
    </ClCompile>
    <ClCompile Include="Module143.cpp">
      <Filter>Source Files</Filter>
    </ClCompile>
    <ClCompile Include="Module143.ixx">
      <Filter>Source Files</Filter>
    </ClCompile>
    <ClCompile Include="Module144.cpp">
      <Filter>Source Files</Filter>
    </ClCompile>
    <ClCompile Include="Module144.ixx">
      <Filter>Source Files</Filter>
    </ClCompile>
    <ClCompile Include="Module145.cpp">
      <Filter>Source Files</Filter>
    </ClCompile>
    <ClCompile Include="Module145.ixx">
      <Filter>Source Files</Filter>
    </ClCompile>
    <ClCompile Include="Module146.cpp">
      <Filter>Source Files</Filter>
    </ClCompile>
    <ClCompile Include="Module146.ixx">
      <Filter>Source Files</Filter>
    </ClCompile>
    <ClCompile Include="Module147.cpp">
      <Filter>Source Files</Filter>
    </ClCompile>
    <ClCompile Include="Module147.ixx">
      <Filter>Source Files</Filter>
    </ClCompile>
    <ClCompile Include="Module148.cpp">
      <Filter>Source Files</Filter>
    </ClCompile>
    <ClCompile Include="Module148.ixx">
      <Filter>Source Files</Filter>
    </ClCompile>
    <ClCompile Include="Module149.cpp">
      <Filter>Source Files</Filter>
    </ClCompile>
    <ClCompile Include="Module149.ixx">
      <Filter>Source Files</Filter>
    </ClCompile>
    <ClCompile Include="Module150.cpp">
      <Filter>Source Files</Filter>
    </ClCompile>
    <ClCompile Include="Module150.ixx">
      <Filter>Source Files</Filter>
    </ClCompile>
    <ClCompile Include="Module151.cpp">
      <Filter>Source Files</Filter>
    </ClCompile>
    <ClCompile Include="Module151.ixx">
      <Filter>Source Files</Filter>
    </ClCompile>
    <ClCompile Include="Module152.cpp">
      <Filter>Source Files</Filter>
    </ClCompile>
    <ClCompile Include="Module152.ixx">
      <Filter>Source Files</Filter>
    </ClCompile>
    <ClCompile Include="Module153.cpp">
      <Filter>Source Files</Filter>
    </ClCompile>
    <ClCompile Include="Module153.ixx">
      <Filter>Source Files</Filter>
    </ClCompile>
    <ClCompile Include="Module154.cpp">
      <Filter>Source Files</Filter>
    </ClCompile>
    <ClCompile Include="Module154.ixx">
      <Filter>Source Files</Filter>
    </ClCompile>
    <ClCompile Include="Module155.cpp">
      <Filter>Source Files</Filter>
    </ClCompile>
    <ClCompile Include="Module155.ixx">
      <Filter>Source Files</Filter>
    </ClCompile>
    <ClCompile Include="Module156.cpp">
      <Filter>Source Files</Filter>
    </ClCompile>
    <ClCompile Include="Module156.ixx">
      <Filter>Source Files</Filter>
    </ClCompile>
    <ClCompile Include="Module157.cpp">
      <Filter>Source Files</Filter>
    </ClCompile>
    <ClCompile Include="Module157.ixx">
      <Filter>Source Files</Filter>
    </ClCompile>
    <ClCompile Include="Module158.cpp">
      <Filter>Source Files</Filter>
    </ClCompile>
    <ClCompile Include="Module158.ixx">
      <Filter>Source Files</Filter>
    </ClCompile>
    <ClCompile Include="Module159.cpp">
      <Filter>Source Files</Filter>
    </ClCompile>
    <ClCompile Include="Module159.ixx">
      <Filter>Source Files</Filter>
    </ClCompile>
    <ClCompile Include="Module160.cpp">
      <Filter>Source Files</Filter>
    </ClCompile>
    <ClCompile Include="Module160.ixx">
      <Filter>Source Files</Filter>
    </ClCompile>
    <ClCompile Include="Module161.cpp">
      <Filter>Source Files</Filter>
    </ClCompile>
    <ClCompile Include="Module161.ixx">
      <Filter>Source Files</Filter>
    </ClCompile>
    <ClCompile Include="Module162.cpp">
      <Filter>Source Files</Filter>
    </ClCompile>
    <ClCompile Include="Module162.ixx">
      <Filter>Source Files</Filter>
    </ClCompile>
    <ClCompile Include="Module163.cpp">
      <Filter>Source Files</Filter>
    </ClCompile>
    <ClCompile Include="Module163.ixx">
      <Filter>Source Files</Filter>
    </ClCompile>
    <ClCompile Include="Module164.cpp">
      <Filter>Source Files</Filter>
    </ClCompile>
    <ClCompile Include="Module164.ixx">
      <Filter>Source Files</Filter>
    </ClCompile>
    <ClCompile Include="Module165.cpp">
      <Filter>Source Files</Filter>
    </ClCompile>
    <ClCompile Include="Module165.ixx">
      <Filter>Source Files</Filter>
    </ClCompile>
    <ClCompile Include="Module166.cpp">
      <Filter>Source Files</Filter>
    </ClCompile>
    <ClCompile Include="Module166.ixx">
      <Filter>Source Files</Filter>
    </ClCompile>
    <ClCompile Include="Module167.cpp">
      <Filter>Source Files</Filter>
    </ClCompile>
    <ClCompile Include="Module167.ixx">
      <Filter>Source Files</Filter>
    </ClCompile>
    <ClCompile Include="Module168.cpp">
      <Filter>Source Files</Filter>
    </ClCompile>
    <ClCompile Include="Module168.ixx">
      <Filter>Source Files</Filter>
    </ClCompile>
    <ClCompile Include="Module169.cpp">
      <Filter>Source Files</Filter>
    </ClCompile>
    <ClCompile Include="Module169.ixx">
      <Filter>Source Files</Filter>
    </ClCompile>
    <ClCompile Include="Module170.cpp">
      <Filter>Source Files</Filter>
    </ClCompile>
    <ClCompile Include="Module170.ixx">
      <Filter>Source Files</Filter>
    </ClCompile>
    <ClCompile Include="Module171.cpp">
      <Filter>Source Files</Filter>
    </ClCompile>
    <ClCompile Include="Module171.ixx">
      <Filter>Source Files</Filter>
    </ClCompile>
    <ClCompile Include="Module172.cpp">
      <Filter>Source Files</Filter>
    </ClCompile>
    <ClCompile Include="Module172.ixx">
      <Filter>Source Files</Filter>
    </ClCompile>
    <ClCompile Include="Module173.cpp">
      <Filter>Source Files</Filter>
    </ClCompile>
    <ClCompile Include="Module173.ixx">
      <Filter>Source Files</Filter>
    </ClCompile>
    <ClCompile Include="Module174.cpp">
      <Filter>Source Files</Filter>
    </ClCompile>
    <ClCompile Include="Module174.ixx">
      <Filter>Source Files</Filter>
    </ClCompile>
    <ClCompile Include="Module175.cpp">
      <Filter>Source Files</Filter>
    </ClCompile>
    <ClCompile Include="Module175.ixx">
      <Filter>Source Files</Filter>
    </ClCompile>
    <ClCompile Include="Module176.cpp">
      <Filter>Source Files</Filter>
    </ClCompile>
    <ClCompile Include="Module176.ixx">
      <Filter>Source Files</Filter>
    </ClCompile>
    <ClCompile Include="Module177.cpp">
      <Filter>Source Files</Filter>
    </ClCompile>
    <ClCompile Include="Module177.ixx">
      <Filter>Source Files</Filter>
    </ClCompile>
    <ClCompile Include="Module178.cpp">
      <Filter>Source Files</Filter>
    </ClCompile>
    <ClCompile Include="Module178.ixx">
      <Filter>Source Files</Filter>
    </ClCompile>
    <ClCompile Include="Module179.cpp">
      <Filter>Source Files</Filter>
    </ClCompile>
    <ClCompile Include="Module179.ixx">
      <Filter>Source Files</Filter>
    </ClCompile>
    <ClCompile Include="Module180.cpp">
      <Filter>Source Files</Filter>
    </ClCompile>
    <ClCompile Include="Module180.ixx">
      <Filter>Source Files</Filter>
    </ClCompile>
    <ClCompile Include="Module181.cpp">
      <Filter>Source Files</Filter>
    </ClCompile>
    <ClCompile Include="Module181.ixx">
      <Filter>Source Files</Filter>
    </ClCompile>
    <ClCompile Include="Module182.cpp">
      <Filter>Source Files</Filter>
    </ClCompile>
    <ClCompile Include="Module182.ixx">
      <Filter>Source Files</Filter>
    </ClCompile>
    <ClCompile Include="Module183.cpp">
      <Filter>Source Files</Filter>
    </ClCompile>
    <ClCompile Include="Module183.ixx">
      <Filter>Source Files</Filter>
    </ClCompile>
    <ClCompile Include="Module184.cpp">
      <Filter>Source Files</Filter>
    </ClCompile>
    <ClCompile Include="Module184.ixx">
      <Filter>Source Files</Filter>
    </ClCompile>
    <ClCompile Include="Module185.cpp">
      <Filter>Source Files</Filter>
    </ClCompile>
    <ClCompile Include="Module185.ixx">
      <Filter>Source Files</Filter>
    </ClCompile>
    <ClCompile Include="Module186.cpp">
      <Filter>Source Files</Filter>
    </ClCompile>
    <ClCompile Include="Module186.ixx">
      <Filter>Source Files</Filter>
    </ClCompile>
    <ClCompile Include="Module187.cpp">
      <Filter>Source Files</Filter>
    </ClCompile>
    <ClCompile Include="Module187.ixx">
      <Filter>Source Files</Filter>
    </ClCompile>
    <ClCompile Include="Module188.cpp">
      <Filter>Source Files</Filter>
    </ClCompile>
    <ClCompile Include="Module188.ixx">
      <Filter>Source Files</Filter>
    </ClCompile>
    <ClCompile Include="Module189.cpp">
      <Filter>Source Files</Filter>
    </ClCompile>
    <ClCompile Include="Module189.ixx">
      <Filter>Source Files</Filter>
    </ClCompile>
    <ClCompile Include="Module190.cpp">
      <Filter>Source Files</Filter>
    </ClCompile>
    <ClCompile Include="Module190.ixx">
      <Filter>Source Files</Filter>
    </ClCompile>
    <ClCompile Include="Module191.cpp">
      <Filter>Source Files</Filter>
    </ClCompile>
    <ClCompile Include="Module191.ixx">
      <Filter>Source Files</Filter>
    </ClCompile>
    <ClCompile Include="Module192.cpp">
      <Filter>Source Files</Filter>
    </ClCompile>
    <ClCompile Include="Module192.ixx">
      <Filter>Source Files</Filter>
    </ClCompile>
    <ClCompile Include="Module193.cpp">
      <Filter>Source Files</Filter>
    </ClCompile>
    <ClCompile Include="Module193.ixx">
      <Filter>Source Files</Filter>
    </ClCompile>
    <ClCompile Include="Module194.cpp">
      <Filter>Source Files</Filter>
    </ClCompile>
    <ClCompile Include="Module194.ixx">
      <Filter>Source Files</Filter>
    </ClCompile>
    <ClCompile Include="Module195.cpp">
      <Filter>Source Files</Filter>
    </ClCompile>
    <ClCompile Include="Module195.ixx">
      <Filter>Source Files</Filter>
    </ClCompile>
    <ClCompile Include="Module196.cpp">
      <Filter>Source Files</Filter>
    </ClCompile>
    <ClCompile Include="Module196.ixx">
      <Filter>Source Files</Filter>
    </ClCompile>
    <ClCompile Include="Module197.cpp">
      <Filter>Source Files</Filter>
    </ClCompile>
    <ClCompile Include="Module197.ixx">
      <Filter>Source Files</Filter>
    </ClCompile>
    <ClCompile Include="Module198.cpp">
      <Filter>Source Files</Filter>
    </ClCompile>
    <ClCompile Include="Module198.ixx">
      <Filter>Source Files</Filter>
    </ClCompile>
    <ClCompile Include="Module199.cpp">
      <Filter>Source Files</Filter>
    </ClCompile>
    <ClCompile Include="Module199.ixx">
      <Filter>Source Files</Filter>
    </ClCompile>
    <ClCompile Include="Module200.cpp">
      <Filter>Source Files</Filter>
    </ClCompile>
    <ClCompile Include="Module200.ixx">
      <Filter>Source Files</Filter>
    </ClCompile>
    <ClCompile Include="Module201.cpp">
      <Filter>Source Files</Filter>
    </ClCompile>
    <ClCompile Include="Module201.ixx">
      <Filter>Source Files</Filter>
    </ClCompile>
    <ClCompile Include="Module202.cpp">
      <Filter>Source Files</Filter>
    </ClCompile>
    <ClCompile Include="Module202.ixx">
      <Filter>Source Files</Filter>
    </ClCompile>
    <ClCompile Include="Module203.cpp">
      <Filter>Source Files</Filter>
    </ClCompile>
    <ClCompile Include="Module203.ixx">
      <Filter>Source Files</Filter>
    </ClCompile>
    <ClCompile Include="Module204.cpp">
      <Filter>Source Files</Filter>
    </ClCompile>
    <ClCompile Include="Module204.ixx">
      <Filter>Source Files</Filter>
    </ClCompile>
    <ClCompile Include="Module205.cpp">
      <Filter>Source Files</Filter>
    </ClCompile>
    <ClCompile Include="Module205.ixx">
      <Filter>Source Files</Filter>
    </ClCompile>
    <ClCompile Include="Module206.cpp">
      <Filter>Source Files</Filter>
    </ClCompile>
    <ClCompile Include="Module206.ixx">
      <Filter>Source Files</Filter>
    </ClCompile>
    <ClCompile Include="Module207.cpp">
      <Filter>Source Files</Filter>
    </ClCompile>
    <ClCompile Include="Module207.ixx">
      <Filter>Source Files</Filter>
    </ClCompile>
    <ClCompile Include="Module208.cpp">
      <Filter>Source Files</Filter>
    </ClCompile>
    <ClCompile Include="Module208.ixx">
      <Filter>Source Files</Filter>
    </ClCompile>
    <ClCompile Include="Module209.cpp">
      <Filter>Source Files</Filter>
    </ClCompile>
    <ClCompile Include="Module209.ixx">
      <Filter>Source Files</Filter>
    </ClCompile>
    <ClCompile Include="Module210.cpp">
      <Filter>Source Files</Filter>
    </ClCompile>
    <ClCompile Include="Module210.ixx">
      <Filter>Source Files</Filter>
    </ClCompile>
    <ClCompile Include="Module211.cpp">
      <Filter>Source Files</Filter>
    </ClCompile>
    <ClCompile Include="Module211.ixx">
      <Filter>Source Files</Filter>
    </ClCompile>
    <ClCompile Include="Module212.cpp">
      <Filter>Source Files</Filter>
    </ClCompile>
    <ClCompile Include="Module212.ixx">
      <Filter>Source Files</Filter>
    </ClCompile>
    <ClCompile Include="Module213.cpp">
      <Filter>Source Files</Filter>
    </ClCompile>
    <ClCompile Include="Module213.ixx">
      <Filter>Source Files</Filter>
    </ClCompile>
    <ClCompile Include="Module214.cpp">
      <Filter>Source Files</Filter>
    </ClCompile>
    <ClCompile Include="Module214.ixx">
      <Filter>Source Files</Filter>
    </ClCompile>
    <ClCompile Include="Module215.cpp">
      <Filter>Source Files</Filter>
    </ClCompile>
    <ClCompile Include="Module215.ixx">
      <Filter>Source Files</Filter>
    </ClCompile>
    <ClCompile Include="Module216.cpp">
      <Filter>Source Files</Filter>
    </ClCompile>
    <ClCompile Include="Module216.ixx">
      <Filter>Source Files</Filter>
    </ClCompile>
    <ClCompile Include="Module217.cpp">
      <Filter>Source Files</Filter>
    </ClCompile>
    <ClCompile Include="Module217.ixx">
      <Filter>Source Files</Filter>
    </ClCompile>
    <ClCompile Include="Module218.cpp">
      <Filter>Source Files</Filter>
    </ClCompile>
    <ClCompile Include="Module218.ixx">
      <Filter>Source Files</Filter>
    </ClCompile>
    <ClCompile Include="Module219.cpp">
      <Filter>Source Files</Filter>
    </ClCompile>
    <ClCompile Include="Module219.ixx">
      <Filter>Source Files</Filter>
    </ClCompile>
    <ClCompile Include="Module220.cpp">
      <Filter>Source Files</Filter>
    </ClCompile>
    <ClCompile Include="Module220.ixx">
      <Filter>Source Files</Filter>
    </ClCompile>
    <ClCompile Include="Module221.cpp">
      <Filter>Source Files</Filter>
    </ClCompile>
    <ClCompile Include="Module221.ixx">
      <Filter>Source Files</Filter>
    </ClCompile>
    <ClCompile Include="Module222.cpp">
      <Filter>Source Files</Filter>
    </ClCompile>
    <ClCompile Include="Module222.ixx">
      <Filter>Source Files</Filter>
    </ClCompile>
    <ClCompile Include="Module223.cpp">
      <Filter>Source Files</Filter>
    </ClCompile>
    <ClCompile Include="Module223.ixx">
      <Filter>Source Files</Filter>
    </ClCompile>
    <ClCompile Include="Module224.cpp">
      <Filter>Source Files</Filter>
    </ClCompile>
    <ClCompile Include="Module224.ixx">
      <Filter>Source Files</Filter>
    </ClCompile>
    <ClCompile Include="Module225.cpp">
      <Filter>Source Files</Filter>
    </ClCompile>
    <ClCompile Include="Module225.ixx">
      <Filter>Source Files</Filter>
    </ClCompile>
    <ClCompile Include="Module226.cpp">
      <Filter>Source Files</Filter>
    </ClCompile>
    <ClCompile Include="Module226.ixx">
      <Filter>Source Files</Filter>
    </ClCompile>
    <ClCompile Include="Module227.cpp">
      <Filter>Source Files</Filter>
    </ClCompile>
    <ClCompile Include="Module227.ixx">
      <Filter>Source Files</Filter>
    </ClCompile>
    <ClCompile Include="Module228.cpp">
      <Filter>Source Files</Filter>
    </ClCompile>
    <ClCompile Include="Module228.ixx">
      <Filter>Source Files</Filter>
    </ClCompile>
    <ClCompile Include="Module229.cpp">
      <Filter>Source Files</Filter>
    </ClCompile>
    <ClCompile Include="Module229.ixx">
      <Filter>Source Files</Filter>
    </ClCompile>
    <ClCompile Include="Module230.cpp">
      <Filter>Source Files</Filter>
    </ClCompile>
    <ClCompile Include="Module230.ixx">
      <Filter>Source Files</Filter>
    </ClCompile>
    <ClCompile Include="Module231.cpp">
      <Filter>Source Files</Filter>
    </ClCompile>
    <ClCompile Include="Module231.ixx">
      <Filter>Source Files</Filter>
    </ClCompile>
    <ClCompile Include="Module232.cpp">
      <Filter>Source Files</Filter>
    </ClCompile>
    <ClCompile Include="Module232.ixx">
      <Filter>Source Files</Filter>
    </ClCompile>
    <ClCompile Include="Module233.cpp">
      <Filter>Source Files</Filter>
    </ClCompile>
    <ClCompile Include="Module233.ixx">
      <Filter>Source Files</Filter>
    </ClCompile>
    <ClCompile Include="Module234.cpp">
      <Filter>Source Files</Filter>
    </ClCompile>
    <ClCompile Include="Module234.ixx">
      <Filter>Source Files</Filter>
    </ClCompile>
    <ClCompile Include="Module235.cpp">
      <Filter>Source Files</Filter>
    </ClCompile>
    <ClCompile Include="Module235.ixx">
      <Filter>Source Files</Filter>
    </ClCompile>
    <ClCompile Include="Module236.cpp">
      <Filter>Source Files</Filter>
    </ClCompile>
    <ClCompile Include="Module236.ixx">
      <Filter>Source Files</Filter>
    </ClCompile>
    <ClCompile Include="Module237.cpp">
      <Filter>Source Files</Filter>
    </ClCompile>
    <ClCompile Include="Module237.ixx">
      <Filter>Source Files</Filter>
    </ClCompile>
    <ClCompile Include="Module238.cpp">
      <Filter>Source Files</Filter>
    </ClCompile>
    <ClCompile Include="Module238.ixx">
      <Filter>Source Files</Filter>
    </ClCompile>
    <ClCompile Include="Module239.cpp">
      <Filter>Source Files</Filter>
    </ClCompile>
    <ClCompile Include="Module239.ixx">
      <Filter>Source Files</Filter>
    </ClCompile>
    <ClCompile Include="Module240.cpp">
      <Filter>Source Files</Filter>
    </ClCompile>
    <ClCompile Include="Module240.ixx">
      <Filter>Source Files</Filter>
    </ClCompile>
    <ClCompile Include="Module241.cpp">
      <Filter>Source Files</Filter>
    </ClCompile>
    <ClCompile Include="Module241.ixx">
      <Filter>Source Files</Filter>
    </ClCompile>
    <ClCompile Include="Module242.cpp">
      <Filter>Source Files</Filter>
    </ClCompile>
    <ClCompile Include="Module242.ixx">
      <Filter>Source Files</Filter>
    </ClCompile>
    <ClCompile Include="Module243.cpp">
      <Filter>Source Files</Filter>
    </ClCompile>
    <ClCompile Include="Module243.ixx">
      <Filter>Source Files</Filter>
    </ClCompile>
    <ClCompile Include="Module244.cpp">
      <Filter>Source Files</Filter>
    </ClCompile>
    <ClCompile Include="Module244.ixx">
      <Filter>Source Files</Filter>
    </ClCompile>
    <ClCompile Include="Module245.cpp">
      <Filter>Source Files</Filter>
    </ClCompile>
    <ClCompile Include="Module245.ixx">
      <Filter>Source Files</Filter>
    </ClCompile>
    <ClCompile Include="Module246.cpp">
      <Filter>Source Files</Filter>
    </ClCompile>
    <ClCompile Include="Module246.ixx">
      <Filter>Source Files</Filter>
    </ClCompile>
    <ClCompile Include="Module247.cpp">
      <Filter>Source Files</Filter>
    </ClCompile>
    <ClCompile Include="Module247.ixx">
      <Filter>Source Files</Filter>
    </ClCompile>
    <ClCompile Include="Module248.cpp">
      <Filter>Source Files</Filter>
    </ClCompile>
    <ClCompile Include="Module248.ixx">
      <Filter>Source Files</Filter>
    </ClCompile>
    <ClCompile Include="Module249.cpp">
      <Filter>Source Files</Filter>
    </ClCompile>
    <ClCompile Include="Module249.ixx">
      <Filter>Source Files</Filter>
    </ClCompile>
    <ClCompile Include="Module250.cpp">
      <Filter>Source Files</Filter>
    </ClCompile>
    <ClCompile Include="Module250.ixx">
      <Filter>Source Files</Filter>
    </ClCompile>
    <ClCompile Include="Module251.cpp">
      <Filter>Source Files</Filter>
    </ClCompile>
    <ClCompile Include="Module251.ixx">
      <Filter>Source Files</Filter>
    </ClCompile>
    <ClCompile Include="Module252.cpp">
      <Filter>Source Files</Filter>
    </ClCompile>
    <ClCompile Include="Module252.ixx">
      <Filter>Source Files</Filter>
    </ClCompile>
    <ClCompile Include="Module253.cpp">
      <Filter>Source Files</Filter>
    </ClCompile>
    <ClCompile Include="Module253.ixx">
      <Filter>Source Files</Filter>
    </ClCompile>
    <ClCompile Include="Module254.cpp">
      <Filter>Source Files</Filter>
    </ClCompile>
    <ClCompile Include="Module254.ixx">
      <Filter>Source Files</Filter>
    </ClCompile>
    <ClCompile Include="Module255.cpp">
      <Filter>Source Files</Filter>
    </ClCompile>
    <ClCompile Include="Module255.ixx">
      <Filter>Source Files</Filter>
    </ClCompile>
    <ClCompile Include="Module256.cpp">
      <Filter>Source Files</Filter>
    </ClCompile>
    <ClCompile Include="Module256.ixx">
      <Filter>Source Files</Filter>
    </ClCompile>
    <ClCompile Include="Module257.cpp">
      <Filter>Source Files</Filter>
    </ClCompile>
    <ClCompile Include="Module257.ixx">
      <Filter>Source Files</Filter>
    </ClCompile>
    <ClCompile Include="Module258.cpp">
      <Filter>Source Files</Filter>
    </ClCompile>
    <ClCompile Include="Module258.ixx">
      <Filter>Source Files</Filter>
    </ClCompile>
    <ClCompile Include="Module259.cpp">
      <Filter>Source Files</Filter>
    </ClCompile>
    <ClCompile Include="Module259.ixx">
      <Filter>Source Files</Filter>
    </ClCompile>
    <ClCompile Include="Module260.cpp">
      <Filter>Source Files</Filter>
    </ClCompile>
    <ClCompile Include="Module260.ixx">
      <Filter>Source Files</Filter>
    </ClCompile>
    <ClCompile Include="Module261.cpp">
      <Filter>Source Files</Filter>
    </ClCompile>
    <ClCompile Include="Module261.ixx">
      <Filter>Source Files</Filter>
    </ClCompile>
    <ClCompile Include="Module262.cpp">
      <Filter>Source Files</Filter>
    </ClCompile>
    <ClCompile Include="Module262.ixx">
      <Filter>Source Files</Filter>
    </ClCompile>
    <ClCompile Include="Module263.cpp">
      <Filter>Source Files</Filter>
    </ClCompile>
    <ClCompile Include="Module263.ixx">
      <Filter>Source Files</Filter>
    </ClCompile>
    <ClCompile Include="Module264.cpp">
      <Filter>Source Files</Filter>
    </ClCompile>
    <ClCompile Include="Module264.ixx">
      <Filter>Source Files</Filter>
    </ClCompile>
    <ClCompile Include="Module265.cpp">
      <Filter>Source Files</Filter>
    </ClCompile>
    <ClCompile Include="Module265.ixx">
      <Filter>Source Files</Filter>
    </ClCompile>
    <ClCompile Include="Module266.cpp">
      <Filter>Source Files</Filter>
    </ClCompile>
    <ClCompile Include="Module266.ixx">
      <Filter>Source Files</Filter>
    </ClCompile>
    <ClCompile Include="Module267.cpp">
      <Filter>Source Files</Filter>
    </ClCompile>
    <ClCompile Include="Module267.ixx">
      <Filter>Source Files</Filter>
    </ClCompile>
    <ClCompile Include="Module268.cpp">
      <Filter>Source Files</Filter>
    </ClCompile>
    <ClCompile Include="Module268.ixx">
      <Filter>Source Files</Filter>
    </ClCompile>
    <ClCompile Include="Module269.cpp">
      <Filter>Source Files</Filter>
    </ClCompile>
    <ClCompile Include="Module269.ixx">
      <Filter>Source Files</Filter>
    </ClCompile>
    <ClCompile Include="Module270.cpp">
      <Filter>Source Files</Filter>
    </ClCompile>
    <ClCompile Include="Module270.ixx">
      <Filter>Source Files</Filter>
    </ClCompile>
    <ClCompile Include="Module271.cpp">
      <Filter>Source Files</Filter>
    </ClCompile>
    <ClCompile Include="Module271.ixx">
      <Filter>Source Files</Filter>
    </ClCompile>
    <ClCompile Include="Module272.cpp">
      <Filter>Source Files</Filter>
    </ClCompile>
    <ClCompile Include="Module272.ixx">
      <Filter>Source Files</Filter>
    </ClCompile>
    <ClCompile Include="Module273.cpp">
      <Filter>Source Files</Filter>
    </ClCompile>
    <ClCompile Include="Module273.ixx">
      <Filter>Source Files</Filter>
    </ClCompile>
    <ClCompile Include="Module274.cpp">
      <Filter>Source Files</Filter>
    </ClCompile>
    <ClCompile Include="Module274.ixx">
      <Filter>Source Files</Filter>
    </ClCompile>
    <ClCompile Include="Module275.cpp">
      <Filter>Source Files</Filter>
    </ClCompile>
    <ClCompile Include="Module275.ixx">
      <Filter>Source Files</Filter>
    </ClCompile>
    <ClCompile Include="Module276.cpp">
      <Filter>Source Files</Filter>
    </ClCompile>
    <ClCompile Include="Module276.ixx">
      <Filter>Source Files</Filter>
    </ClCompile>
    <ClCompile Include="Module277.cpp">
      <Filter>Source Files</Filter>
    </ClCompile>
    <ClCompile Include="Module277.ixx">
      <Filter>Source Files</Filter>
    </ClCompile>
    <ClCompile Include="Module278.cpp">
      <Filter>Source Files</Filter>
    </ClCompile>
    <ClCompile Include="Module278.ixx">
      <Filter>Source Files</Filter>
    </ClCompile>
    <ClCompile Include="Module279.cpp">
      <Filter>Source Files</Filter>
    </ClCompile>
    <ClCompile Include="Module279.ixx">
      <Filter>Source Files</Filter>
    </ClCompile>
    <ClCompile Include="Module280.cpp">
      <Filter>Source Files</Filter>
    </ClCompile>
    <ClCompile Include="Module280.ixx">
      <Filter>Source Files</Filter>
    </ClCompile>
    <ClCompile Include="Module281.cpp">
      <Filter>Source Files</Filter>
    </ClCompile>
    <ClCompile Include="Module281.ixx">
      <Filter>Source Files</Filter>
    </ClCompile>
    <ClCompile Include="Module282.cpp">
      <Filter>Source Files</Filter>
    </ClCompile>
    <ClCompile Include="Module282.ixx">
      <Filter>Source Files</Filter>
    </ClCompile>
    <ClCompile Include="Module283.cpp">
      <Filter>Source Files</Filter>
    </ClCompile>
    <ClCompile Include="Module283.ixx">
      <Filter>Source Files</Filter>
    </ClCompile>
    <ClCompile Include="Module284.cpp">
      <Filter>Source Files</Filter>
    </ClCompile>
    <ClCompile Include="Module284.ixx">
      <Filter>Source Files</Filter>
    </ClCompile>
    <ClCompile Include="Module285.cpp">
      <Filter>Source Files</Filter>
    </ClCompile>
    <ClCompile Include="Module285.ixx">
      <Filter>Source Files</Filter>
    </ClCompile>
    <ClCompile Include="Module286.cpp">
      <Filter>Source Files</Filter>
    </ClCompile>
    <ClCompile Include="Module286.ixx">
      <Filter>Source Files</Filter>
    </ClCompile>
    <ClCompile Include="Module287.cpp">
      <Filter>Source Files</Filter>
    </ClCompile>
    <ClCompile Include="Module287.ixx">
      <Filter>Source Files</Filter>
    </ClCompile>
    <ClCompile Include="Module288.cpp">
      <Filter>Source Files</Filter>
    </ClCompile>
    <ClCompile Include="Module288.ixx">
      <Filter>Source Files</Filter>
    </ClCompile>
    <ClCompile Include="Module289.cpp">
      <Filter>Source Files</Filter>
    </ClCompile>
    <ClCompile Include="Module289.ixx">
      <Filter>Source Files</Filter>
    </ClCompile>
    <ClCompile Include="Module290.cpp">
      <Filter>Source Files</Filter>
    </ClCompile>
    <ClCompile Include="Module290.ixx">
      <Filter>Source Files</Filter>
    </ClCompile>
    <ClCompile Include="Module291.cpp">
      <Filter>Source Files</Filter>
    </ClCompile>
    <ClCompile Include="Module291.ixx">
      <Filter>Source Files</Filter>
    </ClCompile>
    <ClCompile Include="Module292.cpp">
      <Filter>Source Files</Filter>
    </ClCompile>
    <ClCompile Include="Module292.ixx">
      <Filter>Source Files</Filter>
    </ClCompile>
    <ClCompile Include="Module293.cpp">
      <Filter>Source Files</Filter>
    </ClCompile>
    <ClCompile Include="Module293.ixx">
      <Filter>Source Files</Filter>
    </ClCompile>
    <ClCompile Include="Module294.cpp">
      <Filter>Source Files</Filter>
    </ClCompile>
    <ClCompile Include="Module294.ixx">
      <Filter>Source Files</Filter>
    </ClCompile>
    <ClCompile Include="Module295.cpp">
      <Filter>Source Files</Filter>
    </ClCompile>
    <ClCompile Include="Module295.ixx">
      <Filter>Source Files</Filter>
    </ClCompile>
    <ClCompile Include="Module296.cpp">
      <Filter>Source Files</Filter>
    </ClCompile>
    <ClCompile Include="Module296.ixx">
      <Filter>Source Files</Filter>
    </ClCompile>
    <ClCompile Include="Module297.cpp">
      <Filter>Source Files</Filter>
    </ClCompile>
    <ClCompile Include="Module297.ixx">
      <Filter>Source Files</Filter>
    </ClCompile>
    <ClCompile Include="Module298.cpp">
      <Filter>Source Files</Filter>
    </ClCompile>
    <ClCompile Include="Module298.ixx">
      <Filter>Source Files</Filter>
    </ClCompile>
    <ClCompile Include="Module299.cpp">
      <Filter>Source Files</Filter>
    </ClCompile>
    <ClCompile Include="Module299.ixx">
      <Filter>Source Files</Filter>
    </ClCompile>
    <ClCompile Include="Module300.cpp">
      <Filter>Source Files</Filter>
    </ClCompile>
    <ClCompile Include="Module300.ixx">
      <Filter>Source Files</Filter>
    </ClCompile>
    <ClCompile Include="Module301.cpp">
      <Filter>Source Files</Filter>
    </ClCompile>
    <ClCompile Include="Module301.ixx">
      <Filter>Source Files</Filter>
    </ClCompile>
    <ClCompile Include="Module302.cpp">
      <Filter>Source Files</Filter>
    </ClCompile>
    <ClCompile Include="Module302.ixx">
      <Filter>Source Files</Filter>
    </ClCompile>
    <ClCompile Include="Module303.cpp">
      <Filter>Source Files</Filter>
    </ClCompile>
    <ClCompile Include="Module303.ixx">
      <Filter>Source Files</Filter>
    </ClCompile>
    <ClCompile Include="Module304.cpp">
      <Filter>Source Files</Filter>
    </ClCompile>
    <ClCompile Include="Module304.ixx">
      <Filter>Source Files</Filter>
    </ClCompile>
    <ClCompile Include="Module305.cpp">
      <Filter>Source Files</Filter>
    </ClCompile>
    <ClCompile Include="Module305.ixx">
      <Filter>Source Files</Filter>
    </ClCompile>
    <ClCompile Include="Module306.cpp">
      <Filter>Source Files</Filter>
    </ClCompile>
    <ClCompile Include="Module306.ixx">
      <Filter>Source Files</Filter>
    </ClCompile>
    <ClCompile Include="Module307.cpp">
      <Filter>Source Files</Filter>
    </ClCompile>
    <ClCompile Include="Module307.ixx">
      <Filter>Source Files</Filter>
    </ClCompile>
    <ClCompile Include="Module308.cpp">
      <Filter>Source Files</Filter>
    </ClCompile>
    <ClCompile Include="Module308.ixx">
      <Filter>Source Files</Filter>
    </ClCompile>
    <ClCompile Include="Module309.cpp">
      <Filter>Source Files</Filter>
    </ClCompile>
    <ClCompile Include="Module309.ixx">
      <Filter>Source Files</Filter>
    </ClCompile>
    <ClCompile Include="Module310.cpp">
      <Filter>Source Files</Filter>
    </ClCompile>
    <ClCompile Include="Module310.ixx">
      <Filter>Source Files</Filter>
    </ClCompile>
    <ClCompile Include="Module311.cpp">
      <Filter>Source Files</Filter>
    </ClCompile>
    <ClCompile Include="Module311.ixx">
      <Filter>Source Files</Filter>
    </ClCompile>
    <ClCompile Include="Module312.cpp">
      <Filter>Source Files</Filter>
    </ClCompile>
    <ClCompile Include="Module312.ixx">
      <Filter>Source Files</Filter>
    </ClCompile>
    <ClCompile Include="Module313.cpp">
      <Filter>Source Files</Filter>
    </ClCompile>
    <ClCompile Include="Module313.ixx">
      <Filter>Source Files</Filter>
    </ClCompile>
    <ClCompile Include="Module314.cpp">
      <Filter>Source Files</Filter>
    </ClCompile>
    <ClCompile Include="Module314.ixx">
      <Filter>Source Files</Filter>
    </ClCompile>
    <ClCompile Include="Module315.cpp">
      <Filter>Source Files</Filter>
    </ClCompile>
    <ClCompile Include="Module315.ixx">
      <Filter>Source Files</Filter>
    </ClCompile>
    <ClCompile Include="Module316.cpp">
      <Filter>Source Files</Filter>
    </ClCompile>
    <ClCompile Include="Module316.ixx">
      <Filter>Source Files</Filter>
    </ClCompile>
    <ClCompile Include="Module317.cpp">
      <Filter>Source Files</Filter>
    </ClCompile>
    <ClCompile Include="Module317.ixx">
      <Filter>Source Files</Filter>
    </ClCompile>
    <ClCompile Include="Module318.cpp">
      <Filter>Source Files</Filter>
    </ClCompile>
    <ClCompile Include="Module318.ixx">
      <Filter>Source Files</Filter>
    </ClCompile>
    <ClCompile Include="Module319.cpp">
      <Filter>Source Files</Filter>
    </ClCompile>
    <ClCompile Include="Module319.ixx">
      <Filter>Source Files</Filter>
    </ClCompile>
    <ClCompile Include="Module320.cpp">
      <Filter>Source Files</Filter>
    </ClCompile>
    <ClCompile Include="Module320.ixx">
      <Filter>Source Files</Filter>
    </ClCompile>
    <ClCompile Include="Module321.cpp">
      <Filter>Source Files</Filter>
    </ClCompile>
    <ClCompile Include="Module321.ixx">
      <Filter>Source Files</Filter>
    </ClCompile>
    <ClCompile Include="Module322.cpp">
      <Filter>Source Files</Filter>
    </ClCompile>
    <ClCompile Include="Module322.ixx">
      <Filter>Source Files</Filter>
    </ClCompile>
    <ClCompile Include="Module323.cpp">
      <Filter>Source Files</Filter>
    </ClCompile>
    <ClCompile Include="Module323.ixx">
      <Filter>Source Files</Filter>
    </ClCompile>
    <ClCompile Include="Module324.cpp">
      <Filter>Source Files</Filter>
    </ClCompile>
    <ClCompile Include="Module324.ixx">
      <Filter>Source Files</Filter>
    </ClCompile>
    <ClCompile Include="Module325.cpp">
      <Filter>Source Files</Filter>
    </ClCompile>
    <ClCompile Include="Module325.ixx">
      <Filter>Source Files</Filter>
    </ClCompile>
    <ClCompile Include="Module326.cpp">
      <Filter>Source Files</Filter>
    </ClCompile>
    <ClCompile Include="Module326.ixx">
      <Filter>Source Files</Filter>
    </ClCompile>
    <ClCompile Include="Module327.cpp">
      <Filter>Source Files</Filter>
    </ClCompile>
    <ClCompile Include="Module327.ixx">
      <Filter>Source Files</Filter>
    </ClCompile>
    <ClCompile Include="Module328.cpp">
      <Filter>Source Files</Filter>
    </ClCompile>
    <ClCompile Include="Module328.ixx">
      <Filter>Source Files</Filter>
    </ClCompile>
    <ClCompile Include="Module329.cpp">
      <Filter>Source Files</Filter>
    </ClCompile>
    <ClCompile Include="Module329.ixx">
      <Filter>Source Files</Filter>
    </ClCompile>
    <ClCompile Include="Module330.cpp">
      <Filter>Source Files</Filter>
    </ClCompile>
    <ClCompile Include="Module330.ixx">
      <Filter>Source Files</Filter>
    </ClCompile>
    <ClCompile Include="Module331.cpp">
      <Filter>Source Files</Filter>
    </ClCompile>
    <ClCompile Include="Module331.ixx">
      <Filter>Source Files</Filter>
    </ClCompile>
    <ClCompile Include="Module332.cpp">
      <Filter>Source Files</Filter>
    </ClCompile>
    <ClCompile Include="Module332.ixx">
      <Filter>Source Files</Filter>
    </ClCompile>
    <ClCompile Include="Module333.cpp">
      <Filter>Source Files</Filter>
    </ClCompile>
    <ClCompile Include="Module333.ixx">
      <Filter>Source Files</Filter>
    </ClCompile>
    <ClCompile Include="Module334.cpp">
      <Filter>Source Files</Filter>
    </ClCompile>
    <ClCompile Include="Module334.ixx">
      <Filter>Source Files</Filter>
    </ClCompile>
    <ClCompile Include="Module335.cpp">
      <Filter>Source Files</Filter>
    </ClCompile>
    <ClCompile Include="Module335.ixx">
      <Filter>Source Files</Filter>
    </ClCompile>
    <ClCompile Include="Module336.cpp">
      <Filter>Source Files</Filter>
    </ClCompile>
    <ClCompile Include="Module336.ixx">
      <Filter>Source Files</Filter>
    </ClCompile>
    <ClCompile Include="Module337.cpp">
      <Filter>Source Files</Filter>
    </ClCompile>
    <ClCompile Include="Module337.ixx">
      <Filter>Source Files</Filter>
    </ClCompile>
    <ClCompile Include="Module338.cpp">
      <Filter>Source Files</Filter>
    </ClCompile>
    <ClCompile Include="Module338.ixx">
      <Filter>Source Files</Filter>
    </ClCompile>
    <ClCompile Include="Module339.cpp">
      <Filter>Source Files</Filter>
    </ClCompile>
    <ClCompile Include="Module339.ixx">
      <Filter>Source Files</Filter>
    </ClCompile>
    <ClCompile Include="Module340.cpp">
      <Filter>Source Files</Filter>
    </ClCompile>
    <ClCompile Include="Module340.ixx">
      <Filter>Source Files</Filter>
    </ClCompile>
    <ClCompile Include="Module341.cpp">
      <Filter>Source Files</Filter>
    </ClCompile>
    <ClCompile Include="Module341.ixx">
      <Filter>Source Files</Filter>
    </ClCompile>
    <ClCompile Include="Module342.cpp">
      <Filter>Source Files</Filter>
    </ClCompile>
    <ClCompile Include="Module342.ixx">
      <Filter>Source Files</Filter>
    </ClCompile>
    <ClCompile Include="Module343.cpp">
      <Filter>Source Files</Filter>
    </ClCompile>
    <ClCompile Include="Module343.ixx">
      <Filter>Source Files</Filter>
    </ClCompile>
    <ClCompile Include="Module344.cpp">
      <Filter>Source Files</Filter>
    </ClCompile>
    <ClCompile Include="Module344.ixx">
      <Filter>Source Files</Filter>
    </ClCompile>
    <ClCompile Include="Module345.cpp">
      <Filter>Source Files</Filter>
    </ClCompile>
    <ClCompile Include="Module345.ixx">
      <Filter>Source Files</Filter>
    </ClCompile>
    <ClCompile Include="Module346.cpp">
      <Filter>Source Files</Filter>
    </ClCompile>
    <ClCompile Include="Module346.ixx">
      <Filter>Source Files</Filter>
    </ClCompile>
    <ClCompile Include="Module347.cpp">
      <Filter>Source Files</Filter>
    </ClCompile>
    <ClCompile Include="Module347.ixx">
      <Filter>Source Files</Filter>
    </ClCompile>
    <ClCompile Include="Module348.cpp">
      <Filter>Source Files</Filter>
    </ClCompile>
    <ClCompile Include="Module348.ixx">
      <Filter>Source Files</Filter>
    </ClCompile>
    <ClCompile Include="Module349.cpp">
      <Filter>Source Files</Filter>
    </ClCompile>
    <ClCompile Include="Module349.ixx">
      <Filter>Source Files</Filter>
    </ClCompile>
    <ClCompile Include="Module350.cpp">
      <Filter>Source Files</Filter>
    </ClCompile>
    <ClCompile Include="Module350.ixx">
      <Filter>Source Files</Filter>
    </ClCompile>
    <ClCompile Include="Module351.cpp">
      <Filter>Source Files</Filter>
    </ClCompile>
    <ClCompile Include="Module351.ixx">
      <Filter>Source Files</Filter>
    </ClCompile>
    <ClCompile Include="Module352.cpp">
      <Filter>Source Files</Filter>
    </ClCompile>
    <ClCompile Include="Module352.ixx">
      <Filter>Source Files</Filter>
    </ClCompile>
    <ClCompile Include="Module353.cpp">
      <Filter>Source Files</Filter>
    </ClCompile>
    <ClCompile Include="Module353.ixx">
      <Filter>Source Files</Filter>
    </ClCompile>
    <ClCompile Include="Module354.cpp">
      <Filter>Source Files</Filter>
    </ClCompile>
    <ClCompile Include="Module354.ixx">
      <Filter>Source Files</Filter>
    </ClCompile>
    <ClCompile Include="Module355.cpp">
      <Filter>Source Files</Filter>
    </ClCompile>
    <ClCompile Include="Module355.ixx">
      <Filter>Source Files</Filter>
    </ClCompile>
    <ClCompile Include="Module356.cpp">
      <Filter>Source Files</Filter>
    </ClCompile>
    <ClCompile Include="Module356.ixx">
      <Filter>Source Files</Filter>
    </ClCompile>
    <ClCompile Include="Module357.cpp">
      <Filter>Source Files</Filter>
    </ClCompile>
    <ClCompile Include="Module357.ixx">
      <Filter>Source Files</Filter>
    </ClCompile>
    <ClCompile Include="Module358.cpp">
      <Filter>Source Files</Filter>
    </ClCompile>
    <ClCompile Include="Module358.ixx">
      <Filter>Source Files</Filter>
    </ClCompile>
    <ClCompile Include="Module359.cpp">
      <Filter>Source Files</Filter>
    </ClCompile>
    <ClCompile Include="Module359.ixx">
      <Filter>Source Files</Filter>
    </ClCompile>
    <ClCompile Include="Module360.cpp">
      <Filter>Source Files</Filter>
    </ClCompile>
    <ClCompile Include="Module360.ixx">
      <Filter>Source Files</Filter>
    </ClCompile>
    <ClCompile Include="Module361.cpp">
      <Filter>Source Files</Filter>
    </ClCompile>
    <ClCompile Include="Module361.ixx">
      <Filter>Source Files</Filter>
    </ClCompile>
    <ClCompile Include="Module362.cpp">
      <Filter>Source Files</Filter>
    </ClCompile>
    <ClCompile Include="Module362.ixx">
      <Filter>Source Files</Filter>
    </ClCompile>
    <ClCompile Include="Module363.cpp">
      <Filter>Source Files</Filter>
    </ClCompile>
    <ClCompile Include="Module363.ixx">
      <Filter>Source Files</Filter>
    </ClCompile>
    <ClCompile Include="Module364.cpp">
      <Filter>Source Files</Filter>
    </ClCompile>
    <ClCompile Include="Module364.ixx">
      <Filter>Source Files</Filter>
    </ClCompile>
    <ClCompile Include="Module365.cpp">
      <Filter>Source Files</Filter>
    </ClCompile>
    <ClCompile Include="Module365.ixx">
      <Filter>Source Files</Filter>
    </ClCompile>
    <ClCompile Include="Module366.cpp">
      <Filter>Source Files</Filter>
    </ClCompile>
    <ClCompile Include="Module366.ixx">
      <Filter>Source Files</Filter>
    </ClCompile>
    <ClCompile Include="Module367.cpp">
      <Filter>Source Files</Filter>
    </ClCompile>
    <ClCompile Include="Module367.ixx">
      <Filter>Source Files</Filter>
    </ClCompile>
    <ClCompile Include="Module368.cpp">
      <Filter>Source Files</Filter>
    </ClCompile>
    <ClCompile Include="Module368.ixx">
      <Filter>Source Files</Filter>
    </ClCompile>
    <ClCompile Include="Module369.cpp">
      <Filter>Source Files</Filter>
    </ClCompile>
    <ClCompile Include="Module369.ixx">
      <Filter>Source Files</Filter>
    </ClCompile>
    <ClCompile Include="Module370.cpp">
      <Filter>Source Files</Filter>
    </ClCompile>
    <ClCompile Include="Module370.ixx">
      <Filter>Source Files</Filter>
    </ClCompile>
    <ClCompile Include="Module371.cpp">
      <Filter>Source Files</Filter>
    </ClCompile>
    <ClCompile Include="Module371.ixx">
      <Filter>Source Files</Filter>
    </ClCompile>
    <ClCompile Include="Module372.cpp">
      <Filter>Source Files</Filter>
    </ClCompile>
    <ClCompile Include="Module372.ixx">
      <Filter>Source Files</Filter>
    </ClCompile>
    <ClCompile Include="Module373.cpp">
      <Filter>Source Files</Filter>
    </ClCompile>
    <ClCompile Include="Module373.ixx">
      <Filter>Source Files</Filter>
    </ClCompile>
    <ClCompile Include="Module374.cpp">
      <Filter>Source Files</Filter>
    </ClCompile>
    <ClCompile Include="Module374.ixx">
      <Filter>Source Files</Filter>
    </ClCompile>
    <ClCompile Include="Module375.cpp">
      <Filter>Source Files</Filter>
    </ClCompile>
    <ClCompile Include="Module375.ixx">
      <Filter>Source Files</Filter>
    </ClCompile>
    <ClCompile Include="Module376.cpp">
      <Filter>Source Files</Filter>
    </ClCompile>
    <ClCompile Include="Module376.ixx">
      <Filter>Source Files</Filter>
    </ClCompile>
    <ClCompile Include="Module377.cpp">
      <Filter>Source Files</Filter>
    </ClCompile>
    <ClCompile Include="Module377.ixx">
      <Filter>Source Files</Filter>
    </ClCompile>
    <ClCompile Include="Module378.cpp">
      <Filter>Source Files</Filter>
    </ClCompile>
    <ClCompile Include="Module378.ixx">
      <Filter>Source Files</Filter>
    </ClCompile>
    <ClCompile Include="Module379.cpp">
      <Filter>Source Files</Filter>
    </ClCompile>
    <ClCompile Include="Module379.ixx">
      <Filter>Source Files</Filter>
    </ClCompile>
    <ClCompile Include="Module380.cpp">
      <Filter>Source Files</Filter>
    </ClCompile>
    <ClCompile Include="Module380.ixx">
      <Filter>Source Files</Filter>
    </ClCompile>
    <ClCompile Include="Module381.cpp">
      <Filter>Source Files</Filter>
    </ClCompile>
    <ClCompile Include="Module381.ixx">
      <Filter>Source Files</Filter>
    </ClCompile>
    <ClCompile Include="Module382.cpp">
      <Filter>Source Files</Filter>
    </ClCompile>
    <ClCompile Include="Module382.ixx">
      <Filter>Source Files</Filter>
    </ClCompile>
    <ClCompile Include="Module383.cpp">
      <Filter>Source Files</Filter>
    </ClCompile>
    <ClCompile Include="Module383.ixx">
      <Filter>Source Files</Filter>
    </ClCompile>
    <ClCompile Include="Module384.cpp">
      <Filter>Source Files</Filter>
    </ClCompile>
    <ClCompile Include="Module384.ixx">
      <Filter>Source Files</Filter>
    </ClCompile>
    <ClCompile Include="Module385.cpp">
      <Filter>Source Files</Filter>
    </ClCompile>
    <ClCompile Include="Module385.ixx">
      <Filter>Source Files</Filter>
    </ClCompile>
    <ClCompile Include="Module386.cpp">
      <Filter>Source Files</Filter>
    </ClCompile>
    <ClCompile Include="Module386.ixx">
      <Filter>Source Files</Filter>
    </ClCompile>
    <ClCompile Include="Module387.cpp">
      <Filter>Source Files</Filter>
    </ClCompile>
    <ClCompile Include="Module387.ixx">
      <Filter>Source Files</Filter>
    </ClCompile>
    <ClCompile Include="Module388.cpp">
      <Filter>Source Files</Filter>
    </ClCompile>
    <ClCompile Include="Module388.ixx">
      <Filter>Source Files</Filter>
    </ClCompile>
    <ClCompile Include="Module389.cpp">
      <Filter>Source Files</Filter>
    </ClCompile>
    <ClCompile Include="Module389.ixx">
      <Filter>Source Files</Filter>
    </ClCompile>
    <ClCompile Include="Module390.cpp">
      <Filter>Source Files</Filter>
    </ClCompile>
    <ClCompile Include="Module390.ixx">
      <Filter>Source Files</Filter>
    </ClCompile>
    <ClCompile Include="Module391.cpp">
      <Filter>Source Files</Filter>
    </ClCompile>
    <ClCompile Include="Module391.ixx">
      <Filter>Source Files</Filter>
    </ClCompile>
    <ClCompile Include="Module392.cpp">
      <Filter>Source Files</Filter>
    </ClCompile>
    <ClCompile Include="Module392.ixx">
      <Filter>Source Files</Filter>
    </ClCompile>
    <ClCompile Include="Module393.cpp">
      <Filter>Source Files</Filter>
    </ClCompile>
    <ClCompile Include="Module393.ixx">
      <Filter>Source Files</Filter>
    </ClCompile>
    <ClCompile Include="Module394.cpp">
      <Filter>Source Files</Filter>
    </ClCompile>
    <ClCompile Include="Module394.ixx">
      <Filter>Source Files</Filter>
    </ClCompile>
    <ClCompile Include="Module395.cpp">
      <Filter>Source Files</Filter>
    </ClCompile>
    <ClCompile Include="Module395.ixx">
      <Filter>Source Files</Filter>
    </ClCompile>
    <ClCompile Include="Module396.cpp">
      <Filter>Source Files</Filter>
    </ClCompile>
    <ClCompile Include="Module396.ixx">
      <Filter>Source Files</Filter>
    </ClCompile>
    <ClCompile Include="Module397.cpp">
      <Filter>Source Files</Filter>
    </ClCompile>
    <ClCompile Include="Module397.ixx">
      <Filter>Source Files</Filter>
    </ClCompile>
    <ClCompile Include="Module398.cpp">
      <Filter>Source Files</Filter>
    </ClCompile>
    <ClCompile Include="Module398.ixx">
      <Filter>Source Files</Filter>
    </ClCompile>
    <ClCompile Include="Module399.cpp">
      <Filter>Source Files</Filter>
    </ClCompile>
    <ClCompile Include="Module399.ixx">
      <Filter>Source Files</Filter>
    </ClCompile>
    <ClCompile Include="Module400.cpp">
      <Filter>Source Files</Filter>
    </ClCompile>
    <ClCompile Include="Module400.ixx">
      <Filter>Source Files</Filter>
    </ClCompile>
    <ClCompile Include="Module401.cpp">
      <Filter>Source Files</Filter>
    </ClCompile>
    <ClCompile Include="Module401.ixx">
      <Filter>Source Files</Filter>
    </ClCompile>
    <ClCompile Include="Module402.cpp">
      <Filter>Source Files</Filter>
    </ClCompile>
    <ClCompile Include="Module402.ixx">
      <Filter>Source Files</Filter>
    </ClCompile>
    <ClCompile Include="Module403.cpp">
      <Filter>Source Files</Filter>
    </ClCompile>
    <ClCompile Include="Module403.ixx">
      <Filter>Source Files</Filter>
    </ClCompile>
    <ClCompile Include="Module404.cpp">
      <Filter>Source Files</Filter>
    </ClCompile>
    <ClCompile Include="Module404.ixx">
      <Filter>Source Files</Filter>
    </ClCompile>
    <ClCompile Include="Module405.cpp">
      <Filter>Source Files</Filter>
    </ClCompile>
    <ClCompile Include="Module405.ixx">
      <Filter>Source Files</Filter>
    </ClCompile>
    <ClCompile Include="Module406.cpp">
      <Filter>Source Files</Filter>
    </ClCompile>
    <ClCompile Include="Module406.ixx">
      <Filter>Source Files</Filter>
    </ClCompile>
    <ClCompile Include="Module407.cpp">
      <Filter>Source Files</Filter>
    </ClCompile>
    <ClCompile Include="Module407.ixx">
      <Filter>Source Files</Filter>
    </ClCompile>
    <ClCompile Include="Module408.cpp">
      <Filter>Source Files</Filter>
    </ClCompile>
    <ClCompile Include="Module408.ixx">
      <Filter>Source Files</Filter>
    </ClCompile>
    <ClCompile Include="Module409.cpp">
      <Filter>Source Files</Filter>
    </ClCompile>
    <ClCompile Include="Module409.ixx">
      <Filter>Source Files</Filter>
    </ClCompile>
    <ClCompile Include="Module410.cpp">
      <Filter>Source Files</Filter>
    </ClCompile>
    <ClCompile Include="Module410.ixx">
      <Filter>Source Files</Filter>
    </ClCompile>
    <ClCompile Include="Module411.cpp">
      <Filter>Source Files</Filter>
    </ClCompile>
    <ClCompile Include="Module411.ixx">
      <Filter>Source Files</Filter>
    </ClCompile>
    <ClCompile Include="Module412.cpp">
      <Filter>Source Files</Filter>
    </ClCompile>
    <ClCompile Include="Module412.ixx">
      <Filter>Source Files</Filter>
    </ClCompile>
    <ClCompile Include="Module413.cpp">
      <Filter>Source Files</Filter>
    </ClCompile>
    <ClCompile Include="Module413.ixx">
      <Filter>Source Files</Filter>
    </ClCompile>
    <ClCompile Include="Module414.cpp">
      <Filter>Source Files</Filter>
    </ClCompile>
    <ClCompile Include="Module414.ixx">
      <Filter>Source Files</Filter>
    </ClCompile>
    <ClCompile Include="Module415.cpp">
      <Filter>Source Files</Filter>
    </ClCompile>
    <ClCompile Include="Module415.ixx">
      <Filter>Source Files</Filter>
    </ClCompile>
    <ClCompile Include="Module416.cpp">
      <Filter>Source Files</Filter>
    </ClCompile>
    <ClCompile Include="Module416.ixx">
      <Filter>Source Files</Filter>
    </ClCompile>
    <ClCompile Include="Module417.cpp">
      <Filter>Source Files</Filter>
    </ClCompile>
    <ClCompile Include="Module417.ixx">
      <Filter>Source Files</Filter>
    </ClCompile>
    <ClCompile Include="Module418.cpp">
      <Filter>Source Files</Filter>
    </ClCompile>
    <ClCompile Include="Module418.ixx">
      <Filter>Source Files</Filter>
    </ClCompile>
    <ClCompile Include="Module419.cpp">
      <Filter>Source Files</Filter>
    </ClCompile>
    <ClCompile Include="Module419.ixx">
      <Filter>Source Files</Filter>
    </ClCompile>
    <ClCompile Include="Module420.cpp">
      <Filter>Source Files</Filter>
    </ClCompile>
    <ClCompile Include="Module420.ixx">
      <Filter>Source Files</Filter>
    </ClCompile>
    <ClCompile Include="Module421.cpp">
      <Filter>Source Files</Filter>
    </ClCompile>
    <ClCompile Include="Module421.ixx">
      <Filter>Source Files</Filter>
    </ClCompile>
    <ClCompile Include="Module422.cpp">
      <Filter>Source Files</Filter>
    </ClCompile>
    <ClCompile Include="Module422.ixx">
      <Filter>Source Files</Filter>
    </ClCompile>
    <ClCompile Include="Module423.cpp">
      <Filter>Source Files</Filter>
    </ClCompile>
    <ClCompile Include="Module423.ixx">
      <Filter>Source Files</Filter>
    </ClCompile>
    <ClCompile Include="Module424.cpp">
      <Filter>Source Files</Filter>
    </ClCompile>
    <ClCompile Include="Module424.ixx">
      <Filter>Source Files</Filter>
    </ClCompile>
    <ClCompile Include="Module425.cpp">
      <Filter>Source Files</Filter>
    </ClCompile>
    <ClCompile Include="Module425.ixx">
      <Filter>Source Files</Filter>
    </ClCompile>
    <ClCompile Include="Module426.cpp">
      <Filter>Source Files</Filter>
    </ClCompile>
    <ClCompile Include="Module426.ixx">
      <Filter>Source Files</Filter>
    </ClCompile>
    <ClCompile Include="Module427.cpp">
      <Filter>Source Files</Filter>
    </ClCompile>
    <ClCompile Include="Module427.ixx">
      <Filter>Source Files</Filter>
    </ClCompile>
    <ClCompile Include="Module428.cpp">
      <Filter>Source Files</Filter>
    </ClCompile>
    <ClCompile Include="Module428.ixx">
      <Filter>Source Files</Filter>
    </ClCompile>
    <ClCompile Include="Module429.cpp">
      <Filter>Source Files</Filter>
    </ClCompile>
    <ClCompile Include="Module429.ixx">
      <Filter>Source Files</Filter>
    </ClCompile>
    <ClCompile Include="Module430.cpp">
      <Filter>Source Files</Filter>
    </ClCompile>
    <ClCompile Include="Module430.ixx">
      <Filter>Source Files</Filter>
    </ClCompile>
    <ClCompile Include="Module431.cpp">
      <Filter>Source Files</Filter>
    </ClCompile>
    <ClCompile Include="Module431.ixx">
      <Filter>Source Files</Filter>
    </ClCompile>
    <ClCompile Include="Module432.cpp">
      <Filter>Source Files</Filter>
    </ClCompile>
    <ClCompile Include="Module432.ixx">
      <Filter>Source Files</Filter>
    </ClCompile>
    <ClCompile Include="Module433.cpp">
      <Filter>Source Files</Filter>
    </ClCompile>
    <ClCompile Include="Module433.ixx">
      <Filter>Source Files</Filter>
    </ClCompile>
    <ClCompile Include="Module434.cpp">
      <Filter>Source Files</Filter>
    </ClCompile>
    <ClCompile Include="Module434.ixx">
      <Filter>Source Files</Filter>
    </ClCompile>
    <ClCompile Include="Module435.cpp">
      <Filter>Source Files</Filter>
    </ClCompile>
    <ClCompile Include="Module435.ixx">
      <Filter>Source Files</Filter>
    </ClCompile>
    <ClCompile Include="Module436.cpp">
      <Filter>Source Files</Filter>
    </ClCompile>
    <ClCompile Include="Module436.ixx">
      <Filter>Source Files</Filter>
    </ClCompile>
    <ClCompile Include="Module437.cpp">
      <Filter>Source Files</Filter>
    </ClCompile>
    <ClCompile Include="Module437.ixx">
      <Filter>Source Files</Filter>
    </ClCompile>
    <ClCompile Include="Module438.cpp">
      <Filter>Source Files</Filter>
    </ClCompile>
    <ClCompile Include="Module438.ixx">
      <Filter>Source Files</Filter>
    </ClCompile>
    <ClCompile Include="Module439.cpp">
      <Filter>Source Files</Filter>
    </ClCompile>
    <ClCompile Include="Module439.ixx">
      <Filter>Source Files</Filter>
    </ClCompile>
    <ClCompile Include="Module440.cpp">
      <Filter>Source Files</Filter>
    </ClCompile>
    <ClCompile Include="Module440.ixx">
      <Filter>Source Files</Filter>
    </ClCompile>
    <ClCompile Include="Module441.cpp">
      <Filter>Source Files</Filter>
    </ClCompile>
    <ClCompile Include="Module441.ixx">
      <Filter>Source Files</Filter>
    </ClCompile>
    <ClCompile Include="Module442.cpp">
      <Filter>Source Files</Filter>
    </ClCompile>
    <ClCompile Include="Module442.ixx">
      <Filter>Source Files</Filter>
    </ClCompile>
    <ClCompile Include="Module443.cpp">
      <Filter>Source Files</Filter>
    </ClCompile>
    <ClCompile Include="Module443.ixx">
      <Filter>Source Files</Filter>
    </ClCompile>
    <ClCompile Include="Module444.cpp">
      <Filter>Source Files</Filter>
    </ClCompile>
    <ClCompile Include="Module444.ixx">
      <Filter>Source Files</Filter>
    </ClCompile>
    <ClCompile Include="Module445.cpp">
      <Filter>Source Files</Filter>
    </ClCompile>
    <ClCompile Include="Module445.ixx">
      <Filter>Source Files</Filter>
    </ClCompile>
    <ClCompile Include="Module446.cpp">
      <Filter>Source Files</Filter>
    </ClCompile>
    <ClCompile Include="Module446.ixx">
      <Filter>Source Files</Filter>
    </ClCompile>
    <ClCompile Include="Module447.cpp">
      <Filter>Source Files</Filter>
    </ClCompile>
    <ClCompile Include="Module447.ixx">
      <Filter>Source Files</Filter>
    </ClCompile>
    <ClCompile Include="Module448.cpp">
      <Filter>Source Files</Filter>
    </ClCompile>
    <ClCompile Include="Module448.ixx">
      <Filter>Source Files</Filter>
    </ClCompile>
    <ClCompile Include="Module449.cpp">
      <Filter>Source Files</Filter>
    </ClCompile>
    <ClCompile Include="Module449.ixx">
      <Filter>Source Files</Filter>
    </ClCompile>
    <ClCompile Include="Module450.cpp">
      <Filter>Source Files</Filter>
    </ClCompile>
    <ClCompile Include="Module450.ixx">
      <Filter>Source Files</Filter>
    </ClCompile>
    <ClCompile Include="Module451.cpp">
      <Filter>Source Files</Filter>
    </ClCompile>
    <ClCompile Include="Module451.ixx">
      <Filter>Source Files</Filter>
    </ClCompile>
    <ClCompile Include="Module452.cpp">
      <Filter>Source Files</Filter>
    </ClCompile>
    <ClCompile Include="Module452.ixx">
      <Filter>Source Files</Filter>
    </ClCompile>
    <ClCompile Include="Module453.cpp">
      <Filter>Source Files</Filter>
    </ClCompile>
    <ClCompile Include="Module453.ixx">
      <Filter>Source Files</Filter>
    </ClCompile>
    <ClCompile Include="Module454.cpp">
      <Filter>Source Files</Filter>
    </ClCompile>
    <ClCompile Include="Module454.ixx">
      <Filter>Source Files</Filter>
    </ClCompile>
    <ClCompile Include="Module455.cpp">
      <Filter>Source Files</Filter>
    </ClCompile>
    <ClCompile Include="Module455.ixx">
      <Filter>Source Files</Filter>
    </ClCompile>
    <ClCompile Include="Module456.cpp">
      <Filter>Source Files</Filter>
    </ClCompile>
    <ClCompile Include="Module456.ixx">
      <Filter>Source Files</Filter>
    </ClCompile>
    <ClCompile Include="Module457.cpp">
      <Filter>Source Files</Filter>
    </ClCompile>
    <ClCompile Include="Module457.ixx">
      <Filter>Source Files</Filter>
    </ClCompile>
    <ClCompile Include="Module458.cpp">
      <Filter>Source Files</Filter>
    </ClCompile>
    <ClCompile Include="Module458.ixx">
      <Filter>Source Files</Filter>
    </ClCompile>
    <ClCompile Include="Module459.cpp">
      <Filter>Source Files</Filter>
    </ClCompile>
    <ClCompile Include="Module459.ixx">
      <Filter>Source Files</Filter>
    </ClCompile>
    <ClCompile Include="Module460.cpp">
      <Filter>Source Files</Filter>
    </ClCompile>
    <ClCompile Include="Module460.ixx">
      <Filter>Source Files</Filter>
    </ClCompile>
    <ClCompile Include="Module461.cpp">
      <Filter>Source Files</Filter>
    </ClCompile>
    <ClCompile Include="Module461.ixx">
      <Filter>Source Files</Filter>
    </ClCompile>
    <ClCompile Include="Module462.cpp">
      <Filter>Source Files</Filter>
    </ClCompile>
    <ClCompile Include="Module462.ixx">
      <Filter>Source Files</Filter>
    </ClCompile>
    <ClCompile Include="Module463.cpp">
      <Filter>Source Files</Filter>
    </ClCompile>
    <ClCompile Include="Module463.ixx">
      <Filter>Source Files</Filter>
    </ClCompile>
    <ClCompile Include="Module464.cpp">
      <Filter>Source Files</Filter>
    </ClCompile>
    <ClCompile Include="Module464.ixx">
      <Filter>Source Files</Filter>
    </ClCompile>
    <ClCompile Include="Module465.cpp">
      <Filter>Source Files</Filter>
    </ClCompile>
    <ClCompile Include="Module465.ixx">
      <Filter>Source Files</Filter>
    </ClCompile>
    <ClCompile Include="Module466.cpp">
      <Filter>Source Files</Filter>
    </ClCompile>
    <ClCompile Include="Module466.ixx">
      <Filter>Source Files</Filter>
    </ClCompile>
    <ClCompile Include="Module467.cpp">
      <Filter>Source Files</Filter>
    </ClCompile>
    <ClCompile Include="Module467.ixx">
      <Filter>Source Files</Filter>
    </ClCompile>
    <ClCompile Include="Module468.cpp">
      <Filter>Source Files</Filter>
    </ClCompile>
    <ClCompile Include="Module468.ixx">
      <Filter>Source Files</Filter>
    </ClCompile>
    <ClCompile Include="Module469.cpp">
      <Filter>Source Files</Filter>
    </ClCompile>
    <ClCompile Include="Module469.ixx">
      <Filter>Source Files</Filter>
    </ClCompile>
    <ClCompile Include="Module470.cpp">
      <Filter>Source Files</Filter>
    </ClCompile>
    <ClCompile Include="Module470.ixx">
      <Filter>Source Files</Filter>
    </ClCompile>
    <ClCompile Include="Module471.cpp">
      <Filter>Source Files</Filter>
    </ClCompile>
    <ClCompile Include="Module471.ixx">
      <Filter>Source Files</Filter>
    </ClCompile>
    <ClCompile Include="Module472.cpp">
      <Filter>Source Files</Filter>
    </ClCompile>
    <ClCompile Include="Module472.ixx">
      <Filter>Source Files</Filter>
    </ClCompile>
    <ClCompile Include="Module473.cpp">
      <Filter>Source Files</Filter>
    </ClCompile>
    <ClCompile Include="Module473.ixx">
      <Filter>Source Files</Filter>
    </ClCompile>
    <ClCompile Include="Module474.cpp">
      <Filter>Source Files</Filter>
    </ClCompile>
    <ClCompile Include="Module474.ixx">
      <Filter>Source Files</Filter>
    </ClCompile>
    <ClCompile Include="Module475.cpp">
      <Filter>Source Files</Filter>
    </ClCompile>
    <ClCompile Include="Module475.ixx">
      <Filter>Source Files</Filter>
    </ClCompile>
    <ClCompile Include="Module476.cpp">
      <Filter>Source Files</Filter>
    </ClCompile>
    <ClCompile Include="Module476.ixx">
      <Filter>Source Files</Filter>
    </ClCompile>
    <ClCompile Include="Module477.cpp">
      <Filter>Source Files</Filter>
    </ClCompile>
    <ClCompile Include="Module477.ixx">
      <Filter>Source Files</Filter>
    </ClCompile>
    <ClCompile Include="Module478.cpp">
      <Filter>Source Files</Filter>
    </ClCompile>
    <ClCompile Include="Module478.ixx">
      <Filter>Source Files</Filter>
    </ClCompile>
    <ClCompile Include="Module479.cpp">
      <Filter>Source Files</Filter>
    </ClCompile>
    <ClCompile Include="Module479.ixx">
      <Filter>Source Files</Filter>
    </ClCompile>
    <ClCompile Include="Module480.cpp">
      <Filter>Source Files</Filter>
    </ClCompile>
    <ClCompile Include="Module480.ixx">
      <Filter>Source Files</Filter>
    </ClCompile>
    <ClCompile Include="Module481.cpp">
      <Filter>Source Files</Filter>
    </ClCompile>
    <ClCompile Include="Module481.ixx">
      <Filter>Source Files</Filter>
    </ClCompile>
    <ClCompile Include="Module482.cpp">
      <Filter>Source Files</Filter>
    </ClCompile>
    <ClCompile Include="Module482.ixx">
      <Filter>Source Files</Filter>
    </ClCompile>
    <ClCompile Include="Module483.cpp">
      <Filter>Source Files</Filter>
    </ClCompile>
    <ClCompile Include="Module483.ixx">
      <Filter>Source Files</Filter>
    </ClCompile>
    <ClCompile Include="Module484.cpp">
      <Filter>Source Files</Filter>
    </ClCompile>
    <ClCompile Include="Module484.ixx">
      <Filter>Source Files</Filter>
    </ClCompile>
    <ClCompile Include="Module485.cpp">
      <Filter>Source Files</Filter>
    </ClCompile>
    <ClCompile Include="Module485.ixx">
      <Filter>Source Files</Filter>
    </ClCompile>
    <ClCompile Include="Module486.cpp">
      <Filter>Source Files</Filter>
    </ClCompile>
    <ClCompile Include="Module486.ixx">
      <Filter>Source Files</Filter>
    </ClCompile>
    <ClCompile Include="Module487.cpp">
      <Filter>Source Files</Filter>
    </ClCompile>
    <ClCompile Include="Module487.ixx">
      <Filter>Source Files</Filter>
    </ClCompile>
    <ClCompile Include="Module488.cpp">
      <Filter>Source Files</Filter>
    </ClCompile>
    <ClCompile Include="Module488.ixx">
      <Filter>Source Files</Filter>
    </ClCompile>
    <ClCompile Include="Module489.cpp">
      <Filter>Source Files</Filter>
    </ClCompile>
    <ClCompile Include="Module489.ixx">
      <Filter>Source Files</Filter>
    </ClCompile>
    <ClCompile Include="Module490.cpp">
      <Filter>Source Files</Filter>
    </ClCompile>
    <ClCompile Include="Module490.ixx">
      <Filter>Source Files</Filter>
    </ClCompile>
    <ClCompile Include="Module491.cpp">
      <Filter>Source Files</Filter>
    </ClCompile>
    <ClCompile Include="Module491.ixx">
      <Filter>Source Files</Filter>
    </ClCompile>
    <ClCompile Include="Module492.cpp">
      <Filter>Source Files</Filter>
    </ClCompile>
    <ClCompile Include="Module492.ixx">
      <Filter>Source Files</Filter>
    </ClCompile>
    <ClCompile Include="Module493.cpp">
      <Filter>Source Files</Filter>
    </ClCompile>
    <ClCompile Include="Module493.ixx">
      <Filter>Source Files</Filter>
    </ClCompile>
    <ClCompile Include="Module494.cpp">
      <Filter>Source Files</Filter>
    </ClCompile>
    <ClCompile Include="Module494.ixx">
      <Filter>Source Files</Filter>
    </ClCompile>
    <ClCompile Include="Module495.cpp">
      <Filter>Source Files</Filter>
    </ClCompile>
    <ClCompile Include="Module495.ixx">
      <Filter>Source Files</Filter>
    </ClCompile>
    <ClCompile Include="Module496.cpp">
      <Filter>Source Files</Filter>
    </ClCompile>
    <ClCompile Include="Module496.ixx">
      <Filter>Source Files</Filter>
    </ClCompile>
    <ClCompile Include="Module497.cpp">
      <Filter>Source Files</Filter>
    </ClCompile>
    <ClCompile Include="Module497.ixx">
      <Filter>Source Files</Filter>
    </ClCompile>
    <ClCompile Include="Module498.cpp">
      <Filter>Source Files</Filter>
    </ClCompile>
    <ClCompile Include="Module498.ixx">
      <Filter>Source Files</Filter>
    </ClCompile>
    <ClCompile Include="Module499.cpp">
      <Filter>Source Files</Filter>
    </ClCompile>
    <ClCompile Include="Module499.ixx">
      <Filter>Source Files</Filter>
    </ClCompile>
    <ClCompile Include="Module500.cpp">
      <Filter>Source Files</Filter>
    </ClCompile>
    <ClCompile Include="Module500.ixx">
      <Filter>Source Files</Filter>
    </ClCompile>
  </ItemGroup>
  <ItemGroup>
    <ClInclude Include="pch.h">
      <Filter>Header Files</Filter>
    </ClInclude>
    <ClInclude Include="framework.h">
      <Filter>Header Files</Filter>
    </ClInclude>
  </ItemGroup>
</Project>