<?xml version="1.0" encoding="utf-8"?>
<Project ToolsVersion="4.0" xmlns="http://schemas.microsoft.com/developer/msbuild/2003">
  <ItemGroup>
    <Filter Include="Source Files">
      <UniqueIdentifier>{4FC737F1-C7A5-4376-A066-2A32D752A2FF}</UniqueIdentifier>
      <Extensions>cpp;c;cc;cxx;c++;cppm;ixx;def;odl;idl;hpj;bat;asm;asmx</Extensions>
    </Filter>
    <Filter Include="Header Files">
      <UniqueIdentifier>{93995380-89BD-4b04-88EB-625FBE52EBFB}</UniqueIdentifier>
      <Extensions>h;hh;hpp;hxx;h++;hm;inl;inc;ipp;xsd</Extensions>
    </Filter>
    <Filter Include="Resource Files">
      <UniqueIdentifier>{67DA6AB6-F800-4c08-8B7A-83BB121AAD01}</UniqueIdentifier>
      <Extensions>rc;ico;cur;bmp;dlg;rc2;rct;bin;rgs;gif;jpg;jpeg;jpe;resx;tiff;tif;png;wav;mfcribbon-ms</Extensions>
    </Filter>
  </ItemGroup>
  <ItemGroup>
    <ClCompile Include="NoModules-NoPCH.cpp">
      <Filter>Source Files</Filter>
    </ClCompile>
    <ClCompile Include="Class001.cpp">
      <Filter>Source Files</Filter>
    </ClCompile>
    <ClCompile Include="Class002.cpp">
      <Filter>Source Files</Filter>
    </ClCompile>
    <ClCompile Include="Class003.cpp">
      <Filter>Source Files</Filter>
    </ClCompile>
    <ClCompile Include="Class004.cpp">
      <Filter>Source Files</Filter>
    </ClCompile>
    <ClCompile Include="Class005.cpp">
      <Filter>Source Files</Filter>
    </ClCompile>
    <ClCompile Include="Class006.cpp">
      <Filter>Source Files</Filter>
    </ClCompile>
    <ClCompile Include="Class007.cpp">
      <Filter>Source Files</Filter>
    </ClCompile>
    <ClCompile Include="Class008.cpp">
      <Filter>Source Files</Filter>
    </ClCompile>
    <ClCompile Include="Class009.cpp">
      <Filter>Source Files</Filter>
    </ClCompile>
    <ClCompile Include="Class010.cpp">
      <Filter>Source Files</Filter>
    </ClCompile>
    <ClCompile Include="Class011.cpp">
      <Filter>Source Files</Filter>
    </ClCompile>
    <ClCompile Include="Class012.cpp">
      <Filter>Source Files</Filter>
    </ClCompile>
    <ClCompile Include="Class013.cpp">
      <Filter>Source Files</Filter>
    </ClCompile>
    <ClCompile Include="Class014.cpp">
      <Filter>Source Files</Filter>
    </ClCompile>
    <ClCompile Include="Class015.cpp">
      <Filter>Source Files</Filter>
    </ClCompile>
    <ClCompile Include="Class016.cpp">
      <Filter>Source Files</Filter>
    </ClCompile>
    <ClCompile Include="Class017.cpp">
      <Filter>Source Files</Filter>
    </ClCompile>
    <ClCompile Include="Class018.cpp">
      <Filter>Source Files</Filter>
    </ClCompile>
    <ClCompile Include="Class019.cpp">
      <Filter>Source Files</Filter>
    </ClCompile>
    <ClCompile Include="Class020.cpp">
      <Filter>Source Files</Filter>
    </ClCompile>
    <ClCompile Include="Class021.cpp">
      <Filter>Source Files</Filter>
    </ClCompile>
    <ClCompile Include="Class022.cpp">
      <Filter>Source Files</Filter>
    </ClCompile>
    <ClCompile Include="Class023.cpp">
      <Filter>Source Files</Filter>
    </ClCompile>
    <ClCompile Include="Class024.cpp">
      <Filter>Source Files</Filter>
    </ClCompile>
    <ClCompile Include="Class025.cpp">
      <Filter>Source Files</Filter>
    </ClCompile>
    <ClCompile Include="Class026.cpp">
      <Filter>Source Files</Filter>
    </ClCompile>
    <ClCompile Include="Class027.cpp">
      <Filter>Source Files</Filter>
    </ClCompile>
    <ClCompile Include="Class028.cpp">
      <Filter>Source Files</Filter>
    </ClCompile>
    <ClCompile Include="Class029.cpp">
      <Filter>Source Files</Filter>
    </ClCompile>
    <ClCompile Include="Class030.cpp">
      <Filter>Source Files</Filter>
    </ClCompile>
    <ClCompile Include="Class031.cpp">
      <Filter>Source Files</Filter>
    </ClCompile>
    <ClCompile Include="Class032.cpp">
      <Filter>Source Files</Filter>
    </ClCompile>
    <ClCompile Include="Class033.cpp">
      <Filter>Source Files</Filter>
    </ClCompile>
    <ClCompile Include="Class034.cpp">
      <Filter>Source Files</Filter>
    </ClCompile>
    <ClCompile Include="Class035.cpp">
      <Filter>Source Files</Filter>
    </ClCompile>
    <ClCompile Include="Class036.cpp">
      <Filter>Source Files</Filter>
    </ClCompile>
    <ClCompile Include="Class037.cpp">
      <Filter>Source Files</Filter>
    </ClCompile>
    <ClCompile Include="Class038.cpp">
      <Filter>Source Files</Filter>
    </ClCompile>
    <ClCompile Include="Class039.cpp">
      <Filter>Source Files</Filter>
    </ClCompile>
    <ClCompile Include="Class040.cpp">
      <Filter>Source Files</Filter>
    </ClCompile>
    <ClCompile Include="Class041.cpp">
      <Filter>Source Files</Filter>
    </ClCompile>
    <ClCompile Include="Class042.cpp">
      <Filter>Source Files</Filter>
    </ClCompile>
    <ClCompile Include="Class043.cpp">
      <Filter>Source Files</Filter>
    </ClCompile>
    <ClCompile Include="Class044.cpp">
      <Filter>Source Files</Filter>
    </ClCompile>
    <ClCompile Include="Class045.cpp">
      <Filter>Source Files</Filter>
    </ClCompile>
    <ClCompile Include="Class046.cpp">
      <Filter>Source Files</Filter>
    </ClCompile>
    <ClCompile Include="Class047.cpp">
      <Filter>Source Files</Filter>
    </ClCompile>
    <ClCompile Include="Class048.cpp">
      <Filter>Source Files</Filter>
    </ClCompile>
    <ClCompile Include="Class049.cpp">
      <Filter>Source Files</Filter>
    </ClCompile>
    <ClCompile Include="Class050.cpp">
      <Filter>Source Files</Filter>
    </ClCompile>
    <ClCompile Include="Class051.cpp">
      <Filter>Source Files</Filter>
    </ClCompile>
    <ClCompile Include="Class052.cpp">
      <Filter>Source Files</Filter>
    </ClCompile>
    <ClCompile Include="Class053.cpp">
      <Filter>Source Files</Filter>
    </ClCompile>
    <ClCompile Include="Class054.cpp">
      <Filter>Source Files</Filter>
    </ClCompile>
    <ClCompile Include="Class055.cpp">
      <Filter>Source Files</Filter>
    </ClCompile>
    <ClCompile Include="Class056.cpp">
      <Filter>Source Files</Filter>
    </ClCompile>
    <ClCompile Include="Class057.cpp">
      <Filter>Source Files</Filter>
    </ClCompile>
    <ClCompile Include="Class058.cpp">
      <Filter>Source Files</Filter>
    </ClCompile>
    <ClCompile Include="Class059.cpp">
      <Filter>Source Files</Filter>
    </ClCompile>
    <ClCompile Include="Class060.cpp">
      <Filter>Source Files</Filter>
    </ClCompile>
    <ClCompile Include="Class061.cpp">
      <Filter>Source Files</Filter>
    </ClCompile>
    <ClCompile Include="Class062.cpp">
      <Filter>Source Files</Filter>
    </ClCompile>
    <ClCompile Include="Class063.cpp">
      <Filter>Source Files</Filter>
    </ClCompile>
    <ClCompile Include="Class064.cpp">
      <Filter>Source Files</Filter>
    </ClCompile>
    <ClCompile Include="Class065.cpp">
      <Filter>Source Files</Filter>
    </ClCompile>
    <ClCompile Include="Class066.cpp">
      <Filter>Source Files</Filter>
    </ClCompile>
    <ClCompile Include="Class067.cpp">
      <Filter>Source Files</Filter>
    </ClCompile>
    <ClCompile Include="Class068.cpp">
      <Filter>Source Files</Filter>
    </ClCompile>
    <ClCompile Include="Class069.cpp">
      <Filter>Source Files</Filter>
    </ClCompile>
    <ClCompile Include="Class070.cpp">
      <Filter>Source Files</Filter>
    </ClCompile>
    <ClCompile Include="Class071.cpp">
      <Filter>Source Files</Filter>
    </ClCompile>
    <ClCompile Include="Class072.cpp">
      <Filter>Source Files</Filter>
    </ClCompile>
    <ClCompile Include="Class073.cpp">
      <Filter>Source Files</Filter>
    </ClCompile>
    <ClCompile Include="Class074.cpp">
      <Filter>Source Files</Filter>
    </ClCompile>
    <ClCompile Include="Class075.cpp">
      <Filter>Source Files</Filter>
    </ClCompile>
    <ClCompile Include="Class076.cpp">
      <Filter>Source Files</Filter>
    </ClCompile>
    <ClCompile Include="Class077.cpp">
      <Filter>Source Files</Filter>
    </ClCompile>
    <ClCompile Include="Class078.cpp">
      <Filter>Source Files</Filter>
    </ClCompile>
    <ClCompile Include="Class079.cpp">
      <Filter>Source Files</Filter>
    </ClCompile>
    <ClCompile Include="Class080.cpp">
      <Filter>Source Files</Filter>
    </ClCompile>
    <ClCompile Include="Class081.cpp">
      <Filter>Source Files</Filter>
    </ClCompile>
    <ClCompile Include="Class082.cpp">
      <Filter>Source Files</Filter>
    </ClCompile>
    <ClCompile Include="Class083.cpp">
      <Filter>Source Files</Filter>
    </ClCompile>
    <ClCompile Include="Class084.cpp">
      <Filter>Source Files</Filter>
    </ClCompile>
    <ClCompile Include="Class085.cpp">
      <Filter>Source Files</Filter>
    </ClCompile>
    <ClCompile Include="Class086.cpp">
      <Filter>Source Files</Filter>
    </ClCompile>
    <ClCompile Include="Class087.cpp">
      <Filter>Source Files</Filter>
    </ClCompile>
    <ClCompile Include="Class088.cpp">
      <Filter>Source Files</Filter>
    </ClCompile>
    <ClCompile Include="Class089.cpp">
      <Filter>Source Files</Filter>
    </ClCompile>
    <ClCompile Include="Class090.cpp">
      <Filter>Source Files</Filter>
    </ClCompile>
    <ClCompile Include="Class091.cpp">
      <Filter>Source Files</Filter>
    </ClCompile>
    <ClCompile Include="Class092.cpp">
      <Filter>Source Files</Filter>
    </ClCompile>
    <ClCompile Include="Class093.cpp">
      <Filter>Source Files</Filter>
    </ClCompile>
    <ClCompile Include="Class094.cpp">
      <Filter>Source Files</Filter>
    </ClCompile>
    <ClCompile Include="Class095.cpp">
      <Filter>Source Files</Filter>
    </ClCompile>
    <ClCompile Include="Class096.cpp">
      <Filter>Source Files</Filter>
    </ClCompile>
    <ClCompile Include="Class097.cpp">
      <Filter>Source Files</Filter>
    </ClCompile>
    <ClCompile Include="Class098.cpp">
      <Filter>Source Files</Filter>
    </ClCompile>
    <ClCompile Include="Class099.cpp">
      <Filter>Source Files</Filter>
    </ClCompile>
    <ClCompile Include="Class100.cpp">
      <Filter>Source Files</Filter>
    </ClCompile>
    <ClCompile Include="Class101.cpp">
      <Filter>Source Files</Filter>
    </ClCompile>
    <ClCompile Include="Class102.cpp">
      <Filter>Source Files</Filter>
    </ClCompile>
    <ClCompile Include="Class103.cpp">
      <Filter>Source Files</Filter>
    </ClCompile>
    <ClCompile Include="Class104.cpp">
      <Filter>Source Files</Filter>
    </ClCompile>
    <ClCompile Include="Class105.cpp">
      <Filter>Source Files</Filter>
    </ClCompile>
    <ClCompile Include="Class106.cpp">
      <Filter>Source Files</Filter>
    </ClCompile>
    <ClCompile Include="Class107.cpp">
      <Filter>Source Files</Filter>
    </ClCompile>
    <ClCompile Include="Class108.cpp">
      <Filter>Source Files</Filter>
    </ClCompile>
    <ClCompile Include="Class109.cpp">
      <Filter>Source Files</Filter>
    </ClCompile>
    <ClCompile Include="Class110.cpp">
      <Filter>Source Files</Filter>
    </ClCompile>
    <ClCompile Include="Class111.cpp">
      <Filter>Source Files</Filter>
    </ClCompile>
    <ClCompile Include="Class112.cpp">
      <Filter>Source Files</Filter>
    </ClCompile>
    <ClCompile Include="Class113.cpp">
      <Filter>Source Files</Filter>
    </ClCompile>
    <ClCompile Include="Class114.cpp">
      <Filter>Source Files</Filter>
    </ClCompile>
    <ClCompile Include="Class115.cpp">
      <Filter>Source Files</Filter>
    </ClCompile>
    <ClCompile Include="Class116.cpp">
      <Filter>Source Files</Filter>
    </ClCompile>
    <ClCompile Include="Class117.cpp">
      <Filter>Source Files</Filter>
    </ClCompile>
    <ClCompile Include="Class118.cpp">
      <Filter>Source Files</Filter>
    </ClCompile>
    <ClCompile Include="Class119.cpp">
      <Filter>Source Files</Filter>
    </ClCompile>
    <ClCompile Include="Class120.cpp">
      <Filter>Source Files</Filter>
    </ClCompile>
    <ClCompile Include="Class121.cpp">
      <Filter>Source Files</Filter>
    </ClCompile>
    <ClCompile Include="Class122.cpp">
      <Filter>Source Files</Filter>
    </ClCompile>
    <ClCompile Include="Class123.cpp">
      <Filter>Source Files</Filter>
    </ClCompile>
    <ClCompile Include="Class124.cpp">
      <Filter>Source Files</Filter>
    </ClCompile>
    <ClCompile Include="Class125.cpp">
      <Filter>Source Files</Filter>
    </ClCompile>
    <ClCompile Include="Class126.cpp">
      <Filter>Source Files</Filter>
    </ClCompile>
    <ClCompile Include="Class127.cpp">
      <Filter>Source Files</Filter>
    </ClCompile>
    <ClCompile Include="Class128.cpp">
      <Filter>Source Files</Filter>
    </ClCompile>
    <ClCompile Include="Class129.cpp">
      <Filter>Source Files</Filter>
    </ClCompile>
    <ClCompile Include="Class130.cpp">
      <Filter>Source Files</Filter>
    </ClCompile>
    <ClCompile Include="Class131.cpp">
      <Filter>Source Files</Filter>
    </ClCompile>
    <ClCompile Include="Class132.cpp">
      <Filter>Source Files</Filter>
    </ClCompile>
    <ClCompile Include="Class133.cpp">
      <Filter>Source Files</Filter>
    </ClCompile>
    <ClCompile Include="Class134.cpp">
      <Filter>Source Files</Filter>
    </ClCompile>
    <ClCompile Include="Class135.cpp">
      <Filter>Source Files</Filter>
    </ClCompile>
    <ClCompile Include="Class136.cpp">
      <Filter>Source Files</Filter>
    </ClCompile>
    <ClCompile Include="Class137.cpp">
      <Filter>Source Files</Filter>
    </ClCompile>
    <ClCompile Include="Class138.cpp">
      <Filter>Source Files</Filter>
    </ClCompile>
    <ClCompile Include="Class139.cpp">
      <Filter>Source Files</Filter>
    </ClCompile>
    <ClCompile Include="Class140.cpp">
      <Filter>Source Files</Filter>
    </ClCompile>
    <ClCompile Include="Class141.cpp">
      <Filter>Source Files</Filter>
    </ClCompile>
    <ClCompile Include="Class142.cpp">
      <Filter>Source Files</Filter>
    </ClCompile>
    <ClCompile Include="Class143.cpp">
      <Filter>Source Files</Filter>
    </ClCompile>
    <ClCompile Include="Class144.cpp">
      <Filter>Source Files</Filter>
    </ClCompile>
    <ClCompile Include="Class145.cpp">
      <Filter>Source Files</Filter>
    </ClCompile>
    <ClCompile Include="Class146.cpp">
      <Filter>Source Files</Filter>
    </ClCompile>
    <ClCompile Include="Class147.cpp">
      <Filter>Source Files</Filter>
    </ClCompile>
    <ClCompile Include="Class148.cpp">
      <Filter>Source Files</Filter>
    </ClCompile>
    <ClCompile Include="Class149.cpp">
      <Filter>Source Files</Filter>
    </ClCompile>
    <ClCompile Include="Class150.cpp">
      <Filter>Source Files</Filter>
    </ClCompile>
    <ClCompile Include="Class151.cpp">
      <Filter>Source Files</Filter>
    </ClCompile>
    <ClCompile Include="Class152.cpp">
      <Filter>Source Files</Filter>
    </ClCompile>
    <ClCompile Include="Class153.cpp">
      <Filter>Source Files</Filter>
    </ClCompile>
    <ClCompile Include="Class154.cpp">
      <Filter>Source Files</Filter>
    </ClCompile>
    <ClCompile Include="Class155.cpp">
      <Filter>Source Files</Filter>
    </ClCompile>
    <ClCompile Include="Class156.cpp">
      <Filter>Source Files</Filter>
    </ClCompile>
    <ClCompile Include="Class157.cpp">
      <Filter>Source Files</Filter>
    </ClCompile>
    <ClCompile Include="Class158.cpp">
      <Filter>Source Files</Filter>
    </ClCompile>
    <ClCompile Include="Class159.cpp">
      <Filter>Source Files</Filter>
    </ClCompile>
    <ClCompile Include="Class160.cpp">
      <Filter>Source Files</Filter>
    </ClCompile>
    <ClCompile Include="Class161.cpp">
      <Filter>Source Files</Filter>
    </ClCompile>
    <ClCompile Include="Class162.cpp">
      <Filter>Source Files</Filter>
    </ClCompile>
    <ClCompile Include="Class163.cpp">
      <Filter>Source Files</Filter>
    </ClCompile>
    <ClCompile Include="Class164.cpp">
      <Filter>Source Files</Filter>
    </ClCompile>
    <ClCompile Include="Class165.cpp">
      <Filter>Source Files</Filter>
    </ClCompile>
    <ClCompile Include="Class166.cpp">
      <Filter>Source Files</Filter>
    </ClCompile>
    <ClCompile Include="Class167.cpp">
      <Filter>Source Files</Filter>
    </ClCompile>
    <ClCompile Include="Class168.cpp">
      <Filter>Source Files</Filter>
    </ClCompile>
    <ClCompile Include="Class169.cpp">
      <Filter>Source Files</Filter>
    </ClCompile>
    <ClCompile Include="Class170.cpp">
      <Filter>Source Files</Filter>
    </ClCompile>
    <ClCompile Include="Class171.cpp">
      <Filter>Source Files</Filter>
    </ClCompile>
    <ClCompile Include="Class172.cpp">
      <Filter>Source Files</Filter>
    </ClCompile>
    <ClCompile Include="Class173.cpp">
      <Filter>Source Files</Filter>
    </ClCompile>
    <ClCompile Include="Class174.cpp">
      <Filter>Source Files</Filter>
    </ClCompile>
    <ClCompile Include="Class175.cpp">
      <Filter>Source Files</Filter>
    </ClCompile>
    <ClCompile Include="Class176.cpp">
      <Filter>Source Files</Filter>
    </ClCompile>
    <ClCompile Include="Class177.cpp">
      <Filter>Source Files</Filter>
    </ClCompile>
    <ClCompile Include="Class178.cpp">
      <Filter>Source Files</Filter>
    </ClCompile>
    <ClCompile Include="Class179.cpp">
      <Filter>Source Files</Filter>
    </ClCompile>
    <ClCompile Include="Class180.cpp">
      <Filter>Source Files</Filter>
    </ClCompile>
    <ClCompile Include="Class181.cpp">
      <Filter>Source Files</Filter>
    </ClCompile>
    <ClCompile Include="Class182.cpp">
      <Filter>Source Files</Filter>
    </ClCompile>
    <ClCompile Include="Class183.cpp">
      <Filter>Source Files</Filter>
    </ClCompile>
    <ClCompile Include="Class184.cpp">
      <Filter>Source Files</Filter>
    </ClCompile>
    <ClCompile Include="Class185.cpp">
      <Filter>Source Files</Filter>
    </ClCompile>
    <ClCompile Include="Class186.cpp">
      <Filter>Source Files</Filter>
    </ClCompile>
    <ClCompile Include="Class187.cpp">
      <Filter>Source Files</Filter>
    </ClCompile>
    <ClCompile Include="Class188.cpp">
      <Filter>Source Files</Filter>
    </ClCompile>
    <ClCompile Include="Class189.cpp">
      <Filter>Source Files</Filter>
    </ClCompile>
    <ClCompile Include="Class190.cpp">
      <Filter>Source Files</Filter>
    </ClCompile>
    <ClCompile Include="Class191.cpp">
      <Filter>Source Files</Filter>
    </ClCompile>
    <ClCompile Include="Class192.cpp">
      <Filter>Source Files</Filter>
    </ClCompile>
    <ClCompile Include="Class193.cpp">
      <Filter>Source Files</Filter>
    </ClCompile>
    <ClCompile Include="Class194.cpp">
      <Filter>Source Files</Filter>
    </ClCompile>
    <ClCompile Include="Class195.cpp">
      <Filter>Source Files</Filter>
    </ClCompile>
    <ClCompile Include="Class196.cpp">
      <Filter>Source Files</Filter>
    </ClCompile>
    <ClCompile Include="Class197.cpp">
      <Filter>Source Files</Filter>
    </ClCompile>
    <ClCompile Include="Class198.cpp">
      <Filter>Source Files</Filter>
    </ClCompile>
    <ClCompile Include="Class199.cpp">
      <Filter>Source Files</Filter>
    </ClCompile>
    <ClCompile Include="Class200.cpp">
      <Filter>Source Files</Filter>
    </ClCompile>
    <ClCompile Include="Class201.cpp">
      <Filter>Source Files</Filter>
    </ClCompile>
    <ClCompile Include="Class202.cpp">
      <Filter>Source Files</Filter>
    </ClCompile>
    <ClCompile Include="Class203.cpp">
      <Filter>Source Files</Filter>
    </ClCompile>
    <ClCompile Include="Class204.cpp">
      <Filter>Source Files</Filter>
    </ClCompile>
    <ClCompile Include="Class205.cpp">
      <Filter>Source Files</Filter>
    </ClCompile>
    <ClCompile Include="Class206.cpp">
      <Filter>Source Files</Filter>
    </ClCompile>
    <ClCompile Include="Class207.cpp">
      <Filter>Source Files</Filter>
    </ClCompile>
    <ClCompile Include="Class208.cpp">
      <Filter>Source Files</Filter>
    </ClCompile>
    <ClCompile Include="Class209.cpp">
      <Filter>Source Files</Filter>
    </ClCompile>
    <ClCompile Include="Class210.cpp">
      <Filter>Source Files</Filter>
    </ClCompile>
    <ClCompile Include="Class211.cpp">
      <Filter>Source Files</Filter>
    </ClCompile>
    <ClCompile Include="Class212.cpp">
      <Filter>Source Files</Filter>
    </ClCompile>
    <ClCompile Include="Class213.cpp">
      <Filter>Source Files</Filter>
    </ClCompile>
    <ClCompile Include="Class214.cpp">
      <Filter>Source Files</Filter>
    </ClCompile>
    <ClCompile Include="Class215.cpp">
      <Filter>Source Files</Filter>
    </ClCompile>
    <ClCompile Include="Class216.cpp">
      <Filter>Source Files</Filter>
    </ClCompile>
    <ClCompile Include="Class217.cpp">
      <Filter>Source Files</Filter>
    </ClCompile>
    <ClCompile Include="Class218.cpp">
      <Filter>Source Files</Filter>
    </ClCompile>
    <ClCompile Include="Class219.cpp">
      <Filter>Source Files</Filter>
    </ClCompile>
    <ClCompile Include="Class220.cpp">
      <Filter>Source Files</Filter>
    </ClCompile>
    <ClCompile Include="Class221.cpp">
      <Filter>Source Files</Filter>
    </ClCompile>
    <ClCompile Include="Class222.cpp">
      <Filter>Source Files</Filter>
    </ClCompile>
    <ClCompile Include="Class223.cpp">
      <Filter>Source Files</Filter>
    </ClCompile>
    <ClCompile Include="Class224.cpp">
      <Filter>Source Files</Filter>
    </ClCompile>
    <ClCompile Include="Class225.cpp">
      <Filter>Source Files</Filter>
    </ClCompile>
    <ClCompile Include="Class226.cpp">
      <Filter>Source Files</Filter>
    </ClCompile>
    <ClCompile Include="Class227.cpp">
      <Filter>Source Files</Filter>
    </ClCompile>
    <ClCompile Include="Class228.cpp">
      <Filter>Source Files</Filter>
    </ClCompile>
    <ClCompile Include="Class229.cpp">
      <Filter>Source Files</Filter>
    </ClCompile>
    <ClCompile Include="Class230.cpp">
      <Filter>Source Files</Filter>
    </ClCompile>
    <ClCompile Include="Class231.cpp">
      <Filter>Source Files</Filter>
    </ClCompile>
    <ClCompile Include="Class232.cpp">
      <Filter>Source Files</Filter>
    </ClCompile>
    <ClCompile Include="Class233.cpp">
      <Filter>Source Files</Filter>
    </ClCompile>
    <ClCompile Include="Class234.cpp">
      <Filter>Source Files</Filter>
    </ClCompile>
    <ClCompile Include="Class235.cpp">
      <Filter>Source Files</Filter>
    </ClCompile>
    <ClCompile Include="Class236.cpp">
      <Filter>Source Files</Filter>
    </ClCompile>
    <ClCompile Include="Class237.cpp">
      <Filter>Source Files</Filter>
    </ClCompile>
    <ClCompile Include="Class238.cpp">
      <Filter>Source Files</Filter>
    </ClCompile>
    <ClCompile Include="Class239.cpp">
      <Filter>Source Files</Filter>
    </ClCompile>
    <ClCompile Include="Class240.cpp">
      <Filter>Source Files</Filter>
    </ClCompile>
    <ClCompile Include="Class241.cpp">
      <Filter>Source Files</Filter>
    </ClCompile>
    <ClCompile Include="Class242.cpp">
      <Filter>Source Files</Filter>
    </ClCompile>
    <ClCompile Include="Class243.cpp">
      <Filter>Source Files</Filter>
    </ClCompile>
    <ClCompile Include="Class244.cpp">
      <Filter>Source Files</Filter>
    </ClCompile>
    <ClCompile Include="Class245.cpp">
      <Filter>Source Files</Filter>
    </ClCompile>
    <ClCompile Include="Class246.cpp">
      <Filter>Source Files</Filter>
    </ClCompile>
    <ClCompile Include="Class247.cpp">
      <Filter>Source Files</Filter>
    </ClCompile>
    <ClCompile Include="Class248.cpp">
      <Filter>Source Files</Filter>
    </ClCompile>
    <ClCompile Include="Class249.cpp">
      <Filter>Source Files</Filter>
    </ClCompile>
    <ClCompile Include="Class250.cpp">
      <Filter>Source Files</Filter>
    </ClCompile>
    <ClCompile Include="Class251.cpp">
      <Filter>Source Files</Filter>
    </ClCompile>
    <ClCompile Include="Class252.cpp">
      <Filter>Source Files</Filter>
    </ClCompile>
    <ClCompile Include="Class253.cpp">
      <Filter>Source Files</Filter>
    </ClCompile>
    <ClCompile Include="Class254.cpp">
      <Filter>Source Files</Filter>
    </ClCompile>
    <ClCompile Include="Class255.cpp">
      <Filter>Source Files</Filter>
    </ClCompile>
    <ClCompile Include="Class256.cpp">
      <Filter>Source Files</Filter>
    </ClCompile>
    <ClCompile Include="Class257.cpp">
      <Filter>Source Files</Filter>
    </ClCompile>
    <ClCompile Include="Class258.cpp">
      <Filter>Source Files</Filter>
    </ClCompile>
    <ClCompile Include="Class259.cpp">
      <Filter>Source Files</Filter>
    </ClCompile>
    <ClCompile Include="Class260.cpp">
      <Filter>Source Files</Filter>
    </ClCompile>
    <ClCompile Include="Class261.cpp">
      <Filter>Source Files</Filter>
    </ClCompile>
    <ClCompile Include="Class262.cpp">
      <Filter>Source Files</Filter>
    </ClCompile>
    <ClCompile Include="Class263.cpp">
      <Filter>Source Files</Filter>
    </ClCompile>
    <ClCompile Include="Class264.cpp">
      <Filter>Source Files</Filter>
    </ClCompile>
    <ClCompile Include="Class265.cpp">
      <Filter>Source Files</Filter>
    </ClCompile>
    <ClCompile Include="Class266.cpp">
      <Filter>Source Files</Filter>
    </ClCompile>
    <ClCompile Include="Class267.cpp">
      <Filter>Source Files</Filter>
    </ClCompile>
    <ClCompile Include="Class268.cpp">
      <Filter>Source Files</Filter>
    </ClCompile>
    <ClCompile Include="Class269.cpp">
      <Filter>Source Files</Filter>
    </ClCompile>
    <ClCompile Include="Class270.cpp">
      <Filter>Source Files</Filter>
    </ClCompile>
    <ClCompile Include="Class271.cpp">
      <Filter>Source Files</Filter>
    </ClCompile>
    <ClCompile Include="Class272.cpp">
      <Filter>Source Files</Filter>
    </ClCompile>
    <ClCompile Include="Class273.cpp">
      <Filter>Source Files</Filter>
    </ClCompile>
    <ClCompile Include="Class274.cpp">
      <Filter>Source Files</Filter>
    </ClCompile>
    <ClCompile Include="Class275.cpp">
      <Filter>Source Files</Filter>
    </ClCompile>
    <ClCompile Include="Class276.cpp">
      <Filter>Source Files</Filter>
    </ClCompile>
    <ClCompile Include="Class277.cpp">
      <Filter>Source Files</Filter>
    </ClCompile>
    <ClCompile Include="Class278.cpp">
      <Filter>Source Files</Filter>
    </ClCompile>
    <ClCompile Include="Class279.cpp">
      <Filter>Source Files</Filter>
    </ClCompile>
    <ClCompile Include="Class280.cpp">
      <Filter>Source Files</Filter>
    </ClCompile>
    <ClCompile Include="Class281.cpp">
      <Filter>Source Files</Filter>
    </ClCompile>
    <ClCompile Include="Class282.cpp">
      <Filter>Source Files</Filter>
    </ClCompile>
    <ClCompile Include="Class283.cpp">
      <Filter>Source Files</Filter>
    </ClCompile>
    <ClCompile Include="Class284.cpp">
      <Filter>Source Files</Filter>
    </ClCompile>
    <ClCompile Include="Class285.cpp">
      <Filter>Source Files</Filter>
    </ClCompile>
    <ClCompile Include="Class286.cpp">
      <Filter>Source Files</Filter>
    </ClCompile>
    <ClCompile Include="Class287.cpp">
      <Filter>Source Files</Filter>
    </ClCompile>
    <ClCompile Include="Class288.cpp">
      <Filter>Source Files</Filter>
    </ClCompile>
    <ClCompile Include="Class289.cpp">
      <Filter>Source Files</Filter>
    </ClCompile>
    <ClCompile Include="Class290.cpp">
      <Filter>Source Files</Filter>
    </ClCompile>
    <ClCompile Include="Class291.cpp">
      <Filter>Source Files</Filter>
    </ClCompile>
    <ClCompile Include="Class292.cpp">
      <Filter>Source Files</Filter>
    </ClCompile>
    <ClCompile Include="Class293.cpp">
      <Filter>Source Files</Filter>
    </ClCompile>
    <ClCompile Include="Class294.cpp">
      <Filter>Source Files</Filter>
    </ClCompile>
    <ClCompile Include="Class295.cpp">
      <Filter>Source Files</Filter>
    </ClCompile>
    <ClCompile Include="Class296.cpp">
      <Filter>Source Files</Filter>
    </ClCompile>
    <ClCompile Include="Class297.cpp">
      <Filter>Source Files</Filter>
    </ClCompile>
    <ClCompile Include="Class298.cpp">
      <Filter>Source Files</Filter>
    </ClCompile>
    <ClCompile Include="Class299.cpp">
      <Filter>Source Files</Filter>
    </ClCompile>
    <ClCompile Include="Class300.cpp">
      <Filter>Source Files</Filter>
    </ClCompile>
    <ClCompile Include="Class301.cpp">
      <Filter>Source Files</Filter>
    </ClCompile>
    <ClCompile Include="Class302.cpp">
      <Filter>Source Files</Filter>
    </ClCompile>
    <ClCompile Include="Class303.cpp">
      <Filter>Source Files</Filter>
    </ClCompile>
    <ClCompile Include="Class304.cpp">
      <Filter>Source Files</Filter>
    </ClCompile>
    <ClCompile Include="Class305.cpp">
      <Filter>Source Files</Filter>
    </ClCompile>
    <ClCompile Include="Class306.cpp">
      <Filter>Source Files</Filter>
    </ClCompile>
    <ClCompile Include="Class307.cpp">
      <Filter>Source Files</Filter>
    </ClCompile>
    <ClCompile Include="Class308.cpp">
      <Filter>Source Files</Filter>
    </ClCompile>
    <ClCompile Include="Class309.cpp">
      <Filter>Source Files</Filter>
    </ClCompile>
    <ClCompile Include="Class310.cpp">
      <Filter>Source Files</Filter>
    </ClCompile>
    <ClCompile Include="Class311.cpp">
      <Filter>Source Files</Filter>
    </ClCompile>
    <ClCompile Include="Class312.cpp">
      <Filter>Source Files</Filter>
    </ClCompile>
    <ClCompile Include="Class313.cpp">
      <Filter>Source Files</Filter>
    </ClCompile>
    <ClCompile Include="Class314.cpp">
      <Filter>Source Files</Filter>
    </ClCompile>
    <ClCompile Include="Class315.cpp">
      <Filter>Source Files</Filter>
    </ClCompile>
    <ClCompile Include="Class316.cpp">
      <Filter>Source Files</Filter>
    </ClCompile>
    <ClCompile Include="Class317.cpp">
      <Filter>Source Files</Filter>
    </ClCompile>
    <ClCompile Include="Class318.cpp">
      <Filter>Source Files</Filter>
    </ClCompile>
    <ClCompile Include="Class319.cpp">
      <Filter>Source Files</Filter>
    </ClCompile>
    <ClCompile Include="Class320.cpp">
      <Filter>Source Files</Filter>
    </ClCompile>
    <ClCompile Include="Class321.cpp">
      <Filter>Source Files</Filter>
    </ClCompile>
    <ClCompile Include="Class322.cpp">
      <Filter>Source Files</Filter>
    </ClCompile>
    <ClCompile Include="Class323.cpp">
      <Filter>Source Files</Filter>
    </ClCompile>
    <ClCompile Include="Class324.cpp">
      <Filter>Source Files</Filter>
    </ClCompile>
    <ClCompile Include="Class325.cpp">
      <Filter>Source Files</Filter>
    </ClCompile>
    <ClCompile Include="Class326.cpp">
      <Filter>Source Files</Filter>
    </ClCompile>
    <ClCompile Include="Class327.cpp">
      <Filter>Source Files</Filter>
    </ClCompile>
    <ClCompile Include="Class328.cpp">
      <Filter>Source Files</Filter>
    </ClCompile>
    <ClCompile Include="Class329.cpp">
      <Filter>Source Files</Filter>
    </ClCompile>
    <ClCompile Include="Class330.cpp">
      <Filter>Source Files</Filter>
    </ClCompile>
    <ClCompile Include="Class331.cpp">
      <Filter>Source Files</Filter>
    </ClCompile>
    <ClCompile Include="Class332.cpp">
      <Filter>Source Files</Filter>
    </ClCompile>
    <ClCompile Include="Class333.cpp">
      <Filter>Source Files</Filter>
    </ClCompile>
    <ClCompile Include="Class334.cpp">
      <Filter>Source Files</Filter>
    </ClCompile>
    <ClCompile Include="Class335.cpp">
      <Filter>Source Files</Filter>
    </ClCompile>
    <ClCompile Include="Class336.cpp">
      <Filter>Source Files</Filter>
    </ClCompile>
    <ClCompile Include="Class337.cpp">
      <Filter>Source Files</Filter>
    </ClCompile>
    <ClCompile Include="Class338.cpp">
      <Filter>Source Files</Filter>
    </ClCompile>
    <ClCompile Include="Class339.cpp">
      <Filter>Source Files</Filter>
    </ClCompile>
    <ClCompile Include="Class340.cpp">
      <Filter>Source Files</Filter>
    </ClCompile>
    <ClCompile Include="Class341.cpp">
      <Filter>Source Files</Filter>
    </ClCompile>
    <ClCompile Include="Class342.cpp">
      <Filter>Source Files</Filter>
    </ClCompile>
    <ClCompile Include="Class343.cpp">
      <Filter>Source Files</Filter>
    </ClCompile>
    <ClCompile Include="Class344.cpp">
      <Filter>Source Files</Filter>
    </ClCompile>
    <ClCompile Include="Class345.cpp">
      <Filter>Source Files</Filter>
    </ClCompile>
    <ClCompile Include="Class346.cpp">
      <Filter>Source Files</Filter>
    </ClCompile>
    <ClCompile Include="Class347.cpp">
      <Filter>Source Files</Filter>
    </ClCompile>
    <ClCompile Include="Class348.cpp">
      <Filter>Source Files</Filter>
    </ClCompile>
    <ClCompile Include="Class349.cpp">
      <Filter>Source Files</Filter>
    </ClCompile>
    <ClCompile Include="Class350.cpp">
      <Filter>Source Files</Filter>
    </ClCompile>
    <ClCompile Include="Class351.cpp">
      <Filter>Source Files</Filter>
    </ClCompile>
    <ClCompile Include="Class352.cpp">
      <Filter>Source Files</Filter>
    </ClCompile>
    <ClCompile Include="Class353.cpp">
      <Filter>Source Files</Filter>
    </ClCompile>
    <ClCompile Include="Class354.cpp">
      <Filter>Source Files</Filter>
    </ClCompile>
    <ClCompile Include="Class355.cpp">
      <Filter>Source Files</Filter>
    </ClCompile>
    <ClCompile Include="Class356.cpp">
      <Filter>Source Files</Filter>
    </ClCompile>
    <ClCompile Include="Class357.cpp">
      <Filter>Source Files</Filter>
    </ClCompile>
    <ClCompile Include="Class358.cpp">
      <Filter>Source Files</Filter>
    </ClCompile>
    <ClCompile Include="Class359.cpp">
      <Filter>Source Files</Filter>
    </ClCompile>
    <ClCompile Include="Class360.cpp">
      <Filter>Source Files</Filter>
    </ClCompile>
    <ClCompile Include="Class361.cpp">
      <Filter>Source Files</Filter>
    </ClCompile>
    <ClCompile Include="Class362.cpp">
      <Filter>Source Files</Filter>
    </ClCompile>
    <ClCompile Include="Class363.cpp">
      <Filter>Source Files</Filter>
    </ClCompile>
    <ClCompile Include="Class364.cpp">
      <Filter>Source Files</Filter>
    </ClCompile>
    <ClCompile Include="Class365.cpp">
      <Filter>Source Files</Filter>
    </ClCompile>
    <ClCompile Include="Class366.cpp">
      <Filter>Source Files</Filter>
    </ClCompile>
    <ClCompile Include="Class367.cpp">
      <Filter>Source Files</Filter>
    </ClCompile>
    <ClCompile Include="Class368.cpp">
      <Filter>Source Files</Filter>
    </ClCompile>
    <ClCompile Include="Class369.cpp">
      <Filter>Source Files</Filter>
    </ClCompile>
    <ClCompile Include="Class370.cpp">
      <Filter>Source Files</Filter>
    </ClCompile>
    <ClCompile Include="Class371.cpp">
      <Filter>Source Files</Filter>
    </ClCompile>
    <ClCompile Include="Class372.cpp">
      <Filter>Source Files</Filter>
    </ClCompile>
    <ClCompile Include="Class373.cpp">
      <Filter>Source Files</Filter>
    </ClCompile>
    <ClCompile Include="Class374.cpp">
      <Filter>Source Files</Filter>
    </ClCompile>
    <ClCompile Include="Class375.cpp">
      <Filter>Source Files</Filter>
    </ClCompile>
    <ClCompile Include="Class376.cpp">
      <Filter>Source Files</Filter>
    </ClCompile>
    <ClCompile Include="Class377.cpp">
      <Filter>Source Files</Filter>
    </ClCompile>
    <ClCompile Include="Class378.cpp">
      <Filter>Source Files</Filter>
    </ClCompile>
    <ClCompile Include="Class379.cpp">
      <Filter>Source Files</Filter>
    </ClCompile>
    <ClCompile Include="Class380.cpp">
      <Filter>Source Files</Filter>
    </ClCompile>
    <ClCompile Include="Class381.cpp">
      <Filter>Source Files</Filter>
    </ClCompile>
    <ClCompile Include="Class382.cpp">
      <Filter>Source Files</Filter>
    </ClCompile>
    <ClCompile Include="Class383.cpp">
      <Filter>Source Files</Filter>
    </ClCompile>
    <ClCompile Include="Class384.cpp">
      <Filter>Source Files</Filter>
    </ClCompile>
    <ClCompile Include="Class385.cpp">
      <Filter>Source Files</Filter>
    </ClCompile>
    <ClCompile Include="Class386.cpp">
      <Filter>Source Files</Filter>
    </ClCompile>
    <ClCompile Include="Class387.cpp">
      <Filter>Source Files</Filter>
    </ClCompile>
    <ClCompile Include="Class388.cpp">
      <Filter>Source Files</Filter>
    </ClCompile>
    <ClCompile Include="Class389.cpp">
      <Filter>Source Files</Filter>
    </ClCompile>
    <ClCompile Include="Class390.cpp">
      <Filter>Source Files</Filter>
    </ClCompile>
    <ClCompile Include="Class391.cpp">
      <Filter>Source Files</Filter>
    </ClCompile>
    <ClCompile Include="Class392.cpp">
      <Filter>Source Files</Filter>
    </ClCompile>
    <ClCompile Include="Class393.cpp">
      <Filter>Source Files</Filter>
    </ClCompile>
    <ClCompile Include="Class394.cpp">
      <Filter>Source Files</Filter>
    </ClCompile>
    <ClCompile Include="Class395.cpp">
      <Filter>Source Files</Filter>
    </ClCompile>
    <ClCompile Include="Class396.cpp">
      <Filter>Source Files</Filter>
    </ClCompile>
    <ClCompile Include="Class397.cpp">
      <Filter>Source Files</Filter>
    </ClCompile>
    <ClCompile Include="Class398.cpp">
      <Filter>Source Files</Filter>
    </ClCompile>
    <ClCompile Include="Class399.cpp">
      <Filter>Source Files</Filter>
    </ClCompile>
    <ClCompile Include="Class400.cpp">
      <Filter>Source Files</Filter>
    </ClCompile>
    <ClCompile Include="Class401.cpp">
      <Filter>Source Files</Filter>
    </ClCompile>
    <ClCompile Include="Class402.cpp">
      <Filter>Source Files</Filter>
    </ClCompile>
    <ClCompile Include="Class403.cpp">
      <Filter>Source Files</Filter>
    </ClCompile>
    <ClCompile Include="Class404.cpp">
      <Filter>Source Files</Filter>
    </ClCompile>
    <ClCompile Include="Class405.cpp">
      <Filter>Source Files</Filter>
    </ClCompile>
    <ClCompile Include="Class406.cpp">
      <Filter>Source Files</Filter>
    </ClCompile>
    <ClCompile Include="Class407.cpp">
      <Filter>Source Files</Filter>
    </ClCompile>
    <ClCompile Include="Class408.cpp">
      <Filter>Source Files</Filter>
    </ClCompile>
    <ClCompile Include="Class409.cpp">
      <Filter>Source Files</Filter>
    </ClCompile>
    <ClCompile Include="Class410.cpp">
      <Filter>Source Files</Filter>
    </ClCompile>
    <ClCompile Include="Class411.cpp">
      <Filter>Source Files</Filter>
    </ClCompile>
    <ClCompile Include="Class412.cpp">
      <Filter>Source Files</Filter>
    </ClCompile>
    <ClCompile Include="Class413.cpp">
      <Filter>Source Files</Filter>
    </ClCompile>
    <ClCompile Include="Class414.cpp">
      <Filter>Source Files</Filter>
    </ClCompile>
    <ClCompile Include="Class415.cpp">
      <Filter>Source Files</Filter>
    </ClCompile>
    <ClCompile Include="Class416.cpp">
      <Filter>Source Files</Filter>
    </ClCompile>
    <ClCompile Include="Class417.cpp">
      <Filter>Source Files</Filter>
    </ClCompile>
    <ClCompile Include="Class418.cpp">
      <Filter>Source Files</Filter>
    </ClCompile>
    <ClCompile Include="Class419.cpp">
      <Filter>Source Files</Filter>
    </ClCompile>
    <ClCompile Include="Class420.cpp">
      <Filter>Source Files</Filter>
    </ClCompile>
    <ClCompile Include="Class421.cpp">
      <Filter>Source Files</Filter>
    </ClCompile>
    <ClCompile Include="Class422.cpp">
      <Filter>Source Files</Filter>
    </ClCompile>
    <ClCompile Include="Class423.cpp">
      <Filter>Source Files</Filter>
    </ClCompile>
    <ClCompile Include="Class424.cpp">
      <Filter>Source Files</Filter>
    </ClCompile>
    <ClCompile Include="Class425.cpp">
      <Filter>Source Files</Filter>
    </ClCompile>
    <ClCompile Include="Class426.cpp">
      <Filter>Source Files</Filter>
    </ClCompile>
    <ClCompile Include="Class427.cpp">
      <Filter>Source Files</Filter>
    </ClCompile>
    <ClCompile Include="Class428.cpp">
      <Filter>Source Files</Filter>
    </ClCompile>
    <ClCompile Include="Class429.cpp">
      <Filter>Source Files</Filter>
    </ClCompile>
    <ClCompile Include="Class430.cpp">
      <Filter>Source Files</Filter>
    </ClCompile>
    <ClCompile Include="Class431.cpp">
      <Filter>Source Files</Filter>
    </ClCompile>
    <ClCompile Include="Class432.cpp">
      <Filter>Source Files</Filter>
    </ClCompile>
    <ClCompile Include="Class433.cpp">
      <Filter>Source Files</Filter>
    </ClCompile>
    <ClCompile Include="Class434.cpp">
      <Filter>Source Files</Filter>
    </ClCompile>
    <ClCompile Include="Class435.cpp">
      <Filter>Source Files</Filter>
    </ClCompile>
    <ClCompile Include="Class436.cpp">
      <Filter>Source Files</Filter>
    </ClCompile>
    <ClCompile Include="Class437.cpp">
      <Filter>Source Files</Filter>
    </ClCompile>
    <ClCompile Include="Class438.cpp">
      <Filter>Source Files</Filter>
    </ClCompile>
    <ClCompile Include="Class439.cpp">
      <Filter>Source Files</Filter>
    </ClCompile>
    <ClCompile Include="Class440.cpp">
      <Filter>Source Files</Filter>
    </ClCompile>
    <ClCompile Include="Class441.cpp">
      <Filter>Source Files</Filter>
    </ClCompile>
    <ClCompile Include="Class442.cpp">
      <Filter>Source Files</Filter>
    </ClCompile>
    <ClCompile Include="Class443.cpp">
      <Filter>Source Files</Filter>
    </ClCompile>
    <ClCompile Include="Class444.cpp">
      <Filter>Source Files</Filter>
    </ClCompile>
    <ClCompile Include="Class445.cpp">
      <Filter>Source Files</Filter>
    </ClCompile>
    <ClCompile Include="Class446.cpp">
      <Filter>Source Files</Filter>
    </ClCompile>
    <ClCompile Include="Class447.cpp">
      <Filter>Source Files</Filter>
    </ClCompile>
    <ClCompile Include="Class448.cpp">
      <Filter>Source Files</Filter>
    </ClCompile>
    <ClCompile Include="Class449.cpp">
      <Filter>Source Files</Filter>
    </ClCompile>
    <ClCompile Include="Class450.cpp">
      <Filter>Source Files</Filter>
    </ClCompile>
    <ClCompile Include="Class451.cpp">
      <Filter>Source Files</Filter>
    </ClCompile>
    <ClCompile Include="Class452.cpp">
      <Filter>Source Files</Filter>
    </ClCompile>
    <ClCompile Include="Class453.cpp">
      <Filter>Source Files</Filter>
    </ClCompile>
    <ClCompile Include="Class454.cpp">
      <Filter>Source Files</Filter>
    </ClCompile>
    <ClCompile Include="Class455.cpp">
      <Filter>Source Files</Filter>
    </ClCompile>
    <ClCompile Include="Class456.cpp">
      <Filter>Source Files</Filter>
    </ClCompile>
    <ClCompile Include="Class457.cpp">
      <Filter>Source Files</Filter>
    </ClCompile>
    <ClCompile Include="Class458.cpp">
      <Filter>Source Files</Filter>
    </ClCompile>
    <ClCompile Include="Class459.cpp">
      <Filter>Source Files</Filter>
    </ClCompile>
    <ClCompile Include="Class460.cpp">
      <Filter>Source Files</Filter>
    </ClCompile>
    <ClCompile Include="Class461.cpp">
      <Filter>Source Files</Filter>
    </ClCompile>
    <ClCompile Include="Class462.cpp">
      <Filter>Source Files</Filter>
    </ClCompile>
    <ClCompile Include="Class463.cpp">
      <Filter>Source Files</Filter>
    </ClCompile>
    <ClCompile Include="Class464.cpp">
      <Filter>Source Files</Filter>
    </ClCompile>
    <ClCompile Include="Class465.cpp">
      <Filter>Source Files</Filter>
    </ClCompile>
    <ClCompile Include="Class466.cpp">
      <Filter>Source Files</Filter>
    </ClCompile>
    <ClCompile Include="Class467.cpp">
      <Filter>Source Files</Filter>
    </ClCompile>
    <ClCompile Include="Class468.cpp">
      <Filter>Source Files</Filter>
    </ClCompile>
    <ClCompile Include="Class469.cpp">
      <Filter>Source Files</Filter>
    </ClCompile>
    <ClCompile Include="Class470.cpp">
      <Filter>Source Files</Filter>
    </ClCompile>
    <ClCompile Include="Class471.cpp">
      <Filter>Source Files</Filter>
    </ClCompile>
    <ClCompile Include="Class472.cpp">
      <Filter>Source Files</Filter>
    </ClCompile>
    <ClCompile Include="Class473.cpp">
      <Filter>Source Files</Filter>
    </ClCompile>
    <ClCompile Include="Class474.cpp">
      <Filter>Source Files</Filter>
    </ClCompile>
    <ClCompile Include="Class475.cpp">
      <Filter>Source Files</Filter>
    </ClCompile>
    <ClCompile Include="Class476.cpp">
      <Filter>Source Files</Filter>
    </ClCompile>
    <ClCompile Include="Class477.cpp">
      <Filter>Source Files</Filter>
    </ClCompile>
    <ClCompile Include="Class478.cpp">
      <Filter>Source Files</Filter>
    </ClCompile>
    <ClCompile Include="Class479.cpp">
      <Filter>Source Files</Filter>
    </ClCompile>
    <ClCompile Include="Class480.cpp">
      <Filter>Source Files</Filter>
    </ClCompile>
    <ClCompile Include="Class481.cpp">
      <Filter>Source Files</Filter>
    </ClCompile>
    <ClCompile Include="Class482.cpp">
      <Filter>Source Files</Filter>
    </ClCompile>
    <ClCompile Include="Class483.cpp">
      <Filter>Source Files</Filter>
    </ClCompile>
    <ClCompile Include="Class484.cpp">
      <Filter>Source Files</Filter>
    </ClCompile>
    <ClCompile Include="Class485.cpp">
      <Filter>Source Files</Filter>
    </ClCompile>
    <ClCompile Include="Class486.cpp">
      <Filter>Source Files</Filter>
    </ClCompile>
    <ClCompile Include="Class487.cpp">
      <Filter>Source Files</Filter>
    </ClCompile>
    <ClCompile Include="Class488.cpp">
      <Filter>Source Files</Filter>
    </ClCompile>
    <ClCompile Include="Class489.cpp">
      <Filter>Source Files</Filter>
    </ClCompile>
    <ClCompile Include="Class490.cpp">
      <Filter>Source Files</Filter>
    </ClCompile>
    <ClCompile Include="Class491.cpp">
      <Filter>Source Files</Filter>
    </ClCompile>
    <ClCompile Include="Class492.cpp">
      <Filter>Source Files</Filter>
    </ClCompile>
    <ClCompile Include="Class493.cpp">
      <Filter>Source Files</Filter>
    </ClCompile>
    <ClCompile Include="Class494.cpp">
      <Filter>Source Files</Filter>
    </ClCompile>
    <ClCompile Include="Class495.cpp">
      <Filter>Source Files</Filter>
    </ClCompile>
    <ClCompile Include="Class496.cpp">
      <Filter>Source Files</Filter>
    </ClCompile>
    <ClCompile Include="Class497.cpp">
      <Filter>Source Files</Filter>
    </ClCompile>
    <ClCompile Include="Class498.cpp">
      <Filter>Source Files</Filter>
    </ClCompile>
    <ClCompile Include="Class499.cpp">
      <Filter>Source Files</Filter>
    </ClCompile>
    <ClCompile Include="Class500.cpp">
      <Filter>Source Files</Filter>
    </ClCompile>
  </ItemGroup>
  <ItemGroup>
    <ClInclude Include="Class001.h">
      <Filter>Header Files</Filter>
    </ClInclude>
    <ClInclude Include="framework.h">
      <Filter>Header Files</Filter>
    </ClInclude>
    <ClInclude Include="Class002.h">
      <Filter>Header Files</Filter>
    </ClInclude>
    <ClInclude Include="Class003.h">
      <Filter>Header Files</Filter>
    </ClInclude>
    <ClInclude Include="Class004.h">
      <Filter>Header Files</Filter>
    </ClInclude>
    <ClInclude Include="Class005.h">
      <Filter>Header Files</Filter>
    </ClInclude>
    <ClInclude Include="Class006.h">
      <Filter>Header Files</Filter>
    </ClInclude>
    <ClInclude Include="Class007.h">
      <Filter>Header Files</Filter>
    </ClInclude>
    <ClInclude Include="Class008.h">
      <Filter>Header Files</Filter>
    </ClInclude>
    <ClInclude Include="Class009.h">
      <Filter>Header Files</Filter>
    </ClInclude>
    <ClInclude Include="Class010.h">
      <Filter>Header Files</Filter>
    </ClInclude>
    <ClInclude Include="Class011.h">
      <Filter>Header Files</Filter>
    </ClInclude>
    <ClInclude Include="Class012.h">
      <Filter>Header Files</Filter>
    </ClInclude>
    <ClInclude Include="Class013.h">
      <Filter>Header Files</Filter>
    </ClInclude>
    <ClInclude Include="Class014.h">
      <Filter>Header Files</Filter>
    </ClInclude>
    <ClInclude Include="Class015.h">
      <Filter>Header Files</Filter>
    </ClInclude>
    <ClInclude Include="Class016.h">
      <Filter>Header Files</Filter>
    </ClInclude>
    <ClInclude Include="Class017.h">
      <Filter>Header Files</Filter>
    </ClInclude>
    <ClInclude Include="Class018.h">
      <Filter>Header Files</Filter>
    </ClInclude>
    <ClInclude Include="Class019.h">
      <Filter>Header Files</Filter>
    </ClInclude>
    <ClInclude Include="Class020.h">
      <Filter>Header Files</Filter>
    </ClInclude>
    <ClInclude Include="Class021.h">
      <Filter>Header Files</Filter>
    </ClInclude>
    <ClInclude Include="Class022.h">
      <Filter>Header Files</Filter>
    </ClInclude>
    <ClInclude Include="Class023.h">
      <Filter>Header Files</Filter>
    </ClInclude>
    <ClInclude Include="Class024.h">
      <Filter>Header Files</Filter>
    </ClInclude>
    <ClInclude Include="Class025.h">
      <Filter>Header Files</Filter>
    </ClInclude>
    <ClInclude Include="Class026.h">
      <Filter>Header Files</Filter>
    </ClInclude>
    <ClInclude Include="Class027.h">
      <Filter>Header Files</Filter>
    </ClInclude>
    <ClInclude Include="Class028.h">
      <Filter>Header Files</Filter>
    </ClInclude>
    <ClInclude Include="Class029.h">
      <Filter>Header Files</Filter>
    </ClInclude>
    <ClInclude Include="Class030.h">
      <Filter>Header Files</Filter>
    </ClInclude>
    <ClInclude Include="Class031.h">
      <Filter>Header Files</Filter>
    </ClInclude>
    <ClInclude Include="Class032.h">
      <Filter>Header Files</Filter>
    </ClInclude>
    <ClInclude Include="Class033.h">
      <Filter>Header Files</Filter>
    </ClInclude>
    <ClInclude Include="Class034.h">
      <Filter>Header Files</Filter>
    </ClInclude>
    <ClInclude Include="Class035.h">
      <Filter>Header Files</Filter>
    </ClInclude>
    <ClInclude Include="Class036.h">
      <Filter>Header Files</Filter>
    </ClInclude>
    <ClInclude Include="Class037.h">
      <Filter>Header Files</Filter>
    </ClInclude>
    <ClInclude Include="Class038.h">
      <Filter>Header Files</Filter>
    </ClInclude>
    <ClInclude Include="Class039.h">
      <Filter>Header Files</Filter>
    </ClInclude>
    <ClInclude Include="Class040.h">
      <Filter>Header Files</Filter>
    </ClInclude>
    <ClInclude Include="Class041.h">
      <Filter>Header Files</Filter>
    </ClInclude>
    <ClInclude Include="Class042.h">
      <Filter>Header Files</Filter>
    </ClInclude>
    <ClInclude Include="Class043.h">
      <Filter>Header Files</Filter>
    </ClInclude>
    <ClInclude Include="Class044.h">
      <Filter>Header Files</Filter>
    </ClInclude>
    <ClInclude Include="Class045.h">
      <Filter>Header Files</Filter>
    </ClInclude>
    <ClInclude Include="Class046.h">
      <Filter>Header Files</Filter>
    </ClInclude>
    <ClInclude Include="Class047.h">
      <Filter>Header Files</Filter>
    </ClInclude>
    <ClInclude Include="Class048.h">
      <Filter>Header Files</Filter>
    </ClInclude>
    <ClInclude Include="Class049.h">
      <Filter>Header Files</Filter>
    </ClInclude>
    <ClInclude Include="Class050.h">
      <Filter>Header Files</Filter>
    </ClInclude>
    <ClInclude Include="Class051.h">
      <Filter>Header Files</Filter>
    </ClInclude>
    <ClInclude Include="Class052.h">
      <Filter>Header Files</Filter>
    </ClInclude>
    <ClInclude Include="Class053.h">
      <Filter>Header Files</Filter>
    </ClInclude>
    <ClInclude Include="Class054.h">
      <Filter>Header Files</Filter>
    </ClInclude>
    <ClInclude Include="Class055.h">
      <Filter>Header Files</Filter>
    </ClInclude>
    <ClInclude Include="Class056.h">
      <Filter>Header Files</Filter>
    </ClInclude>
    <ClInclude Include="Class057.h">
      <Filter>Header Files</Filter>
    </ClInclude>
    <ClInclude Include="Class058.h">
      <Filter>Header Files</Filter>
    </ClInclude>
    <ClInclude Include="Class059.h">
      <Filter>Header Files</Filter>
    </ClInclude>
    <ClInclude Include="Class060.h">
      <Filter>Header Files</Filter>
    </ClInclude>
    <ClInclude Include="Class061.h">
      <Filter>Header Files</Filter>
    </ClInclude>
    <ClInclude Include="Class062.h">
      <Filter>Header Files</Filter>
    </ClInclude>
    <ClInclude Include="Class063.h">
      <Filter>Header Files</Filter>
    </ClInclude>
    <ClInclude Include="Class064.h">
      <Filter>Header Files</Filter>
    </ClInclude>
    <ClInclude Include="Class065.h">
      <Filter>Header Files</Filter>
    </ClInclude>
    <ClInclude Include="Class066.h">
      <Filter>Header Files</Filter>
    </ClInclude>
    <ClInclude Include="Class067.h">
      <Filter>Header Files</Filter>
    </ClInclude>
    <ClInclude Include="Class068.h">
      <Filter>Header Files</Filter>
    </ClInclude>
    <ClInclude Include="Class069.h">
      <Filter>Header Files</Filter>
    </ClInclude>
    <ClInclude Include="Class070.h">
      <Filter>Header Files</Filter>
    </ClInclude>
    <ClInclude Include="Class071.h">
      <Filter>Header Files</Filter>
    </ClInclude>
    <ClInclude Include="Class072.h">
      <Filter>Header Files</Filter>
    </ClInclude>
    <ClInclude Include="Class073.h">
      <Filter>Header Files</Filter>
    </ClInclude>
    <ClInclude Include="Class074.h">
      <Filter>Header Files</Filter>
    </ClInclude>
    <ClInclude Include="Class075.h">
      <Filter>Header Files</Filter>
    </ClInclude>
    <ClInclude Include="Class076.h">
      <Filter>Header Files</Filter>
    </ClInclude>
    <ClInclude Include="Class077.h">
      <Filter>Header Files</Filter>
    </ClInclude>
    <ClInclude Include="Class078.h">
      <Filter>Header Files</Filter>
    </ClInclude>
    <ClInclude Include="Class079.h">
      <Filter>Header Files</Filter>
    </ClInclude>
    <ClInclude Include="Class080.h">
      <Filter>Header Files</Filter>
    </ClInclude>
    <ClInclude Include="Class081.h">
      <Filter>Header Files</Filter>
    </ClInclude>
    <ClInclude Include="Class082.h">
      <Filter>Header Files</Filter>
    </ClInclude>
    <ClInclude Include="Class083.h">
      <Filter>Header Files</Filter>
    </ClInclude>
    <ClInclude Include="Class084.h">
      <Filter>Header Files</Filter>
    </ClInclude>
    <ClInclude Include="Class085.h">
      <Filter>Header Files</Filter>
    </ClInclude>
    <ClInclude Include="Class086.h">
      <Filter>Header Files</Filter>
    </ClInclude>
    <ClInclude Include="Class087.h">
      <Filter>Header Files</Filter>
    </ClInclude>
    <ClInclude Include="Class088.h">
      <Filter>Header Files</Filter>
    </ClInclude>
    <ClInclude Include="Class089.h">
      <Filter>Header Files</Filter>
    </ClInclude>
    <ClInclude Include="Class090.h">
      <Filter>Header Files</Filter>
    </ClInclude>
    <ClInclude Include="Class091.h">
      <Filter>Header Files</Filter>
    </ClInclude>
    <ClInclude Include="Class092.h">
      <Filter>Header Files</Filter>
    </ClInclude>
    <ClInclude Include="Class093.h">
      <Filter>Header Files</Filter>
    </ClInclude>
    <ClInclude Include="Class094.h">
      <Filter>Header Files</Filter>
    </ClInclude>
    <ClInclude Include="Class095.h">
      <Filter>Header Files</Filter>
    </ClInclude>
    <ClInclude Include="Class096.h">
      <Filter>Header Files</Filter>
    </ClInclude>
    <ClInclude Include="Class097.h">
      <Filter>Header Files</Filter>
    </ClInclude>
    <ClInclude Include="Class098.h">
      <Filter>Header Files</Filter>
    </ClInclude>
    <ClInclude Include="Class099.h">
      <Filter>Header Files</Filter>
    </ClInclude>
    <ClInclude Include="Class100.h">
      <Filter>Header Files</Filter>
    </ClInclude>
    <ClInclude Include="Class101.h">
      <Filter>Header Files</Filter>
    </ClInclude>
    <ClInclude Include="Class102.h">
      <Filter>Header Files</Filter>
    </ClInclude>
    <ClInclude Include="Class103.h">
      <Filter>Header Files</Filter>
    </ClInclude>
    <ClInclude Include="Class104.h">
      <Filter>Header Files</Filter>
    </ClInclude>
    <ClInclude Include="Class105.h">
      <Filter>Header Files</Filter>
    </ClInclude>
    <ClInclude Include="Class106.h">
      <Filter>Header Files</Filter>
    </ClInclude>
    <ClInclude Include="Class107.h">
      <Filter>Header Files</Filter>
    </ClInclude>
    <ClInclude Include="Class108.h">
      <Filter>Header Files</Filter>
    </ClInclude>
    <ClInclude Include="Class109.h">
      <Filter>Header Files</Filter>
    </ClInclude>
    <ClInclude Include="Class110.h">
      <Filter>Header Files</Filter>
    </ClInclude>
    <ClInclude Include="Class111.h">
      <Filter>Header Files</Filter>
    </ClInclude>
    <ClInclude Include="Class112.h">
      <Filter>Header Files</Filter>
    </ClInclude>
    <ClInclude Include="Class113.h">
      <Filter>Header Files</Filter>
    </ClInclude>
    <ClInclude Include="Class114.h">
      <Filter>Header Files</Filter>
    </ClInclude>
    <ClInclude Include="Class115.h">
      <Filter>Header Files</Filter>
    </ClInclude>
    <ClInclude Include="Class116.h">
      <Filter>Header Files</Filter>
    </ClInclude>
    <ClInclude Include="Class117.h">
      <Filter>Header Files</Filter>
    </ClInclude>
    <ClInclude Include="Class118.h">
      <Filter>Header Files</Filter>
    </ClInclude>
    <ClInclude Include="Class119.h">
      <Filter>Header Files</Filter>
    </ClInclude>
    <ClInclude Include="Class120.h">
      <Filter>Header Files</Filter>
    </ClInclude>
    <ClInclude Include="Class121.h">
      <Filter>Header Files</Filter>
    </ClInclude>
    <ClInclude Include="Class122.h">
      <Filter>Header Files</Filter>
    </ClInclude>
    <ClInclude Include="Class123.h">
      <Filter>Header Files</Filter>
    </ClInclude>
    <ClInclude Include="Class124.h">
      <Filter>Header Files</Filter>
    </ClInclude>
    <ClInclude Include="Class125.h">
      <Filter>Header Files</Filter>
    </ClInclude>
    <ClInclude Include="Class126.h">
      <Filter>Header Files</Filter>
    </ClInclude>
    <ClInclude Include="Class127.h">
      <Filter>Header Files</Filter>
    </ClInclude>
    <ClInclude Include="Class128.h">
      <Filter>Header Files</Filter>
    </ClInclude>
    <ClInclude Include="Class129.h">
      <Filter>Header Files</Filter>
    </ClInclude>
    <ClInclude Include="Class130.h">
      <Filter>Header Files</Filter>
    </ClInclude>
    <ClInclude Include="Class131.h">
      <Filter>Header Files</Filter>
    </ClInclude>
    <ClInclude Include="Class132.h">
      <Filter>Header Files</Filter>
    </ClInclude>
    <ClInclude Include="Class133.h">
      <Filter>Header Files</Filter>
    </ClInclude>
    <ClInclude Include="Class134.h">
      <Filter>Header Files</Filter>
    </ClInclude>
    <ClInclude Include="Class135.h">
      <Filter>Header Files</Filter>
    </ClInclude>
    <ClInclude Include="Class136.h">
      <Filter>Header Files</Filter>
    </ClInclude>
    <ClInclude Include="Class137.h">
      <Filter>Header Files</Filter>
    </ClInclude>
    <ClInclude Include="Class138.h">
      <Filter>Header Files</Filter>
    </ClInclude>
    <ClInclude Include="Class139.h">
      <Filter>Header Files</Filter>
    </ClInclude>
    <ClInclude Include="Class140.h">
      <Filter>Header Files</Filter>
    </ClInclude>
    <ClInclude Include="Class141.h">
      <Filter>Header Files</Filter>
    </ClInclude>
    <ClInclude Include="Class142.h">
      <Filter>Header Files</Filter>
    </ClInclude>
    <ClInclude Include="Class143.h">
      <Filter>Header Files</Filter>
    </ClInclude>
    <ClInclude Include="Class144.h">
      <Filter>Header Files</Filter>
    </ClInclude>
    <ClInclude Include="Class145.h">
      <Filter>Header Files</Filter>
    </ClInclude>
    <ClInclude Include="Class146.h">
      <Filter>Header Files</Filter>
    </ClInclude>
    <ClInclude Include="Class147.h">
      <Filter>Header Files</Filter>
    </ClInclude>
    <ClInclude Include="Class148.h">
      <Filter>Header Files</Filter>
    </ClInclude>
    <ClInclude Include="Class149.h">
      <Filter>Header Files</Filter>
    </ClInclude>
    <ClInclude Include="Class150.h">
      <Filter>Header Files</Filter>
    </ClInclude>
    <ClInclude Include="Class151.h">
      <Filter>Header Files</Filter>
    </ClInclude>
    <ClInclude Include="Class152.h">
      <Filter>Header Files</Filter>
    </ClInclude>
    <ClInclude Include="Class153.h">
      <Filter>Header Files</Filter>
    </ClInclude>
    <ClInclude Include="Class154.h">
      <Filter>Header Files</Filter>
    </ClInclude>
    <ClInclude Include="Class155.h">
      <Filter>Header Files</Filter>
    </ClInclude>
    <ClInclude Include="Class156.h">
      <Filter>Header Files</Filter>
    </ClInclude>
    <ClInclude Include="Class157.h">
      <Filter>Header Files</Filter>
    </ClInclude>
    <ClInclude Include="Class158.h">
      <Filter>Header Files</Filter>
    </ClInclude>
    <ClInclude Include="Class159.h">
      <Filter>Header Files</Filter>
    </ClInclude>
    <ClInclude Include="Class160.h">
      <Filter>Header Files</Filter>
    </ClInclude>
    <ClInclude Include="Class161.h">
      <Filter>Header Files</Filter>
    </ClInclude>
    <ClInclude Include="Class162.h">
      <Filter>Header Files</Filter>
    </ClInclude>
    <ClInclude Include="Class163.h">
      <Filter>Header Files</Filter>
    </ClInclude>
    <ClInclude Include="Class164.h">
      <Filter>Header Files</Filter>
    </ClInclude>
    <ClInclude Include="Class165.h">
      <Filter>Header Files</Filter>
    </ClInclude>
    <ClInclude Include="Class166.h">
      <Filter>Header Files</Filter>
    </ClInclude>
    <ClInclude Include="Class167.h">
      <Filter>Header Files</Filter>
    </ClInclude>
    <ClInclude Include="Class168.h">
      <Filter>Header Files</Filter>
    </ClInclude>
    <ClInclude Include="Class169.h">
      <Filter>Header Files</Filter>
    </ClInclude>
    <ClInclude Include="Class170.h">
      <Filter>Header Files</Filter>
    </ClInclude>
    <ClInclude Include="Class171.h">
      <Filter>Header Files</Filter>
    </ClInclude>
    <ClInclude Include="Class172.h">
      <Filter>Header Files</Filter>
    </ClInclude>
    <ClInclude Include="Class173.h">
      <Filter>Header Files</Filter>
    </ClInclude>
    <ClInclude Include="Class174.h">
      <Filter>Header Files</Filter>
    </ClInclude>
    <ClInclude Include="Class175.h">
      <Filter>Header Files</Filter>
    </ClInclude>
    <ClInclude Include="Class176.h">
      <Filter>Header Files</Filter>
    </ClInclude>
    <ClInclude Include="Class177.h">
      <Filter>Header Files</Filter>
    </ClInclude>
    <ClInclude Include="Class178.h">
      <Filter>Header Files</Filter>
    </ClInclude>
    <ClInclude Include="Class179.h">
      <Filter>Header Files</Filter>
    </ClInclude>
    <ClInclude Include="Class180.h">
      <Filter>Header Files</Filter>
    </ClInclude>
    <ClInclude Include="Class181.h">
      <Filter>Header Files</Filter>
    </ClInclude>
    <ClInclude Include="Class182.h">
      <Filter>Header Files</Filter>
    </ClInclude>
    <ClInclude Include="Class183.h">
      <Filter>Header Files</Filter>
    </ClInclude>
    <ClInclude Include="Class184.h">
      <Filter>Header Files</Filter>
    </ClInclude>
    <ClInclude Include="Class185.h">
      <Filter>Header Files</Filter>
    </ClInclude>
    <ClInclude Include="Class186.h">
      <Filter>Header Files</Filter>
    </ClInclude>
    <ClInclude Include="Class187.h">
      <Filter>Header Files</Filter>
    </ClInclude>
    <ClInclude Include="Class188.h">
      <Filter>Header Files</Filter>
    </ClInclude>
    <ClInclude Include="Class189.h">
      <Filter>Header Files</Filter>
    </ClInclude>
    <ClInclude Include="Class190.h">
      <Filter>Header Files</Filter>
    </ClInclude>
    <ClInclude Include="Class191.h">
      <Filter>Header Files</Filter>
    </ClInclude>
    <ClInclude Include="Class192.h">
      <Filter>Header Files</Filter>
    </ClInclude>
    <ClInclude Include="Class193.h">
      <Filter>Header Files</Filter>
    </ClInclude>
    <ClInclude Include="Class194.h">
      <Filter>Header Files</Filter>
    </ClInclude>
    <ClInclude Include="Class195.h">
      <Filter>Header Files</Filter>
    </ClInclude>
    <ClInclude Include="Class196.h">
      <Filter>Header Files</Filter>
    </ClInclude>
    <ClInclude Include="Class197.h">
      <Filter>Header Files</Filter>
    </ClInclude>
    <ClInclude Include="Class198.h">
      <Filter>Header Files</Filter>
    </ClInclude>
    <ClInclude Include="Class199.h">
      <Filter>Header Files</Filter>
    </ClInclude>
    <ClInclude Include="Class200.h">
      <Filter>Header Files</Filter>
    </ClInclude>
    <ClInclude Include="Class201.h">
      <Filter>Header Files</Filter>
    </ClInclude>
    <ClInclude Include="Class202.h">
      <Filter>Header Files</Filter>
    </ClInclude>
    <ClInclude Include="Class203.h">
      <Filter>Header Files</Filter>
    </ClInclude>
    <ClInclude Include="Class204.h">
      <Filter>Header Files</Filter>
    </ClInclude>
    <ClInclude Include="Class205.h">
      <Filter>Header Files</Filter>
    </ClInclude>
    <ClInclude Include="Class206.h">
      <Filter>Header Files</Filter>
    </ClInclude>
    <ClInclude Include="Class207.h">
      <Filter>Header Files</Filter>
    </ClInclude>
    <ClInclude Include="Class208.h">
      <Filter>Header Files</Filter>
    </ClInclude>
    <ClInclude Include="Class209.h">
      <Filter>Header Files</Filter>
    </ClInclude>
    <ClInclude Include="Class210.h">
      <Filter>Header Files</Filter>
    </ClInclude>
    <ClInclude Include="Class211.h">
      <Filter>Header Files</Filter>
    </ClInclude>
    <ClInclude Include="Class212.h">
      <Filter>Header Files</Filter>
    </ClInclude>
    <ClInclude Include="Class213.h">
      <Filter>Header Files</Filter>
    </ClInclude>
    <ClInclude Include="Class214.h">
      <Filter>Header Files</Filter>
    </ClInclude>
    <ClInclude Include="Class215.h">
      <Filter>Header Files</Filter>
    </ClInclude>
    <ClInclude Include="Class216.h">
      <Filter>Header Files</Filter>
    </ClInclude>
    <ClInclude Include="Class217.h">
      <Filter>Header Files</Filter>
    </ClInclude>
    <ClInclude Include="Class218.h">
      <Filter>Header Files</Filter>
    </ClInclude>
    <ClInclude Include="Class219.h">
      <Filter>Header Files</Filter>
    </ClInclude>
    <ClInclude Include="Class220.h">
      <Filter>Header Files</Filter>
    </ClInclude>
    <ClInclude Include="Class221.h">
      <Filter>Header Files</Filter>
    </ClInclude>
    <ClInclude Include="Class222.h">
      <Filter>Header Files</Filter>
    </ClInclude>
    <ClInclude Include="Class223.h">
      <Filter>Header Files</Filter>
    </ClInclude>
    <ClInclude Include="Class224.h">
      <Filter>Header Files</Filter>
    </ClInclude>
    <ClInclude Include="Class225.h">
      <Filter>Header Files</Filter>
    </ClInclude>
    <ClInclude Include="Class226.h">
      <Filter>Header Files</Filter>
    </ClInclude>
    <ClInclude Include="Class227.h">
      <Filter>Header Files</Filter>
    </ClInclude>
    <ClInclude Include="Class228.h">
      <Filter>Header Files</Filter>
    </ClInclude>
    <ClInclude Include="Class229.h">
      <Filter>Header Files</Filter>
    </ClInclude>
    <ClInclude Include="Class230.h">
      <Filter>Header Files</Filter>
    </ClInclude>
    <ClInclude Include="Class231.h">
      <Filter>Header Files</Filter>
    </ClInclude>
    <ClInclude Include="Class232.h">
      <Filter>Header Files</Filter>
    </ClInclude>
    <ClInclude Include="Class233.h">
      <Filter>Header Files</Filter>
    </ClInclude>
    <ClInclude Include="Class234.h">
      <Filter>Header Files</Filter>
    </ClInclude>
    <ClInclude Include="Class235.h">
      <Filter>Header Files</Filter>
    </ClInclude>
    <ClInclude Include="Class236.h">
      <Filter>Header Files</Filter>
    </ClInclude>
    <ClInclude Include="Class237.h">
      <Filter>Header Files</Filter>
    </ClInclude>
    <ClInclude Include="Class238.h">
      <Filter>Header Files</Filter>
    </ClInclude>
    <ClInclude Include="Class239.h">
      <Filter>Header Files</Filter>
    </ClInclude>
    <ClInclude Include="Class240.h">
      <Filter>Header Files</Filter>
    </ClInclude>
    <ClInclude Include="Class241.h">
      <Filter>Header Files</Filter>
    </ClInclude>
    <ClInclude Include="Class242.h">
      <Filter>Header Files</Filter>
    </ClInclude>
    <ClInclude Include="Class243.h">
      <Filter>Header Files</Filter>
    </ClInclude>
    <ClInclude Include="Class244.h">
      <Filter>Header Files</Filter>
    </ClInclude>
    <ClInclude Include="Class245.h">
      <Filter>Header Files</Filter>
    </ClInclude>
    <ClInclude Include="Class246.h">
      <Filter>Header Files</Filter>
    </ClInclude>
    <ClInclude Include="Class247.h">
      <Filter>Header Files</Filter>
    </ClInclude>
    <ClInclude Include="Class248.h">
      <Filter>Header Files</Filter>
    </ClInclude>
    <ClInclude Include="Class249.h">
      <Filter>Header Files</Filter>
    </ClInclude>
    <ClInclude Include="Class250.h">
      <Filter>Header Files</Filter>
    </ClInclude>
    <ClInclude Include="Class251.h">
      <Filter>Header Files</Filter>
    </ClInclude>
    <ClInclude Include="Class252.h">
      <Filter>Header Files</Filter>
    </ClInclude>
    <ClInclude Include="Class253.h">
      <Filter>Header Files</Filter>
    </ClInclude>
    <ClInclude Include="Class254.h">
      <Filter>Header Files</Filter>
    </ClInclude>
    <ClInclude Include="Class255.h">
      <Filter>Header Files</Filter>
    </ClInclude>
    <ClInclude Include="Class256.h">
      <Filter>Header Files</Filter>
    </ClInclude>
    <ClInclude Include="Class257.h">
      <Filter>Header Files</Filter>
    </ClInclude>
    <ClInclude Include="Class258.h">
      <Filter>Header Files</Filter>
    </ClInclude>
    <ClInclude Include="Class259.h">
      <Filter>Header Files</Filter>
    </ClInclude>
    <ClInclude Include="Class260.h">
      <Filter>Header Files</Filter>
    </ClInclude>
    <ClInclude Include="Class261.h">
      <Filter>Header Files</Filter>
    </ClInclude>
    <ClInclude Include="Class262.h">
      <Filter>Header Files</Filter>
    </ClInclude>
    <ClInclude Include="Class263.h">
      <Filter>Header Files</Filter>
    </ClInclude>
    <ClInclude Include="Class264.h">
      <Filter>Header Files</Filter>
    </ClInclude>
    <ClInclude Include="Class265.h">
      <Filter>Header Files</Filter>
    </ClInclude>
    <ClInclude Include="Class266.h">
      <Filter>Header Files</Filter>
    </ClInclude>
    <ClInclude Include="Class267.h">
      <Filter>Header Files</Filter>
    </ClInclude>
    <ClInclude Include="Class268.h">
      <Filter>Header Files</Filter>
    </ClInclude>
    <ClInclude Include="Class269.h">
      <Filter>Header Files</Filter>
    </ClInclude>
    <ClInclude Include="Class270.h">
      <Filter>Header Files</Filter>
    </ClInclude>
    <ClInclude Include="Class271.h">
      <Filter>Header Files</Filter>
    </ClInclude>
    <ClInclude Include="Class272.h">
      <Filter>Header Files</Filter>
    </ClInclude>
    <ClInclude Include="Class273.h">
      <Filter>Header Files</Filter>
    </ClInclude>
    <ClInclude Include="Class274.h">
      <Filter>Header Files</Filter>
    </ClInclude>
    <ClInclude Include="Class275.h">
      <Filter>Header Files</Filter>
    </ClInclude>
    <ClInclude Include="Class276.h">
      <Filter>Header Files</Filter>
    </ClInclude>
    <ClInclude Include="Class277.h">
      <Filter>Header Files</Filter>
    </ClInclude>
    <ClInclude Include="Class278.h">
      <Filter>Header Files</Filter>
    </ClInclude>
    <ClInclude Include="Class279.h">
      <Filter>Header Files</Filter>
    </ClInclude>
    <ClInclude Include="Class280.h">
      <Filter>Header Files</Filter>
    </ClInclude>
    <ClInclude Include="Class281.h">
      <Filter>Header Files</Filter>
    </ClInclude>
    <ClInclude Include="Class282.h">
      <Filter>Header Files</Filter>
    </ClInclude>
    <ClInclude Include="Class283.h">
      <Filter>Header Files</Filter>
    </ClInclude>
    <ClInclude Include="Class284.h">
      <Filter>Header Files</Filter>
    </ClInclude>
    <ClInclude Include="Class285.h">
      <Filter>Header Files</Filter>
    </ClInclude>
    <ClInclude Include="Class286.h">
      <Filter>Header Files</Filter>
    </ClInclude>
    <ClInclude Include="Class287.h">
      <Filter>Header Files</Filter>
    </ClInclude>
    <ClInclude Include="Class288.h">
      <Filter>Header Files</Filter>
    </ClInclude>
    <ClInclude Include="Class289.h">
      <Filter>Header Files</Filter>
    </ClInclude>
    <ClInclude Include="Class290.h">
      <Filter>Header Files</Filter>
    </ClInclude>
    <ClInclude Include="Class291.h">
      <Filter>Header Files</Filter>
    </ClInclude>
    <ClInclude Include="Class292.h">
      <Filter>Header Files</Filter>
    </ClInclude>
    <ClInclude Include="Class293.h">
      <Filter>Header Files</Filter>
    </ClInclude>
    <ClInclude Include="Class294.h">
      <Filter>Header Files</Filter>
    </ClInclude>
    <ClInclude Include="Class295.h">
      <Filter>Header Files</Filter>
    </ClInclude>
    <ClInclude Include="Class296.h">
      <Filter>Header Files</Filter>
    </ClInclude>
    <ClInclude Include="Class297.h">
      <Filter>Header Files</Filter>
    </ClInclude>
    <ClInclude Include="Class298.h">
      <Filter>Header Files</Filter>
    </ClInclude>
    <ClInclude Include="Class299.h">
      <Filter>Header Files</Filter>
    </ClInclude>
    <ClInclude Include="Class300.h">
      <Filter>Header Files</Filter>
    </ClInclude>
    <ClInclude Include="Class301.h">
      <Filter>Header Files</Filter>
    </ClInclude>
    <ClInclude Include="Class302.h">
      <Filter>Header Files</Filter>
    </ClInclude>
    <ClInclude Include="Class303.h">
      <Filter>Header Files</Filter>
    </ClInclude>
    <ClInclude Include="Class304.h">
      <Filter>Header Files</Filter>
    </ClInclude>
    <ClInclude Include="Class305.h">
      <Filter>Header Files</Filter>
    </ClInclude>
    <ClInclude Include="Class306.h">
      <Filter>Header Files</Filter>
    </ClInclude>
    <ClInclude Include="Class307.h">
      <Filter>Header Files</Filter>
    </ClInclude>
    <ClInclude Include="Class308.h">
      <Filter>Header Files</Filter>
    </ClInclude>
    <ClInclude Include="Class309.h">
      <Filter>Header Files</Filter>
    </ClInclude>
    <ClInclude Include="Class310.h">
      <Filter>Header Files</Filter>
    </ClInclude>
    <ClInclude Include="Class311.h">
      <Filter>Header Files</Filter>
    </ClInclude>
    <ClInclude Include="Class312.h">
      <Filter>Header Files</Filter>
    </ClInclude>
    <ClInclude Include="Class313.h">
      <Filter>Header Files</Filter>
    </ClInclude>
    <ClInclude Include="Class314.h">
      <Filter>Header Files</Filter>
    </ClInclude>
    <ClInclude Include="Class315.h">
      <Filter>Header Files</Filter>
    </ClInclude>
    <ClInclude Include="Class316.h">
      <Filter>Header Files</Filter>
    </ClInclude>
    <ClInclude Include="Class317.h">
      <Filter>Header Files</Filter>
    </ClInclude>
    <ClInclude Include="Class318.h">
      <Filter>Header Files</Filter>
    </ClInclude>
    <ClInclude Include="Class319.h">
      <Filter>Header Files</Filter>
    </ClInclude>
    <ClInclude Include="Class320.h">
      <Filter>Header Files</Filter>
    </ClInclude>
    <ClInclude Include="Class321.h">
      <Filter>Header Files</Filter>
    </ClInclude>
    <ClInclude Include="Class322.h">
      <Filter>Header Files</Filter>
    </ClInclude>
    <ClInclude Include="Class323.h">
      <Filter>Header Files</Filter>
    </ClInclude>
    <ClInclude Include="Class324.h">
      <Filter>Header Files</Filter>
    </ClInclude>
    <ClInclude Include="Class325.h">
      <Filter>Header Files</Filter>
    </ClInclude>
    <ClInclude Include="Class326.h">
      <Filter>Header Files</Filter>
    </ClInclude>
    <ClInclude Include="Class327.h">
      <Filter>Header Files</Filter>
    </ClInclude>
    <ClInclude Include="Class328.h">
      <Filter>Header Files</Filter>
    </ClInclude>
    <ClInclude Include="Class329.h">
      <Filter>Header Files</Filter>
    </ClInclude>
    <ClInclude Include="Class330.h">
      <Filter>Header Files</Filter>
    </ClInclude>
    <ClInclude Include="Class331.h">
      <Filter>Header Files</Filter>
    </ClInclude>
    <ClInclude Include="Class332.h">
      <Filter>Header Files</Filter>
    </ClInclude>
    <ClInclude Include="Class333.h">
      <Filter>Header Files</Filter>
    </ClInclude>
    <ClInclude Include="Class334.h">
      <Filter>Header Files</Filter>
    </ClInclude>
    <ClInclude Include="Class335.h">
      <Filter>Header Files</Filter>
    </ClInclude>
    <ClInclude Include="Class336.h">
      <Filter>Header Files</Filter>
    </ClInclude>
    <ClInclude Include="Class337.h">
      <Filter>Header Files</Filter>
    </ClInclude>
    <ClInclude Include="Class338.h">
      <Filter>Header Files</Filter>
    </ClInclude>
    <ClInclude Include="Class339.h">
      <Filter>Header Files</Filter>
    </ClInclude>
    <ClInclude Include="Class340.h">
      <Filter>Header Files</Filter>
    </ClInclude>
    <ClInclude Include="Class341.h">
      <Filter>Header Files</Filter>
    </ClInclude>
    <ClInclude Include="Class342.h">
      <Filter>Header Files</Filter>
    </ClInclude>
    <ClInclude Include="Class343.h">
      <Filter>Header Files</Filter>
    </ClInclude>
    <ClInclude Include="Class344.h">
      <Filter>Header Files</Filter>
    </ClInclude>
    <ClInclude Include="Class345.h">
      <Filter>Header Files</Filter>
    </ClInclude>
    <ClInclude Include="Class346.h">
      <Filter>Header Files</Filter>
    </ClInclude>
    <ClInclude Include="Class347.h">
      <Filter>Header Files</Filter>
    </ClInclude>
    <ClInclude Include="Class348.h">
      <Filter>Header Files</Filter>
    </ClInclude>
    <ClInclude Include="Class349.h">
      <Filter>Header Files</Filter>
    </ClInclude>
    <ClInclude Include="Class350.h">
      <Filter>Header Files</Filter>
    </ClInclude>
    <ClInclude Include="Class351.h">
      <Filter>Header Files</Filter>
    </ClInclude>
    <ClInclude Include="Class352.h">
      <Filter>Header Files</Filter>
    </ClInclude>
    <ClInclude Include="Class353.h">
      <Filter>Header Files</Filter>
    </ClInclude>
    <ClInclude Include="Class354.h">
      <Filter>Header Files</Filter>
    </ClInclude>
    <ClInclude Include="Class355.h">
      <Filter>Header Files</Filter>
    </ClInclude>
    <ClInclude Include="Class356.h">
      <Filter>Header Files</Filter>
    </ClInclude>
    <ClInclude Include="Class357.h">
      <Filter>Header Files</Filter>
    </ClInclude>
    <ClInclude Include="Class358.h">
      <Filter>Header Files</Filter>
    </ClInclude>
    <ClInclude Include="Class359.h">
      <Filter>Header Files</Filter>
    </ClInclude>
    <ClInclude Include="Class360.h">
      <Filter>Header Files</Filter>
    </ClInclude>
    <ClInclude Include="Class361.h">
      <Filter>Header Files</Filter>
    </ClInclude>
    <ClInclude Include="Class362.h">
      <Filter>Header Files</Filter>
    </ClInclude>
    <ClInclude Include="Class363.h">
      <Filter>Header Files</Filter>
    </ClInclude>
    <ClInclude Include="Class364.h">
      <Filter>Header Files</Filter>
    </ClInclude>
    <ClInclude Include="Class365.h">
      <Filter>Header Files</Filter>
    </ClInclude>
    <ClInclude Include="Class366.h">
      <Filter>Header Files</Filter>
    </ClInclude>
    <ClInclude Include="Class367.h">
      <Filter>Header Files</Filter>
    </ClInclude>
    <ClInclude Include="Class368.h">
      <Filter>Header Files</Filter>
    </ClInclude>
    <ClInclude Include="Class369.h">
      <Filter>Header Files</Filter>
    </ClInclude>
    <ClInclude Include="Class370.h">
      <Filter>Header Files</Filter>
    </ClInclude>
    <ClInclude Include="Class371.h">
      <Filter>Header Files</Filter>
    </ClInclude>
    <ClInclude Include="Class372.h">
      <Filter>Header Files</Filter>
    </ClInclude>
    <ClInclude Include="Class373.h">
      <Filter>Header Files</Filter>
    </ClInclude>
    <ClInclude Include="Class374.h">
      <Filter>Header Files</Filter>
    </ClInclude>
    <ClInclude Include="Class375.h">
      <Filter>Header Files</Filter>
    </ClInclude>
    <ClInclude Include="Class376.h">
      <Filter>Header Files</Filter>
    </ClInclude>
    <ClInclude Include="Class377.h">
      <Filter>Header Files</Filter>
    </ClInclude>
    <ClInclude Include="Class378.h">
      <Filter>Header Files</Filter>
    </ClInclude>
    <ClInclude Include="Class379.h">
      <Filter>Header Files</Filter>
    </ClInclude>
    <ClInclude Include="Class380.h">
      <Filter>Header Files</Filter>
    </ClInclude>
    <ClInclude Include="Class381.h">
      <Filter>Header Files</Filter>
    </ClInclude>
    <ClInclude Include="Class382.h">
      <Filter>Header Files</Filter>
    </ClInclude>
    <ClInclude Include="Class383.h">
      <Filter>Header Files</Filter>
    </ClInclude>
    <ClInclude Include="Class384.h">
      <Filter>Header Files</Filter>
    </ClInclude>
    <ClInclude Include="Class385.h">
      <Filter>Header Files</Filter>
    </ClInclude>
    <ClInclude Include="Class386.h">
      <Filter>Header Files</Filter>
    </ClInclude>
    <ClInclude Include="Class387.h">
      <Filter>Header Files</Filter>
    </ClInclude>
    <ClInclude Include="Class388.h">
      <Filter>Header Files</Filter>
    </ClInclude>
    <ClInclude Include="Class389.h">
      <Filter>Header Files</Filter>
    </ClInclude>
    <ClInclude Include="Class390.h">
      <Filter>Header Files</Filter>
    </ClInclude>
    <ClInclude Include="Class391.h">
      <Filter>Header Files</Filter>
    </ClInclude>
    <ClInclude Include="Class392.h">
      <Filter>Header Files</Filter>
    </ClInclude>
    <ClInclude Include="Class393.h">
      <Filter>Header Files</Filter>
    </ClInclude>
    <ClInclude Include="Class394.h">
      <Filter>Header Files</Filter>
    </ClInclude>
    <ClInclude Include="Class395.h">
      <Filter>Header Files</Filter>
    </ClInclude>
    <ClInclude Include="Class396.h">
      <Filter>Header Files</Filter>
    </ClInclude>
    <ClInclude Include="Class397.h">
      <Filter>Header Files</Filter>
    </ClInclude>
    <ClInclude Include="Class398.h">
      <Filter>Header Files</Filter>
    </ClInclude>
    <ClInclude Include="Class399.h">
      <Filter>Header Files</Filter>
    </ClInclude>
    <ClInclude Include="Class400.h">
      <Filter>Header Files</Filter>
    </ClInclude>
    <ClInclude Include="Class401.h">
      <Filter>Header Files</Filter>
    </ClInclude>
    <ClInclude Include="Class402.h">
      <Filter>Header Files</Filter>
    </ClInclude>
    <ClInclude Include="Class403.h">
      <Filter>Header Files</Filter>
    </ClInclude>
    <ClInclude Include="Class404.h">
      <Filter>Header Files</Filter>
    </ClInclude>
    <ClInclude Include="Class405.h">
      <Filter>Header Files</Filter>
    </ClInclude>
    <ClInclude Include="Class406.h">
      <Filter>Header Files</Filter>
    </ClInclude>
    <ClInclude Include="Class407.h">
      <Filter>Header Files</Filter>
    </ClInclude>
    <ClInclude Include="Class408.h">
      <Filter>Header Files</Filter>
    </ClInclude>
    <ClInclude Include="Class409.h">
      <Filter>Header Files</Filter>
    </ClInclude>
    <ClInclude Include="Class410.h">
      <Filter>Header Files</Filter>
    </ClInclude>
    <ClInclude Include="Class411.h">
      <Filter>Header Files</Filter>
    </ClInclude>
    <ClInclude Include="Class412.h">
      <Filter>Header Files</Filter>
    </ClInclude>
    <ClInclude Include="Class413.h">
      <Filter>Header Files</Filter>
    </ClInclude>
    <ClInclude Include="Class414.h">
      <Filter>Header Files</Filter>
    </ClInclude>
    <ClInclude Include="Class415.h">
      <Filter>Header Files</Filter>
    </ClInclude>
    <ClInclude Include="Class416.h">
      <Filter>Header Files</Filter>
    </ClInclude>
    <ClInclude Include="Class417.h">
      <Filter>Header Files</Filter>
    </ClInclude>
    <ClInclude Include="Class418.h">
      <Filter>Header Files</Filter>
    </ClInclude>
    <ClInclude Include="Class419.h">
      <Filter>Header Files</Filter>
    </ClInclude>
    <ClInclude Include="Class420.h">
      <Filter>Header Files</Filter>
    </ClInclude>
    <ClInclude Include="Class421.h">
      <Filter>Header Files</Filter>
    </ClInclude>
    <ClInclude Include="Class422.h">
      <Filter>Header Files</Filter>
    </ClInclude>
    <ClInclude Include="Class423.h">
      <Filter>Header Files</Filter>
    </ClInclude>
    <ClInclude Include="Class424.h">
      <Filter>Header Files</Filter>
    </ClInclude>
    <ClInclude Include="Class425.h">
      <Filter>Header Files</Filter>
    </ClInclude>
    <ClInclude Include="Class426.h">
      <Filter>Header Files</Filter>
    </ClInclude>
    <ClInclude Include="Class427.h">
      <Filter>Header Files</Filter>
    </ClInclude>
    <ClInclude Include="Class428.h">
      <Filter>Header Files</Filter>
    </ClInclude>
    <ClInclude Include="Class429.h">
      <Filter>Header Files</Filter>
    </ClInclude>
    <ClInclude Include="Class430.h">
      <Filter>Header Files</Filter>
    </ClInclude>
    <ClInclude Include="Class431.h">
      <Filter>Header Files</Filter>
    </ClInclude>
    <ClInclude Include="Class432.h">
      <Filter>Header Files</Filter>
    </ClInclude>
    <ClInclude Include="Class433.h">
      <Filter>Header Files</Filter>
    </ClInclude>
    <ClInclude Include="Class434.h">
      <Filter>Header Files</Filter>
    </ClInclude>
    <ClInclude Include="Class435.h">
      <Filter>Header Files</Filter>
    </ClInclude>
    <ClInclude Include="Class436.h">
      <Filter>Header Files</Filter>
    </ClInclude>
    <ClInclude Include="Class437.h">
      <Filter>Header Files</Filter>
    </ClInclude>
    <ClInclude Include="Class438.h">
      <Filter>Header Files</Filter>
    </ClInclude>
    <ClInclude Include="Class439.h">
      <Filter>Header Files</Filter>
    </ClInclude>
    <ClInclude Include="Class440.h">
      <Filter>Header Files</Filter>
    </ClInclude>
    <ClInclude Include="Class441.h">
      <Filter>Header Files</Filter>
    </ClInclude>
    <ClInclude Include="Class442.h">
      <Filter>Header Files</Filter>
    </ClInclude>
    <ClInclude Include="Class443.h">
      <Filter>Header Files</Filter>
    </ClInclude>
    <ClInclude Include="Class444.h">
      <Filter>Header Files</Filter>
    </ClInclude>
    <ClInclude Include="Class445.h">
      <Filter>Header Files</Filter>
    </ClInclude>
    <ClInclude Include="Class446.h">
      <Filter>Header Files</Filter>
    </ClInclude>
    <ClInclude Include="Class447.h">
      <Filter>Header Files</Filter>
    </ClInclude>
    <ClInclude Include="Class448.h">
      <Filter>Header Files</Filter>
    </ClInclude>
    <ClInclude Include="Class449.h">
      <Filter>Header Files</Filter>
    </ClInclude>
    <ClInclude Include="Class450.h">
      <Filter>Header Files</Filter>
    </ClInclude>
    <ClInclude Include="Class451.h">
      <Filter>Header Files</Filter>
    </ClInclude>
    <ClInclude Include="Class452.h">
      <Filter>Header Files</Filter>
    </ClInclude>
    <ClInclude Include="Class453.h">
      <Filter>Header Files</Filter>
    </ClInclude>
    <ClInclude Include="Class454.h">
      <Filter>Header Files</Filter>
    </ClInclude>
    <ClInclude Include="Class455.h">
      <Filter>Header Files</Filter>
    </ClInclude>
    <ClInclude Include="Class456.h">
      <Filter>Header Files</Filter>
    </ClInclude>
    <ClInclude Include="Class457.h">
      <Filter>Header Files</Filter>
    </ClInclude>
    <ClInclude Include="Class458.h">
      <Filter>Header Files</Filter>
    </ClInclude>
    <ClInclude Include="Class459.h">
      <Filter>Header Files</Filter>
    </ClInclude>
    <ClInclude Include="Class460.h">
      <Filter>Header Files</Filter>
    </ClInclude>
    <ClInclude Include="Class461.h">
      <Filter>Header Files</Filter>
    </ClInclude>
    <ClInclude Include="Class462.h">
      <Filter>Header Files</Filter>
    </ClInclude>
    <ClInclude Include="Class463.h">
      <Filter>Header Files</Filter>
    </ClInclude>
    <ClInclude Include="Class464.h">
      <Filter>Header Files</Filter>
    </ClInclude>
    <ClInclude Include="Class465.h">
      <Filter>Header Files</Filter>
    </ClInclude>
    <ClInclude Include="Class466.h">
      <Filter>Header Files</Filter>
    </ClInclude>
    <ClInclude Include="Class467.h">
      <Filter>Header Files</Filter>
    </ClInclude>
    <ClInclude Include="Class468.h">
      <Filter>Header Files</Filter>
    </ClInclude>
    <ClInclude Include="Class469.h">
      <Filter>Header Files</Filter>
    </ClInclude>
    <ClInclude Include="Class470.h">
      <Filter>Header Files</Filter>
    </ClInclude>
    <ClInclude Include="Class471.h">
      <Filter>Header Files</Filter>
    </ClInclude>
    <ClInclude Include="Class472.h">
      <Filter>Header Files</Filter>
    </ClInclude>
    <ClInclude Include="Class473.h">
      <Filter>Header Files</Filter>
    </ClInclude>
    <ClInclude Include="Class474.h">
      <Filter>Header Files</Filter>
    </ClInclude>
    <ClInclude Include="Class475.h">
      <Filter>Header Files</Filter>
    </ClInclude>
    <ClInclude Include="Class476.h">
      <Filter>Header Files</Filter>
    </ClInclude>
    <ClInclude Include="Class477.h">
      <Filter>Header Files</Filter>
    </ClInclude>
    <ClInclude Include="Class478.h">
      <Filter>Header Files</Filter>
    </ClInclude>
    <ClInclude Include="Class479.h">
      <Filter>Header Files</Filter>
    </ClInclude>
    <ClInclude Include="Class480.h">
      <Filter>Header Files</Filter>
    </ClInclude>
    <ClInclude Include="Class481.h">
      <Filter>Header Files</Filter>
    </ClInclude>
    <ClInclude Include="Class482.h">
      <Filter>Header Files</Filter>
    </ClInclude>
    <ClInclude Include="Class483.h">
      <Filter>Header Files</Filter>
    </ClInclude>
    <ClInclude Include="Class484.h">
      <Filter>Header Files</Filter>
    </ClInclude>
    <ClInclude Include="Class485.h">
      <Filter>Header Files</Filter>
    </ClInclude>
    <ClInclude Include="Class486.h">
      <Filter>Header Files</Filter>
    </ClInclude>
    <ClInclude Include="Class487.h">
      <Filter>Header Files</Filter>
    </ClInclude>
    <ClInclude Include="Class488.h">
      <Filter>Header Files</Filter>
    </ClInclude>
    <ClInclude Include="Class489.h">
      <Filter>Header Files</Filter>
    </ClInclude>
    <ClInclude Include="Class490.h">
      <Filter>Header Files</Filter>
    </ClInclude>
    <ClInclude Include="Class491.h">
      <Filter>Header Files</Filter>
    </ClInclude>
    <ClInclude Include="Class492.h">
      <Filter>Header Files</Filter>
    </ClInclude>
    <ClInclude Include="Class493.h">
      <Filter>Header Files</Filter>
    </ClInclude>
    <ClInclude Include="Class494.h">
      <Filter>Header Files</Filter>
    </ClInclude>
    <ClInclude Include="Class495.h">
      <Filter>Header Files</Filter>
    </ClInclude>
    <ClInclude Include="Class496.h">
      <Filter>Header Files</Filter>
    </ClInclude>
    <ClInclude Include="Class497.h">
      <Filter>Header Files</Filter>
    </ClInclude>
    <ClInclude Include="Class498.h">
      <Filter>Header Files</Filter>
    </ClInclude>
    <ClInclude Include="Class499.h">
      <Filter>Header Files</Filter>
    </ClInclude>
    <ClInclude Include="Class500.h">
      <Filter>Header Files</Filter>
    </ClInclude>
  </ItemGroup>
</Project>